Microsoft Visual Studio Solution File, Format Version 12.00
# Visual Studio Version 16
VisualStudioVersion = 16.0.29020.237
MinimumVisualStudioVersion = 10.0.40219.1
Project("{9A19103F-16F7-4668-BE54-9A1E7A4F7556}") = "Invoice_NETCore", "Invoice_NETCore.csproj", "{D67A612D-1927-4005-804B-6E43D536D666}"
EndProject
Global
	GlobalSection(SolutionConfigurationPlatforms) = preSolution
		Debug|x86 = Debug|x86
		Release|x86 = Release|x86
	EndGlobalSection
	GlobalSection(ProjectConfigurationPlatforms) = postSolution
		{D67A612D-1927-4005-804B-6E43D536D666}.Debug|x86.ActiveCfg = Debug|Any CPU
		{D67A612D-1927-4005-804B-6E43D536D666}.Debug|x86.Build.0 = Debug|Any CPU
		{D67A612D-1927-4005-804B-6E43D536D666}.Release|x86.ActiveCfg = Release|Any CPU
		{D67A612D-1927-4005-804B-6E43D536D666}.Release|x86.Build.0 = Release|Any CPU
	EndGlobalSection
	GlobalSection(SolutionProperties) = preSolution
		HideSolutionNode = FALSE
	EndGlobalSection
	GlobalSection(ExtensibilityGlobals) = postSolution
		SolutionGuid = {0DC2945A-0E16-42AF-9CE9-C5AA0AB11325}
	EndGlobalSection
EndGlobal
