
Microsoft Visual Studio Solution File, Format Version 11.00
# Visual Studio 2010
Project("{FAE04EC0-301F-11D3-BF4B-00C04F79EFBC}") = "Circuit Diagram_2010", "Circuit Diagram_2010.csproj", "{CFD9BF80-B169-451D-92EA-71306D5A554B}"
EndProject
Global
	GlobalSection(SolutionConfigurationPlatforms) = preSolution
		Debug|Any CPU = Debug|Any CPU
		Release|Any CPU = Release|Any CPU
		Release-Xml|Any CPU = Release-Xml|Any CPU
	EndGlobalSection
	GlobalSection(ProjectConfigurationPlatforms) = postSolution
		{CFD9BF80-B169-451D-92EA-71306D5A554B}.Debug|Any CPU.ActiveCfg = Debug|Any CPU
		{CFD9BF80-B169-451D-92EA-71306D5A554B}.Debug|Any CPU.Build.0 = Debug|Any CPU
		{CFD9BF80-B169-451D-92EA-71306D5A554B}.Release|Any CPU.ActiveCfg = Release|Any CPU
		{CFD9BF80-B169-451D-92EA-71306D5A554B}.Release|Any CPU.Build.0 = Release|Any CPU
		{CFD9BF80-B169-451D-92EA-71306D5A554B}.Release-Xml|Any CPU.ActiveCfg = Release|Any CPU
		{CFD9BF80-B169-451D-92EA-71306D5A554B}.Release-Xml|Any CPU.Build.0 = Release|Any CPU
	EndGlobalSection
	GlobalSection(SolutionProperties) = preSolution
		HideSolutionNode = FALSE
	EndGlobalSection
EndGlobal
