
Microsoft Visual Studio Solution File, Format Version 12.00
# Visual Studio 15
VisualStudioVersion 15.0.26020.0
MinimumVisualStudioVersion = 10.0.40219.1
Project("{FAE04EC0-301F-11D3-BF4B-00C04F79EFBC}") = "AutoCellMergeDemo_2017", "AutoCellMergeDemo_2017.csproj", "{FBE750C3-17DF-4AD8-83B7-9F875A6B1E86}"
EndProject
Global
	GlobalSection(SolutionConfigurationPlatforms) = preSolution
		Debug|Any CPU = Debug|Any CPU
		Release|Any CPU = Release|Any CPU
		Release-XML|Any CPU = Release-XML|Any CPU
	EndGlobalSection
	GlobalSection(ProjectConfigurationPlatforms) = postSolution
		{FBE750C3-17DF-4AD8-83B7-9F875A6B1E86}.Debug|Any CPU.ActiveCfg = Debug|Any CPU
		{FBE750C3-17DF-4AD8-83B7-9F875A6B1E86}.Debug|Any CPU.Build.0 = Debug|Any CPU
		{FBE750C3-17DF-4AD8-83B7-9F875A6B1E86}.Release|Any CPU.ActiveCfg = Release|Any CPU
		{FBE750C3-17DF-4AD8-83B7-9F875A6B1E86}.Release|Any CPU.Build.0 = Release|Any CPU
		{FBE750C3-17DF-4AD8-83B7-9F875A6B1E86}.Release-XML|Any CPU.ActiveCfg = Release|Any CPU
		{FBE750C3-17DF-4AD8-83B7-9F875A6B1E86}.Release-XML|Any CPU.Build.0 = Release|Any CPU
		{D1DE6E65-3476-459F-A3B8-E9FA2E2C2134}.Debug|Any CPU.ActiveCfg = Debug|Any CPU
		{D1DE6E65-3476-459F-A3B8-E9FA2E2C2134}.Debug|Any CPU.Build.0 = Debug|Any CPU
		{D1DE6E65-3476-459F-A3B8-E9FA2E2C2134}.Release|Any CPU.ActiveCfg = Release|Any CPU
		{D1DE6E65-3476-459F-A3B8-E9FA2E2C2134}.Release|Any CPU.Build.0 = Release|Any CPU
		{D1DE6E65-3476-459F-A3B8-E9FA2E2C2134}.Release-XML|Any CPU.ActiveCfg = Release-XML|Any CPU
		{D1DE6E65-3476-459F-A3B8-E9FA2E2C2134}.Release-XML|Any CPU.Build.0 = Release-XML|Any CPU
		{B69DA0AB-B429-4897-827D-C9207594F898}.Debug|Any CPU.ActiveCfg = Debug|Any CPU
		{B69DA0AB-B429-4897-827D-C9207594F898}.Debug|Any CPU.Build.0 = Debug|Any CPU
		{B69DA0AB-B429-4897-827D-C9207594F898}.Release|Any CPU.ActiveCfg = Release|Any CPU
		{B69DA0AB-B429-4897-827D-C9207594F898}.Release|Any CPU.Build.0 = Release|Any CPU
		{B69DA0AB-B429-4897-827D-C9207594F898}.Release-XML|Any CPU.ActiveCfg = Release-XML|Any CPU
		{B69DA0AB-B429-4897-827D-C9207594F898}.Release-XML|Any CPU.Build.0 = Release-XML|Any CPU
		{ED3E0646-0396-411E-941B-8DB57427C457}.Debug|Any CPU.ActiveCfg = Debug|Any CPU
		{ED3E0646-0396-411E-941B-8DB57427C457}.Debug|Any CPU.Build.0 = Debug|Any CPU
		{ED3E0646-0396-411E-941B-8DB57427C457}.Release|Any CPU.ActiveCfg = Release|Any CPU
		{ED3E0646-0396-411E-941B-8DB57427C457}.Release|Any CPU.Build.0 = Release|Any CPU
		{ED3E0646-0396-411E-941B-8DB57427C457}.Release-XML|Any CPU.ActiveCfg = Release|Any CPU
		{ED3E0646-0396-411E-941B-8DB57427C457}.Release-XML|Any CPU.Build.0 = Release|Any CPU
	EndGlobalSection
	GlobalSection(SolutionProperties) = preSolution
		HideSolutionNode = FALSE
	EndGlobalSection
EndGlobal
