
Microsoft Visual Studio Solution File, Format Version 12.00
# Visual Studio 2013
Project("{FAE04EC0-301F-11D3-BF4B-00C04F79EFBC}") = "AppointmentCustomization_2013", "AppointmentCustomization_2013.csproj", "{51E3C8E4-3EE8-4F1B-8792-11CB7F8CA94B}"
EndProject
Global
	GlobalSection(SolutionConfigurationPlatforms) = preSolution
		Debug|Any CPU = Debug|Any CPU
		Release|Any CPU = Release|Any CPU
	EndGlobalSection
	GlobalSection(ProjectConfigurationPlatforms) = postSolution
		{51E3C8E4-3EE8-4F1B-8792-11CB7F8CA94B}.Debug|Any CPU.ActiveCfg = Debug|Any CPU
		{51E3C8E4-3EE8-4F1B-8792-11CB7F8CA94B}.Debug|Any CPU.Build.0 = Debug|Any CPU
		{51E3C8E4-3EE8-4F1B-8792-11CB7F8CA94B}.Release|Any CPU.ActiveCfg = Release|Any CPU
		{51E3C8E4-3EE8-4F1B-8792-11CB7F8CA94B}.Release|Any CPU.Build.0 = Release|Any CPU
	EndGlobalSection
	GlobalSection(SolutionProperties) = preSolution
		HideSolutionNode = FALSE
	EndGlobalSection
	GlobalSection(ExtensibilityGlobals) = postSolution
		SolutionGuid = {8F987141-9D4E-431D-A07D-9ED588F1FB0F}
	EndGlobalSection
EndGlobal
