
Microsoft Visual Studio Solution File, Format Version 11.00
# Visual Studio 2010
Project("{FAE04EC0-301F-11D3-BF4B-00C04F79EFBC}") = "FileExplorer_2010", "FileExplorer_2010.csproj", "{5A037EC2-46BF-432B-946F-AF25EC7A02BA}"
EndProject
Global
	GlobalSection(SolutionConfigurationPlatforms) = preSolution
		Debug|Any CPU = Debug|Any CPU
		Release|Any CPU = Release|Any CPU
	EndGlobalSection
	GlobalSection(ProjectConfigurationPlatforms) = postSolution
		{5A037EC2-46BF-432B-946F-AF25EC7A02BA}.Debug|Any CPU.ActiveCfg = Debug|Any CPU
		{5A037EC2-46BF-432B-946F-AF25EC7A02BA}.Debug|Any CPU.Build.0 = Debug|Any CPU
		{5A037EC2-46BF-432B-946F-AF25EC7A02BA}.Release|Any CPU.ActiveCfg = Release|Any CPU
		{5A037EC2-46BF-432B-946F-AF25EC7A02BA}.Release|Any CPU.Build.0 = Release|Any CPU
	EndGlobalSection
	GlobalSection(SolutionProperties) = preSolution
		HideSolutionNode = FALSE
	EndGlobalSection
EndGlobal
