
Microsoft Visual Studio Solution File, Format Version 12.00
# Visual Studio 14
Project("{FAE04EC0-301F-11D3-BF4B-00C04F79EFBC}") = "SpecialTimeRegionCustomization_2015", "SpecialTimeRegionCustomization_2015.csproj", "{45950B4D-8963-4CD2-8232-DE6F26AB94B8}"
EndProject
Global
	GlobalSection(SolutionConfigurationPlatforms) = preSolution
		Debug|Any CPU = Debug|Any CPU
		Release|Any CPU = Release|Any CPU
	EndGlobalSection
	GlobalSection(ProjectConfigurationPlatforms) = postSolution
		{45950B4D-8963-4CD2-8232-DE6F26AB94B8}.Debug|Any CPU.ActiveCfg = Debug|Any CPU
		{45950B4D-8963-4CD2-8232-DE6F26AB94B8}.Debug|Any CPU.Build.0 = Debug|Any CPU
		{45950B4D-8963-4CD2-8232-DE6F26AB94B8}.Release|Any CPU.ActiveCfg = Release|Any CPU
		{45950B4D-8963-4CD2-8232-DE6F26AB94B8}.Release|Any CPU.Build.0 = Release|Any CPU
	EndGlobalSection
	GlobalSection(SolutionProperties) = preSolution
		HideSolutionNode = FALSE
	EndGlobalSection
	GlobalSection(ExtensibilityGlobals) = postSolution
		SolutionGuid = {704A67DD-BEEF-4814-AEDA-158DBB859B07}
	EndGlobalSection
EndGlobal
