Microsoft Visual Studio Solution File, Format Version 12.00
# Visual Studio Version 16
VisualStudioVersion = 16.0.29020.237
MinimumVisualStudioVersion = 10.0.40219.1
Project("{FAE04EC0-301F-11D3-BF4B-00C04F79EFBC}") = "Hyperlinks_NETCore", "Hyperlinks_NETCore.csproj", "{EC90A203-F382-4FC8-A789-7E6DCA60CD30}"
EndProject
Global
	GlobalSection(SolutionConfigurationPlatforms) = preSolution
		Debug|Any CPU = Debug|Any CPU
		Release|Any CPU = Release|Any CPU
	EndGlobalSection
	GlobalSection(ProjectConfigurationPlatforms) = postSolution
		{EC90A203-F382-4FC8-A789-7E6DCA60CD30}.Debug|Any CPU.ActiveCfg = Debug|Any CPU
		{EC90A203-F382-4FC8-A789-7E6DCA60CD30}.Debug|Any CPU.Build.0 = Debug|Any CPU
		{EC90A203-F382-4FC8-A789-7E6DCA60CD30}.Release|Any CPU.ActiveCfg = Release|Any CPU
		{EC90A203-F382-4FC8-A789-7E6DCA60CD30}.Release|Any CPU.Build.0 = Release|Any CPU
	EndGlobalSection
	GlobalSection(SolutionProperties) = preSolution
		HideSolutionNode = FALSE
	EndGlobalSection
EndGlobal
