Microsoft Visual Studio Solution File, Format Version 12.00
# Visual Studio Version 17
VisualStudioVersion = 17.12.35323.107
MinimumVisualStudioVersion = 10.0.40219.1
Project("{FAE04EC0-301F-11D3-BF4B-00C04F79EFBC}") = "syncfusion.demoscommon.wpf_lib", "../common/syncfusion.demoscommon.wpf_lib.csproj", "{FA11BA0A-2B67-4E9B-A0BD-43E01223EB30}"
EndProject
Project("{FAE04EC0-301F-11D3-BF4B-00C04F79EFBC}") = "syncfusion.markdownviewerdemos.wpf_lib_Net80", "syncfusion.markdownviewerdemos.wpf_lib_Net80.csproj", "{6F6F0A0F-EE82-28DE-176C-9CD6FBFE2A64}"
EndProject
Global
	GlobalSection(SolutionConfigurationPlatforms) = preSolution
		Debug|Any CPU = Debug|Any CPU
		Release|Any CPU = Release|Any CPU
	EndGlobalSection
	GlobalSection(ProjectConfigurationPlatforms) = postSolution
		{FA11BA0A-2B67-4E9B-A0BD-43E01223EB30}.Debug|Any CPU.ActiveCfg = Debug|Any CPU
		{FA11BA0A-2B67-4E9B-A0BD-43E01223EB30}.Debug|Any CPU.Build.0 = Debug|Any CPU
		{FA11BA0A-2B67-4E9B-A0BD-43E01223EB30}.Release|Any CPU.ActiveCfg = Release|Any CPU
		{FA11BA0A-2B67-4E9B-A0BD-43E01223EB30}.Release|Any CPU.Build.0 = Release|Any CPU
		{6F6F0A0F-EE82-28DE-176C-9CD6FBFE2A64}.Debug|Any CPU.ActiveCfg = Debug|Any CPU
		{6F6F0A0F-EE82-28DE-176C-9CD6FBFE2A64}.Debug|Any CPU.Build.0 = Debug|Any CPU
		{6F6F0A0F-EE82-28DE-176C-9CD6FBFE2A64}.Release|Any CPU.ActiveCfg = Release|Any CPU
		{6F6F0A0F-EE82-28DE-176C-9CD6FBFE2A64}.Release|Any CPU.Build.0 = Release|Any CPU
	EndGlobalSection
	GlobalSection(SolutionProperties) = preSolution
		HideSolutionNode = FALSE
	EndGlobalSection
	GlobalSection(ExtensibilityGlobals) = postSolution
		SolutionGuid = {A900836D-FAEB-4AF1-B826-28A318FFE449}
	EndGlobalSection
EndGlobal
