Microsoft Visual Studio Solution File, Format Version 12.00
# Visual Studio Version 16
VisualStudioVersion = 16.0.29020.237
MinimumVisualStudioVersion = 10.0.40219.1
Project("{FAE04EC0-301F-11D3-BF4B-00C04F79EFBC}") = "PMMLWPFSampleBrowser_NETCore", "PMMLWPFSampleBrowser_NETCore.csproj", "{4C7873C2-817B-4CA4-97ED-FC839FFFFECC}"
EndProject
Global
	GlobalSection(SolutionConfigurationPlatforms) = preSolution
		Debug|Any CPU = Debug|Any CPU
		Debug-Xml|Any CPU = Debug-Xml|Any CPU
		Release|Any CPU = Release|Any CPU
		Release-Xml|Any CPU = Release-Xml|Any CPU
	EndGlobalSection
	GlobalSection(ProjectConfigurationPlatforms) = postSolution
		{4C7873C2-817B-4CA4-97ED-FC839FFFFECC}.Debug|Any CPU.ActiveCfg = Debug|Any CPU
		{4C7873C2-817B-4CA4-97ED-FC839FFFFECC}.Debug|Any CPU.Build.0 = Debug|Any CPU
		{4C7873C2-817B-4CA4-97ED-FC839FFFFECC}.Debug-Xml|Any CPU.ActiveCfg = Debug|Any CPU
		{4C7873C2-817B-4CA4-97ED-FC839FFFFECC}.Debug-Xml|Any CPU.Build.0 = Debug|Any CPU
		{4C7873C2-817B-4CA4-97ED-FC839FFFFECC}.Release|Any CPU.ActiveCfg = Release|Any CPU
		{4C7873C2-817B-4CA4-97ED-FC839FFFFECC}.Release|Any CPU.Build.0 = Release|Any CPU
		{4C7873C2-817B-4CA4-97ED-FC839FFFFECC}.Release-Xml|Any CPU.ActiveCfg = Release|Any CPU
		{4C7873C2-817B-4CA4-97ED-FC839FFFFECC}.Release-Xml|Any CPU.Build.0 = Release|Any CPU
	EndGlobalSection
	GlobalSection(SolutionProperties) = preSolution
		HideSolutionNode = FALSE
	EndGlobalSection
EndGlobal