
Microsoft Visual Studio Solution File, Format Version 11.00
# Visual Studio 2010
Project("{FAE04EC0-301F-11D3-BF4B-00C04F79EFBC}") = "SfBusyIndicator_2010", "SfBusyIndicator_2010.csproj", "{11195D6B-0EC3-465C-A5E6-CC2EC8906ADD}"
EndProject
Global
	GlobalSection(SolutionConfigurationPlatforms) = preSolution
		Debug|Any CPU = Debug|Any CPU
		Debug|Mixed Platforms = Debug|Mixed Platforms
		Debug|x86 = Debug|x86
		Debug-Xml|Any CPU = Debug-Xml|Any CPU
		Debug-Xml|Mixed Platforms = Debug-Xml|Mixed Platforms
		Debug-Xml|x86 = Debug-Xml|x86
		Release|Any CPU = Release|Any CPU
		Release|Mixed Platforms = Release|Mixed Platforms
		Release|x86 = Release|x86
		Release-Xml|Any CPU = Release-Xml|Any CPU
		Release-Xml|Mixed Platforms = Release-Xml|Mixed Platforms
		Release-Xml|x86 = Release-Xml|x86
	EndGlobalSection
	GlobalSection(ProjectConfigurationPlatforms) = postSolution
		{11195D6B-0EC3-465C-A5E6-CC2EC8906ADD}.Debug|Any CPU.ActiveCfg = Debug|x86
		{11195D6B-0EC3-465C-A5E6-CC2EC8906ADD}.Debug|Mixed Platforms.ActiveCfg = Debug|x86
		{11195D6B-0EC3-465C-A5E6-CC2EC8906ADD}.Debug|Mixed Platforms.Build.0 = Debug|x86
		{11195D6B-0EC3-465C-A5E6-CC2EC8906ADD}.Debug|x86.ActiveCfg = Debug|x86
		{11195D6B-0EC3-465C-A5E6-CC2EC8906ADD}.Debug|x86.Build.0 = Debug|x86
		{11195D6B-0EC3-465C-A5E6-CC2EC8906ADD}.Debug-Xml|Any CPU.ActiveCfg = Debug|x86
		{11195D6B-0EC3-465C-A5E6-CC2EC8906ADD}.Debug-Xml|Mixed Platforms.ActiveCfg = Debug|x86
		{11195D6B-0EC3-465C-A5E6-CC2EC8906ADD}.Debug-Xml|Mixed Platforms.Build.0 = Debug|x86
		{11195D6B-0EC3-465C-A5E6-CC2EC8906ADD}.Debug-Xml|x86.ActiveCfg = Debug|x86
		{11195D6B-0EC3-465C-A5E6-CC2EC8906ADD}.Debug-Xml|x86.Build.0 = Debug|x86
		{11195D6B-0EC3-465C-A5E6-CC2EC8906ADD}.Release|Any CPU.ActiveCfg = Release|x86
		{11195D6B-0EC3-465C-A5E6-CC2EC8906ADD}.Release|Mixed Platforms.ActiveCfg = Release|x86
		{11195D6B-0EC3-465C-A5E6-CC2EC8906ADD}.Release|Mixed Platforms.Build.0 = Release|x86
		{11195D6B-0EC3-465C-A5E6-CC2EC8906ADD}.Release|x86.ActiveCfg = Release|x86
		{11195D6B-0EC3-465C-A5E6-CC2EC8906ADD}.Release|x86.Build.0 = Release|x86
		{11195D6B-0EC3-465C-A5E6-CC2EC8906ADD}.Release-Xml|Any CPU.ActiveCfg = Release|x86
		{11195D6B-0EC3-465C-A5E6-CC2EC8906ADD}.Release-Xml|Mixed Platforms.ActiveCfg = Release|x86
		{11195D6B-0EC3-465C-A5E6-CC2EC8906ADD}.Release-Xml|Mixed Platforms.Build.0 = Release|x86
		{11195D6B-0EC3-465C-A5E6-CC2EC8906ADD}.Release-Xml|x86.ActiveCfg = Release|x86
		{11195D6B-0EC3-465C-A5E6-CC2EC8906ADD}.Release-Xml|x86.Build.0 = Release|x86
	EndGlobalSection
	GlobalSection(SolutionProperties) = preSolution
		HideSolutionNode = FALSE
	EndGlobalSection
EndGlobal
