
Microsoft Visual Studio Solution File, Format Version 12.00
# Visual Studio 15
VisualStudioVersion 15.0.26020.0
MinimumVisualStudioVersion = 10.0.40219.1
Project("{FAE04EC0-301F-11D3-BF4B-00C04F79EFBC}") = "HTMLToDoc_2017", "HTMLToDoc_2017.csproj", "{5AA924E6-113A-4EC9-A7C1-5CAEC052EF30}"
EndProject
Global
	GlobalSection(SolutionConfigurationPlatforms) = preSolution
		Debug|Any CPU = Debug|Any CPU
		Release|Any CPU = Release|Any CPU
	EndGlobalSection
	GlobalSection(ProjectConfigurationPlatforms) = postSolution
		{5AA924E6-113A-4EC9-A7C1-5CAEC052EF30}.Debug|Any CPU.ActiveCfg = Debug|Any CPU
		{5AA924E6-113A-4EC9-A7C1-5CAEC052EF30}.Debug|Any CPU.Build.0 = Debug|Any CPU
		{5AA924E6-113A-4EC9-A7C1-5CAEC052EF30}.Release|Any CPU.ActiveCfg = Release|Any CPU
		{5AA924E6-113A-4EC9-A7C1-5CAEC052EF30}.Release|Any CPU.Build.0 = Release|Any CPU
	EndGlobalSection
	GlobalSection(SolutionProperties) = preSolution
		HideSolutionNode = FALSE
	EndGlobalSection
EndGlobal
