
Microsoft Visual Studio Solution File, Format Version 11.00
# Visual Studio 2012
Project("{FAE04EC0-301F-11D3-BF4B-00C04F79EFBC}") = "RangeArea Chart Demo_2012", "RangeAreaChartDemo_2012.csproj", "{84FB9D42-F7BB-4ABB-AEE6-C5D44BAEC42C}"
EndProject
Global
	GlobalSection(SolutionConfigurationPlatforms) = preSolution
		Debug|Any CPU = Debug|Any CPU
		Release|Any CPU = Release|Any CPU
	EndGlobalSection
	GlobalSection(ProjectConfigurationPlatforms) = postSolution
		{84FB9D42-F7BB-4ABB-AEE6-C5D44BAEC42C}.Debug|Any CPU.ActiveCfg = Debug|Any CPU
		{84FB9D42-F7BB-4ABB-AEE6-C5D44BAEC42C}.Debug|Any CPU.Build.0 = Debug|Any CPU
		{84FB9D42-F7BB-4ABB-AEE6-C5D44BAEC42C}.Release|Any CPU.ActiveCfg = Release|Any CPU
		{84FB9D42-F7BB-4ABB-AEE6-C5D44BAEC42C}.Release|Any CPU.Build.0 = Release|Any CPU
	EndGlobalSection
	GlobalSection(SolutionProperties) = preSolution
		HideSolutionNode = FALSE
	EndGlobalSection
EndGlobal
