
Microsoft Visual Studio Solution File, Format Version 13.00
# Visual Studio 2013
Project("{FAE04EC0-301F-11D3-BF4B-00C04F79EFBC}") = "RowStyleDemo_2013", "RowStyleDemo_2013.csproj", "{22B54828-52D4-4B03-9072-26D618B5362A}"
EndProject
Global
	GlobalSection(SolutionConfigurationPlatforms) = preSolution
		Debug|Any CPU = Debug|Any CPU
		Release|Any CPU = Release|Any CPU
	EndGlobalSection
	GlobalSection(ProjectConfigurationPlatforms) = postSolution
		{22B54828-52D4-4B03-9072-26D618B5362A}.Debug|Any CPU.ActiveCfg = Debug|Any CPU
		{22B54828-52D4-4B03-9072-26D618B5362A}.Debug|Any CPU.Build.0 = Debug|Any CPU
		{22B54828-52D4-4B03-9072-26D618B5362A}.Release|Any CPU.ActiveCfg = Release|Any CPU
		{22B54828-52D4-4B03-9072-26D618B5362A}.Release|Any CPU.Build.0 = Release|Any CPU
	EndGlobalSection
	GlobalSection(SolutionProperties) = preSolution
		HideSolutionNode = FALSE
	EndGlobalSection
EndGlobal
