
Microsoft Visual Studio Solution File, Format Version 12.00
# Visual Studio 15
VisualStudioVersion = 15.0.28010.2026
MinimumVisualStudioVersion = 10.0.40219.1
Project("{FAE04EC0-301F-11D3-BF4B-00C04F79EFBC}") = "MindMap_2015", "MindMap_2015.csproj", "{93EEBDBA-D9AF-4C14-A3E0-94CAAD92B937}"
EndProject
Project("{FAE04EC0-301F-11D3-BF4B-00C04F79EFBC}") = "Syncfusion.MindMapDiagram.WPF_2015", "..\..\Source\MindMapDiagram\Src\Syncfusion.MindMapDiagram.WPF_2015.csproj", "{57CC9303-9B73-4697-B6B6-9B9678112A18}"
EndProject
Global
	GlobalSection(SolutionConfigurationPlatforms) = preSolution
		Debug|Any CPU = Debug|Any CPU
		Release|Any CPU = Release|Any CPU
		Release-Xml|Any CPU = Release-Xml|Any CPU
	EndGlobalSection
	GlobalSection(ProjectConfigurationPlatforms) = postSolution
		{93EEBDBA-D9AF-4C14-A3E0-94CAAD92B937}.Debug|Any CPU.ActiveCfg = Debug|Any CPU
		{93EEBDBA-D9AF-4C14-A3E0-94CAAD92B937}.Debug|Any CPU.Build.0 = Debug|Any CPU
		{93EEBDBA-D9AF-4C14-A3E0-94CAAD92B937}.Release|Any CPU.ActiveCfg = Release|Any CPU
		{93EEBDBA-D9AF-4C14-A3E0-94CAAD92B937}.Release|Any CPU.Build.0 = Release|Any CPU
		{93EEBDBA-D9AF-4C14-A3E0-94CAAD92B937}.Release-Xml|Any CPU.ActiveCfg = Release|Any CPU
		{93EEBDBA-D9AF-4C14-A3E0-94CAAD92B937}.Release-Xml|Any CPU.Build.0 = Release|Any CPU
		{57CC9303-9B73-4697-B6B6-9B9678112A18}.Debug|Any CPU.ActiveCfg = Debug|Any CPU
		{57CC9303-9B73-4697-B6B6-9B9678112A18}.Debug|Any CPU.Build.0 = Debug|Any CPU
		{57CC9303-9B73-4697-B6B6-9B9678112A18}.Release|Any CPU.ActiveCfg = Release|Any CPU
		{57CC9303-9B73-4697-B6B6-9B9678112A18}.Release|Any CPU.Build.0 = Release|Any CPU
		{57CC9303-9B73-4697-B6B6-9B9678112A18}.Release-Xml|Any CPU.ActiveCfg = Release|Any CPU
		{57CC9303-9B73-4697-B6B6-9B9678112A18}.Release-Xml|Any CPU.Build.0 = Release|Any CPU
	EndGlobalSection
	GlobalSection(SolutionProperties) = preSolution
		HideSolutionNode = FALSE
	EndGlobalSection
	GlobalSection(ExtensibilityGlobals) = postSolution
		SolutionGuid = {346319E4-190E-4868-9048-685C1DBC608C}
	EndGlobalSection
EndGlobal
