
Microsoft Visual Studio Solution File, Format Version 11.00
# Visual Studio 2010
Project("{FAE04EC0-301F-11D3-BF4B-00C04F79EFBC}") = "RangeArea_2010", "RangeArea_2010.csproj", "{85F83535-C1AD-4109-8B75-078F9A2EC933}"
EndProject
Global
	GlobalSection(SolutionConfigurationPlatforms) = preSolution
		Debug|x86 = Debug|x86
		Release|x86 = Release|x86
	EndGlobalSection
	GlobalSection(ProjectConfigurationPlatforms) = postSolution
		{85F83535-C1AD-4109-8B75-078F9A2EC933}.Debug|x86.ActiveCfg = Debug|x86
		{85F83535-C1AD-4109-8B75-078F9A2EC933}.Debug|x86.Build.0 = Debug|x86
		{85F83535-C1AD-4109-8B75-078F9A2EC933}.Release|x86.ActiveCfg = Release|x86
		{85F83535-C1AD-4109-8B75-078F9A2EC933}.Release|x86.Build.0 = Release|x86
	EndGlobalSection
	GlobalSection(SolutionProperties) = preSolution
		HideSolutionNode = FALSE
	EndGlobalSection
EndGlobal
