Microsoft Visual Studio Solution File, Format Version 12.00
# Visual Studio Version 16
VisualStudioVersion = 16.0.29020.237
MinimumVisualStudioVersion = 10.0.40219.1
Project("{FAE04EC0-301F-11D3-BF4B-00C04F79EFBC}") = "Interactive Features_NETCore", "Interactive Features_NETCore.csproj", "{01D9FF14-683B-4DF6-BD6D-6B9946778FDA}"
EndProject
Global
	GlobalSection(SolutionConfigurationPlatforms) = preSolution
		Debug|Any CPU = Debug|Any CPU
		Release|Any CPU = Release|Any CPU
	EndGlobalSection
	GlobalSection(ProjectConfigurationPlatforms) = postSolution
		{01D9FF14-683B-4DF6-BD6D-6B9946778FDA}.Debug|Any CPU.ActiveCfg = Debug|Any CPU
		{01D9FF14-683B-4DF6-BD6D-6B9946778FDA}.Debug|Any CPU.Build.0 = Debug|Any CPU
		{01D9FF14-683B-4DF6-BD6D-6B9946778FDA}.Release|Any CPU.ActiveCfg = Release|Any CPU
		{01D9FF14-683B-4DF6-BD6D-6B9946778FDA}.Release|Any CPU.Build.0 = Release|Any CPU
	EndGlobalSection
	GlobalSection(SolutionProperties) = preSolution
		HideSolutionNode = FALSE
	EndGlobalSection
EndGlobal
