
Microsoft Visual Studio Solution File, Format Version 12.00
# Visual Studio 15
VisualStudioVersion = 15.0.28307.168
MinimumVisualStudioVersion = 10.0.40219.1
Project("{FAE04EC0-301F-11D3-BF4B-00C04F79EFBC}") = "ExcelLikeFilteringDemo_2015", "ExcelLikeFilteringDemo_2015.csproj", "{E87FFD80-3262-47DA-A794-74871639E56C}"
EndProject
Global
	GlobalSection(SolutionConfigurationPlatforms) = preSolution
		Debug|Any CPU = Debug|Any CPU
		Debug-Xml|Any CPU = Debug-Xml|Any CPU
		Release|Any CPU = Release|Any CPU
		Release-XML|Any CPU = Release-XML|Any CPU
	EndGlobalSection
	GlobalSection(ProjectConfigurationPlatforms) = postSolution
		{E87FFD80-3262-47DA-A794-74871639E56C}.Debug|Any CPU.ActiveCfg = Debug|Any CPU
		{E87FFD80-3262-47DA-A794-74871639E56C}.Debug|Any CPU.Build.0 = Debug|Any CPU
		{E87FFD80-3262-47DA-A794-74871639E56C}.Debug-Xml|Any CPU.ActiveCfg = Debug|Any CPU
		{E87FFD80-3262-47DA-A794-74871639E56C}.Debug-Xml|Any CPU.Build.0 = Debug|Any CPU
		{E87FFD80-3262-47DA-A794-74871639E56C}.Release|Any CPU.ActiveCfg = Release|Any CPU
		{E87FFD80-3262-47DA-A794-74871639E56C}.Release|Any CPU.Build.0 = Release|Any CPU
		{E87FFD80-3262-47DA-A794-74871639E56C}.Release-XML|Any CPU.ActiveCfg = Release|Any CPU
		{E87FFD80-3262-47DA-A794-74871639E56C}.Release-XML|Any CPU.Build.0 = Release|Any CPU
	EndGlobalSection
	GlobalSection(SolutionProperties) = preSolution
		HideSolutionNode = FALSE
	EndGlobalSection
	GlobalSection(ExtensibilityGlobals) = postSolution
		SolutionGuid = {74C72371-8143-43B7-92B2-81B723BD2ED6}
	EndGlobalSection
EndGlobal
