
Microsoft Visual Studio Solution File, Format Version 12.00
# Visual Studio 14
VisualStudioVersion = 14.0.23103.0
MinimumVisualStudioVersion = 10.0.40219.1
Project("{FAE04EC0-301F-11D3-BF4B-00C04F79EFBC}") = "RowStyleDemo_2015", "RowStyleDemo_2015.csproj", "{22B54828-52D4-4B03-9072-26D618B5362A}"
EndProject
Global
	GlobalSection(SolutionConfigurationPlatforms) = preSolution
		Debug|Any CPU = Debug|Any CPU
		Release|Any CPU = Release|Any CPU
	EndGlobalSection
	GlobalSection(ProjectConfigurationPlatforms) = postSolution
		{22B54828-52D4-4B03-9072-26D618B5362A}.Debug|Any CPU.ActiveCfg = Debug|Any CPU
		{22B54828-52D4-4B03-9072-26D618B5362A}.Debug|Any CPU.Build.0 = Debug|Any CPU
		{22B54828-52D4-4B03-9072-26D618B5362A}.Release|Any CPU.ActiveCfg = Release|Any CPU
		{22B54828-52D4-4B03-9072-26D618B5362A}.Release|Any CPU.Build.0 = Release|Any CPU
	EndGlobalSection
	GlobalSection(SolutionProperties) = preSolution
		HideSolutionNode = FALSE
	EndGlobalSection
EndGlobal
