Microsoft Visual Studio Solution File, Format Version 12.00
# Visual Studio Version 16
VisualStudioVersion = 16.0.29020.237
MinimumVisualStudioVersion = 10.0.40219.1
Project("{9A19103F-16F7-4668-BE54-9A1E7A4F7556}") = "TabControlTouch_NETCore", "TabControlTouch_NETCore.csproj", "{9ED2B8D4-3BA7-43EE-AC45-30E959ABFB69}"
EndProject
Global
	GlobalSection(SolutionConfigurationPlatforms) = preSolution
		Debug|Any CPU = Debug|Any CPU
		Debug|Mixed Platforms = Debug|Mixed Platforms
		Debug|x86 = Debug|x86
		Debug-Xml|Any CPU = Debug-Xml|Any CPU
		Debug-Xml|Mixed Platforms = Debug-Xml|Mixed Platforms
		Debug-Xml|x86 = Debug-Xml|x86
		Release|Any CPU = Release|Any CPU
		Release|Mixed Platforms = Release|Mixed Platforms
		Release|x86 = Release|x86
		Release-Xml|Any CPU = Release-Xml|Any CPU
		Release-Xml|Mixed Platforms = Release-Xml|Mixed Platforms
		Release-Xml|x86 = Release-Xml|x86
	EndGlobalSection
	GlobalSection(ProjectConfigurationPlatforms) = postSolution
		{9ED2B8D4-3BA7-43EE-AC45-30E959ABFB69}.Debug|Any CPU.ActiveCfg = Debug|Any CPU
		{9ED2B8D4-3BA7-43EE-AC45-30E959ABFB69}.Debug|Any CPU.Build.0 = Debug|Any CPU
		{9ED2B8D4-3BA7-43EE-AC45-30E959ABFB69}.Debug|Mixed Platforms.ActiveCfg = Debug|Any CPU
		{9ED2B8D4-3BA7-43EE-AC45-30E959ABFB69}.Debug|Mixed Platforms.Build.0 = Debug|Any CPU
		{9ED2B8D4-3BA7-43EE-AC45-30E959ABFB69}.Debug|x86.ActiveCfg = Debug|Any CPU
		{9ED2B8D4-3BA7-43EE-AC45-30E959ABFB69}.Debug|x86.Build.0 = Debug|Any CPU
		{9ED2B8D4-3BA7-43EE-AC45-30E959ABFB69}.Debug-Xml|Any CPU.ActiveCfg = Debug|Any CPU
		{9ED2B8D4-3BA7-43EE-AC45-30E959ABFB69}.Debug-Xml|Any CPU.Build.0 = Debug|Any CPU
		{9ED2B8D4-3BA7-43EE-AC45-30E959ABFB69}.Debug-Xml|Mixed Platforms.ActiveCfg = Debug|Any CPU
		{9ED2B8D4-3BA7-43EE-AC45-30E959ABFB69}.Debug-Xml|Mixed Platforms.Build.0 = Debug|Any CPU
		{9ED2B8D4-3BA7-43EE-AC45-30E959ABFB69}.Debug-Xml|x86.ActiveCfg = Debug|Any CPU
		{9ED2B8D4-3BA7-43EE-AC45-30E959ABFB69}.Debug-Xml|x86.Build.0 = Debug|Any CPU
		{9ED2B8D4-3BA7-43EE-AC45-30E959ABFB69}.Release|Any CPU.ActiveCfg = Release|Any CPU
		{9ED2B8D4-3BA7-43EE-AC45-30E959ABFB69}.Release|Any CPU.Build.0 = Release|Any CPU
		{9ED2B8D4-3BA7-43EE-AC45-30E959ABFB69}.Release|Mixed Platforms.ActiveCfg = Release|Any CPU
		{9ED2B8D4-3BA7-43EE-AC45-30E959ABFB69}.Release|Mixed Platforms.Build.0 = Release|Any CPU
		{9ED2B8D4-3BA7-43EE-AC45-30E959ABFB69}.Release|x86.ActiveCfg = Release|Any CPU
		{9ED2B8D4-3BA7-43EE-AC45-30E959ABFB69}.Release|x86.Build.0 = Release|Any CPU
		{9ED2B8D4-3BA7-43EE-AC45-30E959ABFB69}.Release-Xml|Any CPU.ActiveCfg = Release|Any CPU
		{9ED2B8D4-3BA7-43EE-AC45-30E959ABFB69}.Release-Xml|Any CPU.Build.0 = Release|Any CPU
		{9ED2B8D4-3BA7-43EE-AC45-30E959ABFB69}.Release-Xml|Mixed Platforms.ActiveCfg = Release|Any CPU
		{9ED2B8D4-3BA7-43EE-AC45-30E959ABFB69}.Release-Xml|Mixed Platforms.Build.0 = Release|Any CPU
		{9ED2B8D4-3BA7-43EE-AC45-30E959ABFB69}.Release-Xml|x86.ActiveCfg = Release|Any CPU
		{9ED2B8D4-3BA7-43EE-AC45-30E959ABFB69}.Release-Xml|x86.Build.0 = Release|Any CPU
	EndGlobalSection
	GlobalSection(SolutionProperties) = preSolution
		HideSolutionNode = FALSE
	EndGlobalSection
	GlobalSection(ExtensibilityGlobals) = postSolution
		SolutionGuid = {91556FAE-22FD-4D71-92FE-83777ECB6A24}
	EndGlobalSection
EndGlobal
