Microsoft Visual Studio Solution File, Format Version 13.00
# Visual Studio 15
Project("{FAE04EC0-301F-11D3-BF4B-00C04F79EFBC}") = "Encryption_2017", "Encryption_2017.csproj", "{BB0E016F-5A05-4671-8570-2610EB599320}"
EndProject
Global
	GlobalSection(SolutionConfigurationPlatforms) = preSolution
		Debug|Any CPU = Debug|Any CPU
		Release|Any CPU = Release|Any CPU
	EndGlobalSection
	GlobalSection(ProjectConfigurationPlatforms) = postSolution
		{BB0E016F-5A05-4671-8570-2610EB599320}.Debug|Any CPU.ActiveCfg = Debug|Any CPU
		{BB0E016F-5A05-4671-8570-2610EB599320}.Debug|Any CPU.Build.0 = Debug|Any CPU
		{BB0E016F-5A05-4671-8570-2610EB599320}.Release|Any CPU.ActiveCfg = Release|Any CPU
		{BB0E016F-5A05-4671-8570-2610EB599320}.Release|Any CPU.Build.0 = Release|Any CPU
	EndGlobalSection
	GlobalSection(SolutionProperties) = preSolution
		HideSolutionNode = FALSE
	EndGlobalSection
EndGlobal
