
Microsoft Visual Studio Solution File, Format Version 12.00
# Visual Studio 2013
VisualStudioVersion = 12.0.20617.1 PREVIEW
MinimumVisualStudioVersion = 10.0.40219.1
Project("{FAE04EC0-301F-11D3-BF4B-00C04F79EFBC}") = "Custom Calendar_2013", "Custom Calendar_2013.csproj", "{7E270560-A5F4-48E9-818E-6988DC321915}"
EndProject
Global
	GlobalSection(SolutionConfigurationPlatforms) = preSolution
		Debug|Any CPU = Debug|Any CPU
		Release|Any CPU = Release|Any CPU
	EndGlobalSection
	GlobalSection(ProjectConfigurationPlatforms) = postSolution
		{7E270560-A5F4-48E9-818E-6988DC321915}.Debug|Any CPU.ActiveCfg = Debug|Any CPU
		{7E270560-A5F4-48E9-818E-6988DC321915}.Debug|Any CPU.Build.0 = Debug|Any CPU
		{7E270560-A5F4-48E9-818E-6988DC321915}.Release|Any CPU.ActiveCfg = Release|Any CPU
		{7E270560-A5F4-48E9-818E-6988DC321915}.Release|Any CPU.Build.0 = Release|Any CPU
	EndGlobalSection
	GlobalSection(SolutionProperties) = preSolution
		HideSolutionNode = FALSE
	EndGlobalSection
EndGlobal
