
Microsoft Visual Studio Solution File, Format Version 11.00
# Visual Studio 2010
Project("{FAE04EC0-301F-11D3-BF4B-00C04F79EFBC}") = "XMLBinding_2010", "XMLBinding_2010.csproj", "{C801ACE8-9512-49D9-8A16-BE2EF6A85A0B}"
EndProject
Global
	GlobalSection(SolutionConfigurationPlatforms) = preSolution
		Debug|x86 = Debug|x86
		Release|x86 = Release|x86
	EndGlobalSection
	GlobalSection(ProjectConfigurationPlatforms) = postSolution
		{C801ACE8-9512-49D9-8A16-BE2EF6A85A0B}.Debug|x86.ActiveCfg = Debug|x86
		{C801ACE8-9512-49D9-8A16-BE2EF6A85A0B}.Debug|x86.Build.0 = Debug|x86
		{C801ACE8-9512-49D9-8A16-BE2EF6A85A0B}.Release|x86.ActiveCfg = Release|x86
		{C801ACE8-9512-49D9-8A16-BE2EF6A85A0B}.Release|x86.Build.0 = Release|x86
	EndGlobalSection
	GlobalSection(SolutionProperties) = preSolution
		HideSolutionNode = FALSE
	EndGlobalSection
EndGlobal
