
Microsoft Visual Studio Solution File, Format Version 12.00
# Visual Studio 2012
Project("{FAE04EC0-301F-11D3-BF4B-00C04F79EFBC}") = "Overview_2012", "Overview_2012.csproj", "{415C4DDA-F059-47E4-852D-AA05E5CFF7A2}"
EndProject
Global
	GlobalSection(SolutionConfigurationPlatforms) = preSolution
		Debug|Any CPU = Debug|Any CPU
		Release|Any CPU = Release|Any CPU
	EndGlobalSection
	GlobalSection(ProjectConfigurationPlatforms) = postSolution
		{415C4DDA-F059-47E4-852D-AA05E5CFF7A2}.Debug|Any CPU.ActiveCfg = Debug|Any CPU
		{415C4DDA-F059-47E4-852D-AA05E5CFF7A2}.Debug|Any CPU.Build.0 = Debug|Any CPU
		{415C4DDA-F059-47E4-852D-AA05E5CFF7A2}.Release|Any CPU.ActiveCfg = Release|Any CPU
		{415C4DDA-F059-47E4-852D-AA05E5CFF7A2}.Release|Any CPU.Build.0 = Release|Any CPU
	EndGlobalSection
	GlobalSection(SolutionProperties) = preSolution
		HideSolutionNode = FALSE
	EndGlobalSection
EndGlobal
