
Microsoft Visual Studio Solution File, Format Version 12.00
# Visual Studio 14
VisualStudioVersion = 12.0.21005.1
MinimumVisualStudioVersion = 10.0.40219.1
Project("{FAE04EC0-301F-11D3-BF4B-00C04F79EFBC}") = "SfTreeNavigator_2015", "SfTreeNavigator_2015.csproj", "{AEEDDE5B-6CB7-42B5-99E0-DC4A8BF58E3F}"
EndProject
Global
	GlobalSection(SolutionConfigurationPlatforms) = preSolution
		Debug|x86 = Debug|x86
		Release|x86 = Release|x86
	EndGlobalSection
	GlobalSection(ProjectConfigurationPlatforms) = postSolution
		{AEEDDE5B-6CB7-42B5-99E0-DC4A8BF58E3F}.Debug|x86.ActiveCfg = Debug|x86
		{AEEDDE5B-6CB7-42B5-99E0-DC4A8BF58E3F}.Debug|x86.Build.0 = Debug|x86
		{AEEDDE5B-6CB7-42B5-99E0-DC4A8BF58E3F}.Release|x86.ActiveCfg = Release|x86
		{AEEDDE5B-6CB7-42B5-99E0-DC4A8BF58E3F}.Release|x86.Build.0 = Release|x86
	EndGlobalSection
	GlobalSection(SolutionProperties) = preSolution
		HideSolutionNode = FALSE
	EndGlobalSection
EndGlobal
