
Microsoft Visual Studio Solution File, Format Version 11.00
# Visual Studio 2012
Project("{FAE04EC0-301F-11D3-BF4B-00C04F79EFBC}") = "ChartAxisElementsConfigurationDemo_2012", "ChartAxisElementsConfigurationDemo_2012.csproj", "{4B8FB1DA-D4E0-4613-9D3E-5FEAF103133E}"
EndProject
Global
	GlobalSection(SolutionConfigurationPlatforms) = preSolution
		Debug|x86 = Debug|x86
		Release|x86 = Release|x86
	EndGlobalSection
	GlobalSection(ProjectConfigurationPlatforms) = postSolution
		{4B8FB1DA-D4E0-4613-9D3E-5FEAF103133E}.Debug|x86.ActiveCfg = Debug|x86
		{4B8FB1DA-D4E0-4613-9D3E-5FEAF103133E}.Debug|x86.Build.0 = Debug|x86
		{4B8FB1DA-D4E0-4613-9D3E-5FEAF103133E}.Release|x86.ActiveCfg = Release|x86
		{4B8FB1DA-D4E0-4613-9D3E-5FEAF103133E}.Release|x86.Build.0 = Release|x86
	EndGlobalSection
	GlobalSection(SolutionProperties) = preSolution
		HideSolutionNode = FALSE
	EndGlobalSection
EndGlobal
