Microsoft Visual Studio Solution File, Format Version 12.00
# Visual Studio Version 16
VisualStudioVersion = 16.0.29020.237
MinimumVisualStudioVersion = 10.0.40219.1
Project("{FAE04EC0-301F-11D3-BF4B-00C04F79EFBC}") = "CaptionRestriction_NETCore", "CaptionRestriction_NETCore.csproj", "{28F1EB35-6EC7-49F2-9F6E-191239388062}"
EndProject
Global
	GlobalSection(SolutionConfigurationPlatforms) = preSolution
		Debug|Any CPU = Debug|Any CPU
		Release|Any CPU = Release|Any CPU
	EndGlobalSection
	GlobalSection(ProjectConfigurationPlatforms) = postSolution
		{28F1EB35-6EC7-49F2-9F6E-191239388062}.Debug|Any CPU.ActiveCfg = Debug|Any CPU
		{28F1EB35-6EC7-49F2-9F6E-191239388062}.Debug|Any CPU.Build.0 = Debug|Any CPU
		{28F1EB35-6EC7-49F2-9F6E-191239388062}.Release|Any CPU.ActiveCfg = Release|Any CPU
		{28F1EB35-6EC7-49F2-9F6E-191239388062}.Release|Any CPU.Build.0 = Release|Any CPU
	EndGlobalSection
	GlobalSection(SolutionProperties) = preSolution
		HideSolutionNode = FALSE
	EndGlobalSection
	GlobalSection(ExtensibilityGlobals) = postSolution
		SolutionGuid = {6B6E8608-B581-4142-87D2-E0448F01B62A}
	EndGlobalSection
EndGlobal
