
Microsoft Visual Studio Solution File, Format Version 12.00
# Visual Studio Version 16
VisualStudioVersion = 16.0.30320.27
MinimumVisualStudioVersion = 10.0.40219.1
Project("{FAE04EC0-301F-11D3-BF4B-00C04F79EFBC}") = "syncfusion.networkdiagram.wpf_lib_47", "syncfusion.networkdiagram.wpf_lib_47.csproj", "{EB411A7F-1391-4B30-A6C9-A4C08F70DB2D}"
EndProject
Global
	GlobalSection(SolutionConfigurationPlatforms) = preSolution
		Debug|Any CPU = Debug|Any CPU
		Release|Any CPU = Release|Any CPU
	EndGlobalSection
	GlobalSection(ProjectConfigurationPlatforms) = postSolution
		{EB411A7F-1391-4B30-A6C9-A4C08F70DB2D}.Debug|Any CPU.ActiveCfg = Debug|Any CPU
		{EB411A7F-1391-4B30-A6C9-A4C08F70DB2D}.Debug|Any CPU.Build.0 = Debug|Any CPU
		{EB411A7F-1391-4B30-A6C9-A4C08F70DB2D}.Release|Any CPU.ActiveCfg = Release|Any CPU
		{EB411A7F-1391-4B30-A6C9-A4C08F70DB2D}.Release|Any CPU.Build.0 = Release|Any CPU
	EndGlobalSection
	GlobalSection(SolutionProperties) = preSolution
		HideSolutionNode = FALSE
	EndGlobalSection
	GlobalSection(ExtensibilityGlobals) = postSolution
		SolutionGuid = {42A5F251-0DBF-4788-A814-8A311CDF65DF}
	EndGlobalSection
EndGlobal
