
Microsoft Visual Studio Solution File, Format Version 12.00
# Visual Studio 2012

Project("{FAE04EC0-301F-11D3-BF4B-00C04F79EFBC}") = "RibbonMenuMerging_2012", "RibbonMenuMerging_2012.csproj", "{37123835-F5C6-423F-80C0-2D9A9FD77CB0}"
EndProject
Global
	GlobalSection(SolutionConfigurationPlatforms) = preSolution
		Debug|Any CPU = Debug|Any CPU
		Release|Any CPU = Release|Any CPU
	EndGlobalSection
	GlobalSection(ProjectConfigurationPlatforms) = postSolution
		{37123835-F5C6-423F-80C0-2D9A9FD77CB0}.Debug|Any CPU.ActiveCfg = Debug|Any CPU
		{37123835-F5C6-423F-80C0-2D9A9FD77CB0}.Debug|Any CPU.Build.0 = Debug|Any CPU
		{37123835-F5C6-423F-80C0-2D9A9FD77CB0}.Release|Any CPU.ActiveCfg = Release|Any CPU
		{37123835-F5C6-423F-80C0-2D9A9FD77CB0}.Release|Any CPU.Build.0 = Release|Any CPU
	EndGlobalSection
	GlobalSection(SolutionProperties) = preSolution
		HideSolutionNode = FALSE
	EndGlobalSection
	GlobalSection(ExtensibilityGlobals) = postSolution
		SolutionGuid = {AC5BFDF1-C77E-4E40-ABED-DBB2F357CACE}
	EndGlobalSection
EndGlobal
