Microsoft Visual Studio Solution File, Format Version 12.00
# Visual Studio Version 16
VisualStudioVersion = 16.0.29020.237
MinimumVisualStudioVersion = 10.0.40219.1
Project("{FAE04EC0-301F-11D3-BF4B-00C04F79EFBC}") = "RibbonMenuMerging_NETCore", "RibbonMenuMerging_NETCore.csproj", "{37123835-F5C6-423F-80C0-2D9A9FD77CB0}"
EndProject
Global
	GlobalSection(SolutionConfigurationPlatforms) = preSolution
		Debug|Any CPU = Debug|Any CPU
		Debug-Xml|Any CPU = Debug-Xml|Any CPU
		Release|Any CPU = Release|Any CPU
		Release-Xml|Any CPU = Release-Xml|Any CPU
	EndGlobalSection
	GlobalSection(ProjectConfigurationPlatforms) = postSolution
		{37123835-F5C6-423F-80C0-2D9A9FD77CB0}.Debug|Any CPU.ActiveCfg = Debug|Any CPU
		{37123835-F5C6-423F-80C0-2D9A9FD77CB0}.Debug|Any CPU.Build.0 = Debug|Any CPU
		{37123835-F5C6-423F-80C0-2D9A9FD77CB0}.Debug-Xml|Any CPU.ActiveCfg = Debug|Any CPU
		{37123835-F5C6-423F-80C0-2D9A9FD77CB0}.Debug-Xml|Any CPU.Build.0 = Debug|Any CPU
		{37123835-F5C6-423F-80C0-2D9A9FD77CB0}.Release|Any CPU.ActiveCfg = Release|Any CPU
		{37123835-F5C6-423F-80C0-2D9A9FD77CB0}.Release|Any CPU.Build.0 = Release|Any CPU
		{37123835-F5C6-423F-80C0-2D9A9FD77CB0}.Release-Xml|Any CPU.ActiveCfg = Release|Any CPU
		{37123835-F5C6-423F-80C0-2D9A9FD77CB0}.Release-Xml|Any CPU.Build.0 = Release|Any CPU
		{12B0099A-49CC-46C3-B045-4356801F325C}.Debug|Any CPU.ActiveCfg = Debug|Any CPU
		{12B0099A-49CC-46C3-B045-4356801F325C}.Debug|Any CPU.Build.0 = Debug|Any CPU
		{12B0099A-49CC-46C3-B045-4356801F325C}.Debug-Xml|Any CPU.ActiveCfg = Debug-Xml|Any CPU
		{12B0099A-49CC-46C3-B045-4356801F325C}.Debug-Xml|Any CPU.Build.0 = Debug-Xml|Any CPU
		{12B0099A-49CC-46C3-B045-4356801F325C}.Release|Any CPU.ActiveCfg = Release|Any CPU
		{12B0099A-49CC-46C3-B045-4356801F325C}.Release|Any CPU.Build.0 = Release|Any CPU
		{12B0099A-49CC-46C3-B045-4356801F325C}.Release-Xml|Any CPU.ActiveCfg = Release-Xml|Any CPU
		{12B0099A-49CC-46C3-B045-4356801F325C}.Release-Xml|Any CPU.Build.0 = Release-Xml|Any CPU
		{D7DA0AF2-BA77-4B4E-8270-DCFE3EF2A1C0}.Debug|Any CPU.ActiveCfg = Debug|Any CPU
		{D7DA0AF2-BA77-4B4E-8270-DCFE3EF2A1C0}.Debug|Any CPU.Build.0 = Debug|Any CPU
		{D7DA0AF2-BA77-4B4E-8270-DCFE3EF2A1C0}.Debug-Xml|Any CPU.ActiveCfg = Debug-Xml|Any CPU
		{D7DA0AF2-BA77-4B4E-8270-DCFE3EF2A1C0}.Debug-Xml|Any CPU.Build.0 = Debug-Xml|Any CPU
		{D7DA0AF2-BA77-4B4E-8270-DCFE3EF2A1C0}.Release|Any CPU.ActiveCfg = Release|Any CPU
		{D7DA0AF2-BA77-4B4E-8270-DCFE3EF2A1C0}.Release|Any CPU.Build.0 = Release|Any CPU
		{D7DA0AF2-BA77-4B4E-8270-DCFE3EF2A1C0}.Release-Xml|Any CPU.ActiveCfg = Release-Xml|Any CPU
		{D7DA0AF2-BA77-4B4E-8270-DCFE3EF2A1C0}.Release-Xml|Any CPU.Build.0 = Release-Xml|Any CPU
	EndGlobalSection
	GlobalSection(SolutionProperties) = preSolution
		HideSolutionNode = FALSE
	EndGlobalSection
	GlobalSection(ExtensibilityGlobals) = postSolution
		SolutionGuid = {FA24C807-DB24-4422-BF21-2426AFC15B67}
	EndGlobalSection
EndGlobal
