
Microsoft Visual Studio Solution File, Format Version 11.00
# Visual Studio 2010
Project("{FAE04EC0-301F-11D3-BF4B-00C04F79EFBC}") = "ChartTooltips_2010", "ChartTooltips_2010.csproj", "{DE3E766E-35C7-406E-A073-8E7A5CA4DCE4}"
EndProject
Global
	GlobalSection(SolutionConfigurationPlatforms) = preSolution
		Debug|x86 = Debug|x86
		Release|x86 = Release|x86
	EndGlobalSection
	GlobalSection(ProjectConfigurationPlatforms) = postSolution
		{DE3E766E-35C7-406E-A073-8E7A5CA4DCE4}.Debug|x86.ActiveCfg = Debug|Any CPU
		{DE3E766E-35C7-406E-A073-8E7A5CA4DCE4}.Debug|x86.Build.0 = Debug|Any CPU
		{DE3E766E-35C7-406E-A073-8E7A5CA4DCE4}.Release|x86.ActiveCfg = Release|Any CPU
		{DE3E766E-35C7-406E-A073-8E7A5CA4DCE4}.Release|x86.Build.0 = Release|Any CPU
	EndGlobalSection
	GlobalSection(SolutionProperties) = preSolution
		HideSolutionNode = FALSE
	EndGlobalSection
EndGlobal
