
Microsoft Visual Studio Solution File, Format Version 12.00
# Visual Studio Version 16
VisualStudioVersion = 16.0.30114.128
MinimumVisualStudioVersion = 10.0.40219.1
Project("{FAE04EC0-301F-11D3-BF4B-00C04F79EFBC}") = "syncfusion.pdfdemos.wpf_lib_47", "syncfusion.pdfdemos.wpf_lib_47.csproj", "{361BE1C3-8476-4D11-82B4-990A2B446966}"
EndProject
Project("{FAE04EC0-301F-11D3-BF4B-00C04F79EFBC}") = "syncfusion.demoscommon.wpf_lib_47", "..\common\syncfusion.demoscommon.wpf_lib_47.csproj", "{9EF55CDB-ED67-4A06-BC2A-1F811F791191}"
EndProject
Global
	GlobalSection(SolutionConfigurationPlatforms) = preSolution
		Debug|Any CPU = Debug|Any CPU
		Release|Any CPU = Release|Any CPU
	EndGlobalSection
	GlobalSection(ProjectConfigurationPlatforms) = postSolution
		{361BE1C3-8476-4D11-82B4-990A2B446966}.Debug|Any CPU.ActiveCfg = Debug|Any CPU
		{361BE1C3-8476-4D11-82B4-990A2B446966}.Debug|Any CPU.Build.0 = Debug|Any CPU
		{361BE1C3-8476-4D11-82B4-990A2B446966}.Release|Any CPU.ActiveCfg = Release|Any CPU
		{361BE1C3-8476-4D11-82B4-990A2B446966}.Release|Any CPU.Build.0 = Release|Any CPU
		{9EF55CDB-ED67-4A06-BC2A-1F811F791191}.Debug|Any CPU.ActiveCfg = Debug|Any CPU
		{9EF55CDB-ED67-4A06-BC2A-1F811F791191}.Debug|Any CPU.Build.0 = Debug|Any CPU
		{9EF55CDB-ED67-4A06-BC2A-1F811F791191}.Release|Any CPU.ActiveCfg = Release|Any CPU
		{9EF55CDB-ED67-4A06-BC2A-1F811F791191}.Release|Any CPU.Build.0 = Release|Any CPU
	EndGlobalSection
	GlobalSection(SolutionProperties) = preSolution
		HideSolutionNode = FALSE
	EndGlobalSection
	GlobalSection(ExtensibilityGlobals) = postSolution
		SolutionGuid = {C4BD4491-7DD3-4CAC-AE8F-1EFD1B672AD9}
	EndGlobalSection
EndGlobal
