
Microsoft Visual Studio Solution File, Format Version 11.00
# Visual Studio 2010
Project("{FAE04EC0-301F-11D3-BF4B-00C04F79EFBC}") = "BIDashboard_2010", "BIDashboard_2010.csproj", "{D226D3E3-A438-4B44-AF70-2E6D691A6669}"
EndProject
Global
	GlobalSection(SolutionConfigurationPlatforms) = preSolution
		Debug|x86 = Debug|x86
		Release|x86 = Release|x86
	EndGlobalSection
	GlobalSection(ProjectConfigurationPlatforms) = postSolution
		{D226D3E3-A438-4B44-AF70-2E6D691A6669}.Debug|x86.ActiveCfg = Debug|x86
		{D226D3E3-A438-4B44-AF70-2E6D691A6669}.Debug|x86.Build.0 = Debug|x86
		{D226D3E3-A438-4B44-AF70-2E6D691A6669}.Release|x86.ActiveCfg = Release|x86
		{D226D3E3-A438-4B44-AF70-2E6D691A6669}.Release|x86.Build.0 = Release|x86
	EndGlobalSection
	GlobalSection(SolutionProperties) = preSolution
		HideSolutionNode = FALSE
	EndGlobalSection
EndGlobal
