
Microsoft Visual Studio Solution File, Format Version 12.00
# Visual Studio Version 16
VisualStudioVersion = 16.0.30320.27
MinimumVisualStudioVersion = 10.0.40219.1
Project("{FAE04EC0-301F-11D3-BF4B-00C04F79EFBC}") = "syncfusion.logicalcircuitdesigner.wpf_47", "syncfusion.logicalcircuitdesigner.wpf_47.csproj", "{C5324CC9-DF44-4130-ABD4-881502CC8F4C}"
EndProject
Project("{FAE04EC0-301F-11D3-BF4B-00C04F79EFBC}") = "syncfusion.logicalcircuitdesigner.wpf_lib_47", "syncfusion.logicalcircuitdesigner.wpf_lib_47.csproj", "{750EFE5B-0523-4AA5-B8E2-43D861820C1F}"
EndProject
Global
	GlobalSection(SolutionConfigurationPlatforms) = preSolution
		Debug|Any CPU = Debug|Any CPU
		Release|Any CPU = Release|Any CPU
	EndGlobalSection
	GlobalSection(ProjectConfigurationPlatforms) = postSolution
		{C5324CC9-DF44-4130-ABD4-881502CC8F4C}.Debug|Any CPU.ActiveCfg = Debug|Any CPU
		{C5324CC9-DF44-4130-ABD4-881502CC8F4C}.Debug|Any CPU.Build.0 = Debug|Any CPU
		{C5324CC9-DF44-4130-ABD4-881502CC8F4C}.Release|Any CPU.ActiveCfg = Release|Any CPU
		{C5324CC9-DF44-4130-ABD4-881502CC8F4C}.Release|Any CPU.Build.0 = Release|Any CPU
		{750EFE5B-0523-4AA5-B8E2-43D861820C1F}.Debug|Any CPU.ActiveCfg = Debug|Any CPU
		{750EFE5B-0523-4AA5-B8E2-43D861820C1F}.Debug|Any CPU.Build.0 = Debug|Any CPU
		{750EFE5B-0523-4AA5-B8E2-43D861820C1F}.Release|Any CPU.ActiveCfg = Release|Any CPU
		{750EFE5B-0523-4AA5-B8E2-43D861820C1F}.Release|Any CPU.Build.0 = Release|Any CPU
	EndGlobalSection
	GlobalSection(SolutionProperties) = preSolution
		HideSolutionNode = FALSE
	EndGlobalSection
	GlobalSection(ExtensibilityGlobals) = postSolution
		SolutionGuid = {C6CA3D36-AAD6-4D61-A9FD-E6BDB8D850EF}
	EndGlobalSection
EndGlobal
