
Microsoft Visual Studio Solution File, Format Version 11.00
# Visual Studio 2010
Project("{FAE04EC0-301F-11D3-BF4B-00C04F79EFBC}") = "OLAP Client Paging_2010", "OLAP Client Paging_2010.csproj", "{F13802DB-0B4F-40A7-84A5-85C048041ABC}"
EndProject
Global
	GlobalSection(SolutionConfigurationPlatforms) = preSolution
		Debug|Any CPU = Debug|Any CPU
		Release|Any CPU = Release|Any CPU
	EndGlobalSection
	GlobalSection(ProjectConfigurationPlatforms) = postSolution
		{F13802DB-0B4F-40A7-84A5-85C048041ABC}.Debug|Any CPU.ActiveCfg = Debug|Any CPU
		{F13802DB-0B4F-40A7-84A5-85C048041ABC}.Debug|Any CPU.Build.0 = Debug|Any CPU
		{F13802DB-0B4F-40A7-84A5-85C048041ABC}.Release|Any CPU.ActiveCfg = Release|Any CPU
		{F13802DB-0B4F-40A7-84A5-85C048041ABC}.Release|Any CPU.Build.0 = Release|Any CPU
	EndGlobalSection
	GlobalSection(SolutionProperties) = preSolution
		HideSolutionNode = FALSE
	EndGlobalSection
EndGlobal
