
Microsoft Visual Studio Solution File, Format Version 11.00
# Visual Studio 2010
Project("{FAE04EC0-301F-11D3-BF4B-00C04F79EFBC}") = "StripLinesDemo_2010", "StripLinesDemo_2010.csproj", "{1F6DED61-A8BF-42CD-9AA8-04CB7DA785DE}"
EndProject
Global
	GlobalSection(SolutionConfigurationPlatforms) = preSolution
		Debug|x86 = Debug|x86
		Release|x86 = Release|x86
	EndGlobalSection
	GlobalSection(ProjectConfigurationPlatforms) = postSolution
		{1F6DED61-A8BF-42CD-9AA8-04CB7DA785DE}.Debug|x86.ActiveCfg = Debug|x86
		{1F6DED61-A8BF-42CD-9AA8-04CB7DA785DE}.Debug|x86.Build.0 = Debug|x86
		{1F6DED61-A8BF-42CD-9AA8-04CB7DA785DE}.Release|x86.ActiveCfg = Release|x86
		{1F6DED61-A8BF-42CD-9AA8-04CB7DA785DE}.Release|x86.Build.0 = Release|x86
	EndGlobalSection
	GlobalSection(SolutionProperties) = preSolution
		HideSolutionNode = FALSE
	EndGlobalSection
EndGlobal
