
Microsoft Visual Studio Solution File, Format Version 11.00
# Visual Studio 2010
Project("{FAE04EC0-301F-11D3-BF4B-00C04F79EFBC}") = "Scrolling_2010", "Scrolling_2010.csproj", "{68E9B0B7-5625-4CDC-9FB9-9E06126194DB}"
EndProject
Global
	GlobalSection(SolutionConfigurationPlatforms) = preSolution
		Debug|Any CPU = Debug|Any CPU
		Release|Any CPU = Release|Any CPU
		Release-Xml|Any CPU = Release-Xml|Any CPU
	EndGlobalSection
	GlobalSection(ProjectConfigurationPlatforms) = postSolution
		{68E9B0B7-5625-4CDC-9FB9-9E06126194DB}.Debug|Any CPU.ActiveCfg = Debug|Any CPU
		{68E9B0B7-5625-4CDC-9FB9-9E06126194DB}.Debug|Any CPU.Build.0 = Debug|Any CPU
		{68E9B0B7-5625-4CDC-9FB9-9E06126194DB}.Release|Any CPU.ActiveCfg = Release|Any CPU
		{68E9B0B7-5625-4CDC-9FB9-9E06126194DB}.Release|Any CPU.Build.0 = Release|Any CPU
		{68E9B0B7-5625-4CDC-9FB9-9E06126194DB}.Release-Xml|Any CPU.ActiveCfg = Release|Any CPU
		{68E9B0B7-5625-4CDC-9FB9-9E06126194DB}.Release-Xml|Any CPU.Build.0 = Release|Any CPU
	EndGlobalSection
	GlobalSection(SolutionProperties) = preSolution
		HideSolutionNode = FALSE
	EndGlobalSection
EndGlobal
