
Microsoft Visual Studio Solution File, Format Version 12.00
# Visual Studio 2012
Project("{FAE04EC0-301F-11D3-BF4B-00C04F79EFBC}") = "VirtualizedCell_2012", "VirtualizedCell_2012.csproj", "{A9BC6330-3D10-4913-8C8A-8C45E65D4F50}"
EndProject
Global
	GlobalSection(SolutionConfigurationPlatforms) = preSolution
		Debug|x86 = Debug|x86
		Release|x86 = Release|x86
	EndGlobalSection
	GlobalSection(ProjectConfigurationPlatforms) = postSolution
		{A9BC6330-3D10-4913-8C8A-8C45E65D4F50}.Debug|x86.ActiveCfg = Debug|x86
		{A9BC6330-3D10-4913-8C8A-8C45E65D4F50}.Debug|x86.Build.0 = Debug|x86
		{A9BC6330-3D10-4913-8C8A-8C45E65D4F50}.Release|x86.ActiveCfg = Release|x86
		{A9BC6330-3D10-4913-8C8A-8C45E65D4F50}.Release|x86.Build.0 = Release|x86
	EndGlobalSection
	GlobalSection(SolutionProperties) = preSolution
		HideSolutionNode = FALSE
	EndGlobalSection
EndGlobal
