Microsoft Visual Studio Solution File, Format Version 13.00
# Visual Studio 2013
Project("{FAE04EC0-301F-11D3-BF4B-00C04F79EFBC}") = "JobApplication_2013", "JobApplication_2013.csproj", "{C6D18A01-E706-4840-B01C-93CEE143EB96}"
EndProject
Global
	GlobalSection(SolutionConfigurationPlatforms) = preSolution
		Debug|Any CPU = Debug|Any CPU
		Release|Any CPU = Release|Any CPU
	EndGlobalSection
	GlobalSection(ProjectConfigurationPlatforms) = postSolution
		{C6D18A01-E706-4840-B01C-93CEE143EB96}.Debug|Any CPU.ActiveCfg = Debug|Any CPU
		{C6D18A01-E706-4840-B01C-93CEE143EB96}.Debug|Any CPU.Build.0 = Debug|Any CPU
		{C6D18A01-E706-4840-B01C-93CEE143EB96}.Release|Any CPU.ActiveCfg = Release|Any CPU
		{C6D18A01-E706-4840-B01C-93CEE143EB96}.Release|Any CPU.Build.0 = Release|Any CPU
	EndGlobalSection
	GlobalSection(SolutionProperties) = preSolution
		HideSolutionNode = FALSE
	EndGlobalSection
EndGlobal
