
Microsoft Visual Studio Solution File, Format Version 11.00
# Visual Studio 2010
Project("{FAE04EC0-301F-11D3-BF4B-00C04F79EFBC}") = "BulletsAndLists_2010", "BulletsAndLists_2010.csproj", "{774E86D5-D716-4376-8575-9A1534C41E80}"
EndProject
Global
	GlobalSection(SolutionConfigurationPlatforms) = preSolution
		Debug|Any CPU = Debug|Any CPU
		Release|Any CPU = Release|Any CPU
	EndGlobalSection
	GlobalSection(ProjectConfigurationPlatforms) = postSolution
		{774E86D5-D716-4376-8575-9A1534C41E80}.Debug|Any CPU.ActiveCfg = Debug|Any CPU
		{774E86D5-D716-4376-8575-9A1534C41E80}.Debug|Any CPU.Build.0 = Debug|Any CPU
		{774E86D5-D716-4376-8575-9A1534C41E80}.Release|Any CPU.ActiveCfg = Release|Any CPU
		{774E86D5-D716-4376-8575-9A1534C41E80}.Release|Any CPU.Build.0 = Release|Any CPU
	EndGlobalSection
	GlobalSection(SolutionProperties) = preSolution
		HideSolutionNode = FALSE
	EndGlobalSection
EndGlobal
