Microsoft Visual Studio Solution File, Format Version 12.00
# Visual Studio Version 16
VisualStudioVersion = 16.0.29020.237
MinimumVisualStudioVersion = 10.0.40219.1
Project("{FAE04EC0-301F-11D3-BF4B-00C04F79EFBC}") = "syncfusion.floorplanner.wpf_50", "syncfusion.floorplanner.wpf_50.csproj", "{5149A580-1C16-4C1A-8C42-3EBCAAE53CAD}"
EndProject
Project("{FAE04EC0-301F-11D3-BF4B-00C04F79EFBC}") = "syncfusion.floorplanner.wpf_lib_50", "syncfusion.floorplanner.wpf_lib_50.csproj", "{022B1233-6FD1-4969-8B9E-0FC008181F93}"
EndProject
Project("{FAE04EC0-301F-11D3-BF4B-00C04F79EFBC}") = "syncfusion.diagrambackstage.wpf_lib_50", "..\diagram backstage\syncfusion.diagrambackstage.wpf_lib_50.csproj", "{A8DFEE3B-BBB7-4EFF-8EE0-BE7130F2DF91}"
EndProject
Global
	GlobalSection(SolutionConfigurationPlatforms) = preSolution
		Debug|Any CPU = Debug|Any CPU
		Release|Any CPU = Release|Any CPU
	EndGlobalSection
	GlobalSection(ProjectConfigurationPlatforms) = postSolution
		{5149A580-1C16-4C1A-8C42-3EBCAAE53CAD}.Debug|Any CPU.ActiveCfg = Debug|Any CPU
		{5149A580-1C16-4C1A-8C42-3EBCAAE53CAD}.Debug|Any CPU.Build.0 = Debug|Any CPU
		{5149A580-1C16-4C1A-8C42-3EBCAAE53CAD}.Release|Any CPU.ActiveCfg = Release|Any CPU
		{5149A580-1C16-4C1A-8C42-3EBCAAE53CAD}.Release|Any CPU.Build.0 = Release|Any CPU
		{022B1233-6FD1-4969-8B9E-0FC008181F93}.Debug|Any CPU.ActiveCfg = Debug|Any CPU
		{022B1233-6FD1-4969-8B9E-0FC008181F93}.Debug|Any CPU.Build.0 = Debug|Any CPU
		{022B1233-6FD1-4969-8B9E-0FC008181F93}.Release|Any CPU.ActiveCfg = Release|Any CPU
		{022B1233-6FD1-4969-8B9E-0FC008181F93}.Release|Any CPU.Build.0 = Release|Any CPU
		{A8DFEE3B-BBB7-4EFF-8EE0-BE7130F2DF91}.Debug|Any CPU.ActiveCfg = Debug|Any CPU
		{A8DFEE3B-BBB7-4EFF-8EE0-BE7130F2DF91}.Debug|Any CPU.Build.0 = Debug|Any CPU
		{A8DFEE3B-BBB7-4EFF-8EE0-BE7130F2DF91}.Release|Any CPU.ActiveCfg = Release|Any CPU
		{A8DFEE3B-BBB7-4EFF-8EE0-BE7130F2DF91}.Release|Any CPU.Build.0 = Release|Any CPU
	EndGlobalSection
	GlobalSection(SolutionProperties) = preSolution
		HideSolutionNode = FALSE
	EndGlobalSection
	GlobalSection(ExtensibilityGlobals) = postSolution
		SolutionGuid = {67C8566A-E0DF-453C-9D8A-26F1DE20A517}
	EndGlobalSection
EndGlobal
