
Microsoft Visual Studio Solution File, Format Version 11.00
# Visual Studio 2010
Project("{FAE04EC0-301F-11D3-BF4B-00C04F79EFBC}") = "ChartWorksheet", "ChartWorksheet_2010.csproj", "{CE5E67D5-9CA7-4A2D-9BFC-06D85F719F3C}"
EndProject
Global
	GlobalSection(SolutionConfigurationPlatforms) = preSolution
		Debug|Any CPU = Debug|Any CPU
		Release|Any CPU = Release|Any CPU
	EndGlobalSection
	GlobalSection(ProjectConfigurationPlatforms) = postSolution
		{CE5E67D5-9CA7-4A2D-9BFC-06D85F719F3C}.Debug|Any CPU.ActiveCfg = Debug|Any CPU
		{CE5E67D5-9CA7-4A2D-9BFC-06D85F719F3C}.Debug|Any CPU.Build.0 = Debug|Any CPU
		{CE5E67D5-9CA7-4A2D-9BFC-06D85F719F3C}.Release|Any CPU.ActiveCfg = Release|Any CPU
		{CE5E67D5-9CA7-4A2D-9BFC-06D85F719F3C}.Release|Any CPU.Build.0 = Release|Any CPU
	EndGlobalSection
	GlobalSection(SolutionProperties) = preSolution
		HideSolutionNode = FALSE
	EndGlobalSection
EndGlobal
