
Microsoft Visual Studio Solution File, Format Version 11.00
# Visual Studio 2010
Project("{FAE04EC0-301F-11D3-BF4B-00C04F79EFBC}") = "Color Picker_2010", "Color Picker_2010.csproj", "{F9247934-7E3D-413D-A0C9-04D2E8D372EF}"
EndProject
Global
	GlobalSection(SolutionConfigurationPlatforms) = preSolution
		Debug|Any CPU = Debug|Any CPU
		Release|Any CPU = Release|Any CPU
	EndGlobalSection
	GlobalSection(ProjectConfigurationPlatforms) = postSolution
		{F9247934-7E3D-413D-A0C9-04D2E8D372EF}.Debug|Any CPU.ActiveCfg = Debug|Any CPU
		{F9247934-7E3D-413D-A0C9-04D2E8D372EF}.Debug|Any CPU.Build.0 = Debug|Any CPU
		{F9247934-7E3D-413D-A0C9-04D2E8D372EF}.Release|Any CPU.ActiveCfg = Release|Any CPU
		{F9247934-7E3D-413D-A0C9-04D2E8D372EF}.Release|Any CPU.Build.0 = Release|Any CPU
	EndGlobalSection
	GlobalSection(SolutionProperties) = preSolution
		HideSolutionNode = FALSE
	EndGlobalSection
EndGlobal
