
Microsoft Visual Studio Solution File, Format Version 11.00
# Visual Studio 2010
Project("{FAE04EC0-301F-11D3-BF4B-00C04F79EFBC}") = "SalesInvoice", "SalesInvoice_2010.csproj", "{91FE4C90-8919-446C-8A66-D5084E9AEA9F}"
EndProject
Global
	GlobalSection(SolutionConfigurationPlatforms) = preSolution
		Debug|Any CPU = Debug|Any CPU
		Release|Any CPU = Release|Any CPU
	EndGlobalSection
	GlobalSection(ProjectConfigurationPlatforms) = postSolution
		{91FE4C90-8919-446C-8A66-D5084E9AEA9F}.Debug|Any CPU.ActiveCfg = Debug|Any CPU
		{91FE4C90-8919-446C-8A66-D5084E9AEA9F}.Debug|Any CPU.Build.0 = Debug|Any CPU
		{91FE4C90-8919-446C-8A66-D5084E9AEA9F}.Release|Any CPU.ActiveCfg = Release|Any CPU
		{91FE4C90-8919-446C-8A66-D5084E9AEA9F}.Release|Any CPU.Build.0 = Release|Any CPU
	EndGlobalSection
	GlobalSection(SolutionProperties) = preSolution
		HideSolutionNode = FALSE
	EndGlobalSection
EndGlobal
