
Microsoft Visual Studio Solution File, Format Version 11.00
# Visual Studio 2010
Project("{FAE04EC0-301F-11D3-BF4B-00C04F79EFBC}") = "Legend_2010", "Legend_2010.csproj", "{FEFB743C-155C-4967-A8A4-3D0C8B4D770E}"
EndProject
Global
	GlobalSection(SolutionConfigurationPlatforms) = preSolution
		Debug|Any CPU = Debug|Any CPU
		Release|Any CPU = Release|Any CPU
	EndGlobalSection
	GlobalSection(ProjectConfigurationPlatforms) = postSolution
		{FEFB743C-155C-4967-A8A4-3D0C8B4D770E}.Debug|Any CPU.ActiveCfg = Debug|Any CPU
		{FEFB743C-155C-4967-A8A4-3D0C8B4D770E}.Debug|Any CPU.Build.0 = Debug|Any CPU
		{FEFB743C-155C-4967-A8A4-3D0C8B4D770E}.Release|Any CPU.ActiveCfg = Release|Any CPU
		{FEFB743C-155C-4967-A8A4-3D0C8B4D770E}.Release|Any CPU.Build.0 = Release|Any CPU
	EndGlobalSection
	GlobalSection(SolutionProperties) = preSolution
		HideSolutionNode = FALSE
	EndGlobalSection
EndGlobal
