
Microsoft Visual Studio Solution File, Format Version 11.00
# Visual Studio 2010
Project("{FAE04EC0-301F-11D3-BF4B-00C04F79EFBC}") = "LiveDataDemo_2010", "LiveDataDemo_2010.csproj", "{E97ACF58-8F31-4936-B217-16D046E53477}"
EndProject
Global
	GlobalSection(SolutionConfigurationPlatforms) = preSolution
		Debug|x86 = Debug|x86
		Release|x86 = Release|x86
	EndGlobalSection
	GlobalSection(ProjectConfigurationPlatforms) = postSolution
		{E97ACF58-8F31-4936-B217-16D046E53477}.Debug|x86.ActiveCfg = Debug|x86
		{E97ACF58-8F31-4936-B217-16D046E53477}.Debug|x86.Build.0 = Debug|x86
		{E97ACF58-8F31-4936-B217-16D046E53477}.Release|x86.ActiveCfg = Release|x86
		{E97ACF58-8F31-4936-B217-16D046E53477}.Release|x86.Build.0 = Release|x86
	EndGlobalSection
	GlobalSection(SolutionProperties) = preSolution
		HideSolutionNode = FALSE
	EndGlobalSection
EndGlobal
