Microsoft Visual Studio Solution File, Format Version 12.00
# Visual Studio Version 16
VisualStudioVersion = 16.0.29020.237
MinimumVisualStudioVersion = 10.0.40219.1
Project("{FAE04EC0-301F-11D3-BF4B-00C04F79EFBC}") = "syncfusion.spreadsheetdemos.wpf_60", "syncfusion.spreadsheetdemos.wpf_60.csproj", "{B64564DC-04BF-4153-A4C1-82612A6F5E1A}"
EndProject
Project("{FAE04EC0-301F-11D3-BF4B-00C04F79EFBC}") = "syncfusion.demoscommon.wpf_lib_60", "..\common\syncfusion.demoscommon.wpf_lib_60.csproj", "{9EF55CDB-ED67-4A06-BC2A-1F811F791191}"
EndProject
Project("{FAE04EC0-301F-11D3-BF4B-00C04F79EFBC}") = "syncfusion.spreadsheetdemos.wpf_lib_60", "syncfusion.spreadsheetdemos.wpf_lib_60.csproj", "{9B620E8D-CE6E-44E0-88C3-860F07D3CA68}"
EndProject
Global
	GlobalSection(SolutionConfigurationPlatforms) = preSolution
		Debug|Any CPU = Debug|Any CPU
		Release|Any CPU = Release|Any CPU
	EndGlobalSection
	GlobalSection(ProjectConfigurationPlatforms) = postSolution
		{B64564DC-04BF-4153-A4C1-82612A6F5E1A}.Debug|Any CPU.ActiveCfg = Debug|Any CPU
		{B64564DC-04BF-4153-A4C1-82612A6F5E1A}.Debug|Any CPU.Build.0 = Debug|Any CPU
		{B64564DC-04BF-4153-A4C1-82612A6F5E1A}.Release|Any CPU.ActiveCfg = Release|Any CPU
		{B64564DC-04BF-4153-A4C1-82612A6F5E1A}.Release|Any CPU.Build.0 = Release|Any CPU
		{9EF55CDB-ED67-4A06-BC2A-1F811F791191}.Debug|Any CPU.ActiveCfg = Debug|Any CPU
		{9EF55CDB-ED67-4A06-BC2A-1F811F791191}.Debug|Any CPU.Build.0 = Debug|Any CPU
		{9EF55CDB-ED67-4A06-BC2A-1F811F791191}.Release|Any CPU.ActiveCfg = Release|Any CPU
		{9EF55CDB-ED67-4A06-BC2A-1F811F791191}.Release|Any CPU.Build.0 = Release|Any CPU
		{9B620E8D-CE6E-44E0-88C3-860F07D3CA68}.Debug|Any CPU.ActiveCfg = Debug|Any CPU
		{9B620E8D-CE6E-44E0-88C3-860F07D3CA68}.Debug|Any CPU.Build.0 = Debug|Any CPU
		{9B620E8D-CE6E-44E0-88C3-860F07D3CA68}.Release|Any CPU.ActiveCfg = Release|Any CPU
		{9B620E8D-CE6E-44E0-88C3-860F07D3CA68}.Release|Any CPU.Build.0 = Release|Any CPU
	EndGlobalSection
	GlobalSection(SolutionProperties) = preSolution
		HideSolutionNode = FALSE
	EndGlobalSection
	GlobalSection(ExtensibilityGlobals) = postSolution
		SolutionGuid = {4B138D06-306E-4A39-8B09-A08406AE9B90}
	EndGlobalSection
EndGlobal
