
Microsoft Visual Studio Solution File, Format Version 12.00
# Visual Studio 15
Project("{FAE04EC0-301F-11D3-BF4B-00C04F79EFBC}") = "SfHubTile_2017", "SfHubTile_2017.csproj", "{24BC83C1-0195-4B27-8D8C-CB34EAE5B181}"
EndProject
Global
	GlobalSection(SolutionConfigurationPlatforms) = preSolution
		Debug|Any CPU = Debug|Any CPU
		Debug|Mixed Platforms = Debug|Mixed Platforms
		Debug|x86 = Debug|x86
		Debug-Xml|Any CPU = Debug-Xml|Any CPU
		Debug-Xml|Mixed Platforms = Debug-Xml|Mixed Platforms
		Debug-Xml|x86 = Debug-Xml|x86
		Release|Any CPU = Release|Any CPU
		Release|Mixed Platforms = Release|Mixed Platforms
		Release|x86 = Release|x86
		Release-Xml|Any CPU = Release-Xml|Any CPU
		Release-Xml|Mixed Platforms = Release-Xml|Mixed Platforms
		Release-Xml|x86 = Release-Xml|x86
	EndGlobalSection
	GlobalSection(ProjectConfigurationPlatforms) = postSolution
		{24BC83C1-0195-4B27-8D8C-CB34EAE5B181}.Debug|Any CPU.ActiveCfg = Debug|x86
		{24BC83C1-0195-4B27-8D8C-CB34EAE5B181}.Debug|Mixed Platforms.ActiveCfg = Debug|x86
		{24BC83C1-0195-4B27-8D8C-CB34EAE5B181}.Debug|Mixed Platforms.Build.0 = Debug|x86
		{24BC83C1-0195-4B27-8D8C-CB34EAE5B181}.Debug|x86.ActiveCfg = Debug|x86
		{24BC83C1-0195-4B27-8D8C-CB34EAE5B181}.Debug|x86.Build.0 = Debug|x86
		{24BC83C1-0195-4B27-8D8C-CB34EAE5B181}.Debug-Xml|Any CPU.ActiveCfg = Debug|x86
		{24BC83C1-0195-4B27-8D8C-CB34EAE5B181}.Debug-Xml|Mixed Platforms.ActiveCfg = Debug|x86
		{24BC83C1-0195-4B27-8D8C-CB34EAE5B181}.Debug-Xml|Mixed Platforms.Build.0 = Debug|x86
		{24BC83C1-0195-4B27-8D8C-CB34EAE5B181}.Debug-Xml|x86.ActiveCfg = Debug|x86
		{24BC83C1-0195-4B27-8D8C-CB34EAE5B181}.Debug-Xml|x86.Build.0 = Debug|x86
		{24BC83C1-0195-4B27-8D8C-CB34EAE5B181}.Release|Any CPU.ActiveCfg = Release|x86
		{24BC83C1-0195-4B27-8D8C-CB34EAE5B181}.Release|Mixed Platforms.ActiveCfg = Release|x86
		{24BC83C1-0195-4B27-8D8C-CB34EAE5B181}.Release|Mixed Platforms.Build.0 = Release|x86
		{24BC83C1-0195-4B27-8D8C-CB34EAE5B181}.Release|x86.ActiveCfg = Release|x86
		{24BC83C1-0195-4B27-8D8C-CB34EAE5B181}.Release|x86.Build.0 = Release|x86
		{24BC83C1-0195-4B27-8D8C-CB34EAE5B181}.Release-Xml|Any CPU.ActiveCfg = Release|x86
		{24BC83C1-0195-4B27-8D8C-CB34EAE5B181}.Release-Xml|Mixed Platforms.ActiveCfg = Release|x86
		{24BC83C1-0195-4B27-8D8C-CB34EAE5B181}.Release-Xml|Mixed Platforms.Build.0 = Release|x86
		{24BC83C1-0195-4B27-8D8C-CB34EAE5B181}.Release-Xml|x86.ActiveCfg = Release|x86
		{24BC83C1-0195-4B27-8D8C-CB34EAE5B181}.Release-Xml|x86.Build.0 = Release|x86
	EndGlobalSection
	GlobalSection(SolutionProperties) = preSolution
		HideSolutionNode = FALSE
	EndGlobalSection
EndGlobal
