Microsoft Visual Studio Solution File, Format Version 12.00
# Visual Studio Version 16
VisualStudioVersion = 16.0.29020.237
MinimumVisualStudioVersion = 10.0.40219.1
Project("{FAE04EC0-301F-11D3-BF4B-00C04F79EFBC}") = "Network Diagram_NETCore", "Network Diagram_NETCore.csproj", "{15AEDAFA-59B9-4611-A59F-3FC5A233A41B}"
EndProject
Global
	GlobalSection(SolutionConfigurationPlatforms) = preSolution
		Debug|Any CPU = Debug|Any CPU
		Release|Any CPU = Release|Any CPU
	EndGlobalSection
	GlobalSection(ProjectConfigurationPlatforms) = postSolution
		{15AEDAFA-59B9-4611-A59F-3FC5A233A41B}.Debug|Any CPU.ActiveCfg = Debug|Any CPU
		{15AEDAFA-59B9-4611-A59F-3FC5A233A41B}.Debug|Any CPU.Build.0 = Debug|Any CPU
		{15AEDAFA-59B9-4611-A59F-3FC5A233A41B}.Release|Any CPU.ActiveCfg = Release|Any CPU
		{15AEDAFA-59B9-4611-A59F-3FC5A233A41B}.Release|Any CPU.Build.0 = Release|Any CPU
	EndGlobalSection
	GlobalSection(SolutionProperties) = preSolution
		HideSolutionNode = FALSE
	EndGlobalSection
	GlobalSection(ExtensibilityGlobals) = postSolution
		SolutionGuid = {304F9309-2D78-4CFB-93C7-FF8DBC9DF48B}
	EndGlobalSection
EndGlobal
