
Microsoft Visual Studio Solution File, Format Version 12.00
# Visual Studio 15
VisualStudioVersion 15.0.26020.0
MinimumVisualStudioVersion = 10.0.40219.1
Project("{FAE04EC0-301F-11D3-BF4B-00C04F79EFBC}") = "Grouping and Ordering_2017", "Grouping and Ordering_2017.csproj", "{6529984D-DAE9-4101-B8DD-99D5BDD3DEFB}"
EndProject
Global
	GlobalSection(SolutionConfigurationPlatforms) = preSolution
		Debug|Any CPU = Debug|Any CPU
		Release|Any CPU = Release|Any CPU
		Release-Xml|Any CPU = Release-Xml|Any CPU
	EndGlobalSection
	GlobalSection(ProjectConfigurationPlatforms) = postSolution
		{6529984D-DAE9-4101-B8DD-99D5BDD3DEFB}.Debug|Any CPU.ActiveCfg = Debug|Any CPU
		{6529984D-DAE9-4101-B8DD-99D5BDD3DEFB}.Debug|Any CPU.Build.0 = Debug|Any CPU
		{6529984D-DAE9-4101-B8DD-99D5BDD3DEFB}.Release|Any CPU.ActiveCfg = Release|Any CPU
		{6529984D-DAE9-4101-B8DD-99D5BDD3DEFB}.Release|Any CPU.Build.0 = Release|Any CPU
		{6529984D-DAE9-4101-B8DD-99D5BDD3DEFB}.Release-Xml|Any CPU.ActiveCfg = Release|Any CPU
		{6529984D-DAE9-4101-B8DD-99D5BDD3DEFB}.Release-Xml|Any CPU.Build.0 = Release|Any CPU
	EndGlobalSection
	GlobalSection(SolutionProperties) = preSolution
		HideSolutionNode = FALSE
	EndGlobalSection
EndGlobal
