Microsoft Visual Studio Solution File, Format Version 12.00
# Visual Studio Version 16
VisualStudioVersion = 16.0.29020.237
MinimumVisualStudioVersion = 10.0.40219.1
Project("{9A19103F-16F7-4668-BE54-9A1E7A4F7556}") = "CustomDateTimeSchedule_NETCore", "CustomDateTimeSchedule_NETCore.csproj", "{DA560E22-D9C3-4429-913E-CB4ECC6B065E}"
EndProject
Global
	GlobalSection(SolutionConfigurationPlatforms) = preSolution
		Debug|Any CPU = Debug|Any CPU
		Debug|Mixed Platforms = Debug|Mixed Platforms
		Debug|x86 = Debug|x86
		Debug-XML|Any CPU = Debug-XML|Any CPU
		Debug-XML|Mixed Platforms = Debug-XML|Mixed Platforms
		Debug-XML|x86 = Debug-XML|x86
		Release|Any CPU = Release|Any CPU
		Release|Mixed Platforms = Release|Mixed Platforms
		Release|x86 = Release|x86
		Release-XML|Any CPU = Release-XML|Any CPU
		Release-XML|Mixed Platforms = Release-XML|Mixed Platforms
		Release-XML|x86 = Release-XML|x86
	EndGlobalSection
	GlobalSection(ProjectConfigurationPlatforms) = postSolution
		{DA560E22-D9C3-4429-913E-CB4ECC6B065E}.Debug|Any CPU.ActiveCfg = Debug|Any CPU
		{DA560E22-D9C3-4429-913E-CB4ECC6B065E}.Debug|Any CPU.Build.0 = Debug|Any CPU
		{DA560E22-D9C3-4429-913E-CB4ECC6B065E}.Debug|Mixed Platforms.ActiveCfg = Debug|Any CPU
		{DA560E22-D9C3-4429-913E-CB4ECC6B065E}.Debug|Mixed Platforms.Build.0 = Debug|Any CPU
		{DA560E22-D9C3-4429-913E-CB4ECC6B065E}.Debug|x86.ActiveCfg = Debug|Any CPU
		{DA560E22-D9C3-4429-913E-CB4ECC6B065E}.Debug|x86.Build.0 = Debug|Any CPU
		{DA560E22-D9C3-4429-913E-CB4ECC6B065E}.Debug-XML|Any CPU.ActiveCfg = Debug|Any CPU
		{DA560E22-D9C3-4429-913E-CB4ECC6B065E}.Debug-XML|Any CPU.Build.0 = Debug|Any CPU
		{DA560E22-D9C3-4429-913E-CB4ECC6B065E}.Debug-XML|Mixed Platforms.ActiveCfg = Debug|Any CPU
		{DA560E22-D9C3-4429-913E-CB4ECC6B065E}.Debug-XML|Mixed Platforms.Build.0 = Debug|Any CPU
		{DA560E22-D9C3-4429-913E-CB4ECC6B065E}.Debug-XML|x86.ActiveCfg = Debug|Any CPU
		{DA560E22-D9C3-4429-913E-CB4ECC6B065E}.Debug-XML|x86.Build.0 = Debug|Any CPU
		{DA560E22-D9C3-4429-913E-CB4ECC6B065E}.Release|Any CPU.ActiveCfg = Release|Any CPU
		{DA560E22-D9C3-4429-913E-CB4ECC6B065E}.Release|Any CPU.Build.0 = Release|Any CPU
		{DA560E22-D9C3-4429-913E-CB4ECC6B065E}.Release|Mixed Platforms.ActiveCfg = Release|Any CPU
		{DA560E22-D9C3-4429-913E-CB4ECC6B065E}.Release|Mixed Platforms.Build.0 = Release|Any CPU
		{DA560E22-D9C3-4429-913E-CB4ECC6B065E}.Release|x86.ActiveCfg = Release|Any CPU
		{DA560E22-D9C3-4429-913E-CB4ECC6B065E}.Release|x86.Build.0 = Release|Any CPU
		{DA560E22-D9C3-4429-913E-CB4ECC6B065E}.Release-XML|Any CPU.ActiveCfg = Release|Any CPU
		{DA560E22-D9C3-4429-913E-CB4ECC6B065E}.Release-XML|Any CPU.Build.0 = Release|Any CPU
		{DA560E22-D9C3-4429-913E-CB4ECC6B065E}.Release-XML|Mixed Platforms.ActiveCfg = Release|Any CPU
		{DA560E22-D9C3-4429-913E-CB4ECC6B065E}.Release-XML|Mixed Platforms.Build.0 = Release|Any CPU
		{DA560E22-D9C3-4429-913E-CB4ECC6B065E}.Release-XML|x86.ActiveCfg = Release|Any CPU
		{DA560E22-D9C3-4429-913E-CB4ECC6B065E}.Release-XML|x86.Build.0 = Release|Any CPU
	EndGlobalSection
	GlobalSection(SolutionProperties) = preSolution
		HideSolutionNode = FALSE
	EndGlobalSection
	GlobalSection(ExtensibilityGlobals) = postSolution
		SolutionGuid = {2128B5F4-CB7C-45EF-B320-13FC11075082}
	EndGlobalSection
EndGlobal
