
Microsoft Visual Studio Solution File, Format Version 12.00
# Visual Studio 2012
Project("{FAE04EC0-301F-11D3-BF4B-00C04F79EFBC}") = "Exporting Grid_2012", "Exporting Grid_2012.csproj", "{32D157B9-CB5E-4F3C-B48E-67F557143F0F}"
EndProject
Global
	GlobalSection(SolutionConfigurationPlatforms) = preSolution
		Debug|Any CPU = Debug|Any CPU
		Release|Any CPU = Release|Any CPU
	EndGlobalSection
	GlobalSection(ProjectConfigurationPlatforms) = postSolution
		{32D157B9-CB5E-4F3C-B48E-67F557143F0F}.Debug|Any CPU.ActiveCfg = Debug|Any CPU
		{32D157B9-CB5E-4F3C-B48E-67F557143F0F}.Debug|Any CPU.Build.0 = Debug|Any CPU
		{32D157B9-CB5E-4F3C-B48E-67F557143F0F}.Release|Any CPU.ActiveCfg = Release|Any CPU
		{32D157B9-CB5E-4F3C-B48E-67F557143F0F}.Release|Any CPU.Build.0 = Release|Any CPU
	EndGlobalSection
	GlobalSection(SolutionProperties) = preSolution
		HideSolutionNode = FALSE
	EndGlobalSection
EndGlobal
