
Microsoft Visual Studio Solution File, Format Version 13.00
# Visual Studio 2013
Project("{FAE04EC0-301F-11D3-BF4B-00C04F79EFBC}") = "BindingTaskDetails_2013", "BindingTaskDetails_2013.csproj", "{FEA5A381-8CC4-42EA-ABD9-F96812D4B20D}"
EndProject
Global
	GlobalSection(SolutionConfigurationPlatforms) = preSolution
		Debug|x86 = Debug|x86
		Release|x86 = Release|x86
	EndGlobalSection
	GlobalSection(ProjectConfigurationPlatforms) = postSolution
		{FEA5A381-8CC4-42EA-ABD9-F96812D4B20D}.Debug|x86.ActiveCfg = Debug|x86
		{FEA5A381-8CC4-42EA-ABD9-F96812D4B20D}.Debug|x86.Build.0 = Debug|x86
		{FEA5A381-8CC4-42EA-ABD9-F96812D4B20D}.Release|x86.ActiveCfg = Release|x86
		{FEA5A381-8CC4-42EA-ABD9-F96812D4B20D}.Release|x86.Build.0 = Release|x86
	EndGlobalSection
	GlobalSection(SolutionProperties) = preSolution
		HideSolutionNode = FALSE
	EndGlobalSection
EndGlobal
