
Microsoft Visual Studio Solution File, Format Version 12.00
# Visual Studio 15
VisualStudioVersion 15.0.26020.0
MinimumVisualStudioVersion = 10.0.40219.1
Project("{FAE04EC0-301F-11D3-BF4B-00C04F79EFBC}") = "DocToEPub_2017", "DocToEPub_2017.csproj", "{A71A879E-5029-4ABA-BFA0-B24C7987FAAF}"
EndProject
Global
	GlobalSection(SolutionConfigurationPlatforms) = preSolution
		Debug|Any CPU = Debug|Any CPU
		Release|Any CPU = Release|Any CPU
	EndGlobalSection
	GlobalSection(ProjectConfigurationPlatforms) = postSolution
		{A71A879E-5029-4ABA-BFA0-B24C7987FAAF}.Debug|Any CPU.ActiveCfg = Debug|Any CPU
		{A71A879E-5029-4ABA-BFA0-B24C7987FAAF}.Debug|Any CPU.Build.0 = Debug|Any CPU
		{A71A879E-5029-4ABA-BFA0-B24C7987FAAF}.Release|Any CPU.ActiveCfg = Release|Any CPU
		{A71A879E-5029-4ABA-BFA0-B24C7987FAAF}.Release|Any CPU.Build.0 = Release|Any CPU
	EndGlobalSection
	GlobalSection(SolutionProperties) = preSolution
		HideSolutionNode = FALSE
	EndGlobalSection
EndGlobal
