{
  "version": 3,
  "targets": {
    "net7.0-windows7.0": {
      "Microsoft.Xaml.Behaviors.Wpf/1.1.19": {
        "type": "package",
        "compile": {
          "lib/netcoreapp3.0/Microsoft.Xaml.Behaviors.dll": {
            "related": ".pdb;.xml"
          }
        },
        "runtime": {
          "lib/netcoreapp3.0/Microsoft.Xaml.Behaviors.dll": {
            "related": ".pdb;.xml"
          }
        },
        "frameworkReferences": [
          "Microsoft.WindowsDesktop.App.WPF"
        ]
      }
    }
  },
  "libraries": {
    "Microsoft.Xaml.Behaviors.Wpf/1.1.19": {
      "sha512": "5sPWkbqImc2t1aQwIfJcKsUo7tOg1Tr8+6xVzZJB56Nzt4u9NlpcLofgdX/aRYpPKdWDA3U23Akw1KQzU5e82g==",
      "type": "package",
      "path": "microsoft.xaml.behaviors.wpf/1.1.19",
      "hasTools": true,
      "files": [
        ".nupkg.metadata",
        ".signature.p7s",
        "lib/net45/Design/Microsoft.Xaml.Behaviors.Design.dll",
        "lib/net45/Microsoft.Xaml.Behaviors.dll",
        "lib/net45/Microsoft.Xaml.Behaviors.pdb",
        "lib/net45/Microsoft.Xaml.Behaviors.xml",
        "lib/netcoreapp3.0/Design/Microsoft.Xaml.Behaviors.DesignTools.dll",
        "lib/netcoreapp3.0/Microsoft.Xaml.Behaviors.dll",
        "lib/netcoreapp3.0/Microsoft.Xaml.Behaviors.pdb",
        "lib/netcoreapp3.0/Microsoft.Xaml.Behaviors.xml",
        "microsoft.xaml.behaviors.wpf.1.1.19.nupkg.sha512",
        "microsoft.xaml.behaviors.wpf.nuspec",
        "tools/Install.ps1"
      ]
    }
  },
  "projectFileDependencyGroups": {
    "net7.0-windows7.0": [
      "Microsoft.Xaml.Behaviors.Wpf >= 1.1.19"
    ]
  },
  "packageFolders": {
    "C:\\Windows\\ServiceProfiles\\NetworkService\\.nuget\\packages\\": {},
    "C:\\Program Files (x86)\\Microsoft Visual Studio\\Shared\\NuGetPackages": {},
    "C:\\Program Files (x86)\\Microsoft\\Xamarin\\NuGet\\": {},
    "C:\\Program Files\\dotnet\\sdk\\NuGetFallbackFolder": {}
  },
  "project": {
    "version": "1.0.0",
    "restore": {
      "projectUniqueName": "C:\\Git\\RP\\wpf-demos\\docio\\syncfusion.dociodemos.wpf_lib_70.csproj",
      "projectName": "syncfusion.dociodemos.wpf",
      "projectPath": "C:\\Git\\RP\\wpf-demos\\docio\\syncfusion.dociodemos.wpf_lib_70.csproj",
      "packagesPath": "C:\\Windows\\ServiceProfiles\\NetworkService\\.nuget\\packages\\",
      "outputPath": "C:\\Git\\RP\\wpf-demos\\docio\\obj_70\\",
      "projectStyle": "PackageReference",
      "fallbackFolders": [
        "C:\\Program Files (x86)\\Microsoft Visual Studio\\Shared\\NuGetPackages",
        "C:\\Program Files (x86)\\Microsoft\\Xamarin\\NuGet\\",
        "C:\\Program Files\\dotnet\\sdk\\NuGetFallbackFolder"
      ],
      "configFilePaths": [
        "C:\\Git\\RP\\wpf-demos\\NuGet.Config",
        "C:\\Windows\\ServiceProfiles\\NetworkService\\AppData\\Roaming\\NuGet\\NuGet.Config",
        "C:\\Program Files (x86)\\NuGet\\Config\\Microsoft.VisualStudio.FallbackLocation.config",
        "C:\\Program Files (x86)\\NuGet\\Config\\Microsoft.VisualStudio.Offline.config",
        "C:\\Program Files (x86)\\NuGet\\Config\\Xamarin.Offline.config"
      ],
      "originalTargetFrameworks": [
        "net7.0-windows"
      ],
      "sources": {
        "C:\\Git\\RP\\wpf-demos\\resources\\nuget": {},
        "C:\\Program Files (x86)\\Microsoft SDKs\\NuGetPackages\\": {},
        "C:\\Program Files\\dotnet\\library-packs": {},
        "https://api.nuget.org/v3/index.json": {},
        "https://nexus.syncfusion.com/repository/nuget-hosted/": {}
      },
      "frameworks": {
        "net7.0-windows7.0": {
          "targetAlias": "net7.0-windows",
          "projectReferences": {}
        }
      },
      "warningProperties": {
        "warnAsError": [
          "NU1605"
        ]
      }
    },
    "frameworks": {
      "net7.0-windows7.0": {
        "targetAlias": "net7.0-windows",
        "dependencies": {
          "Microsoft.Xaml.Behaviors.Wpf": {
            "target": "Package",
            "version": "[1.1.19, )"
          }
        },
        "imports": [
          "net461",
          "net462",
          "net47",
          "net471",
          "net472",
          "net48",
          "net481"
        ],
        "assetTargetFallback": true,
        "warn": true,
        "frameworkReferences": {
          "Microsoft.NETCore.App": {
            "privateAssets": "all"
          },
          "Microsoft.WindowsDesktop.App": {
            "privateAssets": "none"
          }
        },
        "runtimeIdentifierGraphPath": "C:\\Program Files\\dotnet\\sdk\\7.0.100\\RuntimeIdentifierGraph.json"
      }
    }
  }
}