
Microsoft Visual Studio Solution File, Format Version 12.00
# Visual Studio Version 16
VisualStudioVersion = 16.0.29025.244
MinimumVisualStudioVersion = 10.0.40219.1
Project("{FAE04EC0-301F-11D3-BF4B-00C04F79EFBC}") = "DirectionCompass_2010", "DirectionCompass_2010.csproj", "{2A1D997E-5221-4765-9B3C-B8B04E76D8D8}"
EndProject
Global
	GlobalSection(SolutionConfigurationPlatforms) = preSolution
		Debug|Any CPU = Debug|Any CPU
		Release|Any CPU = Release|Any CPU
	EndGlobalSection
	GlobalSection(ProjectConfigurationPlatforms) = postSolution
		{2A1D997E-5221-4765-9B3C-B8B04E76D8D8}.Debug|Any CPU.ActiveCfg = Debug|Any CPU
		{2A1D997E-5221-4765-9B3C-B8B04E76D8D8}.Debug|Any CPU.Build.0 = Debug|Any CPU
		{2A1D997E-5221-4765-9B3C-B8B04E76D8D8}.Release|Any CPU.ActiveCfg = Release|Any CPU
		{2A1D997E-5221-4765-9B3C-B8B04E76D8D8}.Release|Any CPU.Build.0 = Release|Any CPU
	EndGlobalSection
	GlobalSection(SolutionProperties) = preSolution
		HideSolutionNode = FALSE
	EndGlobalSection
	GlobalSection(ExtensibilityGlobals) = postSolution
		SolutionGuid = {C0749DD3-C006-49ED-B6DE-29D8CDEE0826}
	EndGlobalSection
EndGlobal
