
Microsoft Visual Studio Solution File, Format Version 12.00
# Visual Studio Version 16
VisualStudioVersion = 16.0.29009.5
MinimumVisualStudioVersion = 10.0.40219.1
Project("{FAE04EC0-301F-11D3-BF4B-00C04F79EFBC}") = "Invoice_NETCore", "Invoice_NETCore.csproj", "{D67A612D-1927-4005-804B-6E43D536D666}"
EndProject
Global
	GlobalSection(SolutionConfigurationPlatforms) = preSolution
		Debug|x86 = Debug|x86
		Release|x86 = Release|x86
	EndGlobalSection
	GlobalSection(ProjectConfigurationPlatforms) = postSolution
		{D67A612D-1927-4005-804B-6E43D536D666}.Debug|x86.ActiveCfg = Debug|Any CPU
		{D67A612D-1927-4005-804B-6E43D536D666}.Debug|x86.Build.0 = Debug|Any CPU
		{D67A612D-1927-4005-804B-6E43D536D666}.Release|x86.ActiveCfg = Release|Any CPU
		{D67A612D-1927-4005-804B-6E43D536D666}.Release|x86.Build.0 = Release|Any CPU
	EndGlobalSection
	GlobalSection(SolutionProperties) = preSolution
		HideSolutionNode = FALSE
	EndGlobalSection
	GlobalSection(ExtensibilityGlobals) = postSolution
		SolutionGuid = {3F0BBE95-305C-47F7-99F8-31A49E09F551}
	EndGlobalSection
EndGlobal
