
Microsoft Visual Studio Solution File, Format Version 12.00
# Visual Studio Version 16
VisualStudioVersion = 16.0.29009.5
MinimumVisualStudioVersion = 10.0.40219.1
Project("{FAE04EC0-301F-11D3-BF4B-00C04F79EFBC}") = "syncfusion.dockingmanagerdemos.wpf_47", "syncfusion.dockingmanagerdemos.wpf_47.csproj", "{D84B06DA-0D15-4441-95FB-F886048BBABE}"
EndProject
Project("{FAE04EC0-301F-11D3-BF4B-00C04F79EFBC}") = "syncfusion.demoscommon.wpf_lib_47", "..\common\syncfusion.demoscommon.wpf_lib_47.csproj", "{9EF55CDB-ED67-4A06-BC2A-1F811F791191}"
EndProject
Project("{FAE04EC0-301F-11D3-BF4B-00C04F79EFBC}") = "syncfusion.dockingmanagerdemos.wpf_lib_47", "syncfusion.dockingmanagerdemos.wpf_lib_47.csproj", "{63E93AED-CAEA-4E8A-8130-350958766A39}"
EndProject
Global
	GlobalSection(SolutionConfigurationPlatforms) = preSolution
		Debug|Any CPU = Debug|Any CPU
		Release|Any CPU = Release|Any CPU
	EndGlobalSection
	GlobalSection(ProjectConfigurationPlatforms) = postSolution
		{D84B06DA-0D15-4441-95FB-F886048BBABE}.Debug|Any CPU.ActiveCfg = Debug|Any CPU
		{D84B06DA-0D15-4441-95FB-F886048BBABE}.Debug|Any CPU.Build.0 = Debug|Any CPU
		{D84B06DA-0D15-4441-95FB-F886048BBABE}.Release|Any CPU.ActiveCfg = Release|Any CPU
		{D84B06DA-0D15-4441-95FB-F886048BBABE}.Release|Any CPU.Build.0 = Release|Any CPU
		{9EF55CDB-ED67-4A06-BC2A-1F811F791191}.Debug|Any CPU.ActiveCfg = Debug|Any CPU
		{9EF55CDB-ED67-4A06-BC2A-1F811F791191}.Debug|Any CPU.Build.0 = Debug|Any CPU
		{9EF55CDB-ED67-4A06-BC2A-1F811F791191}.Release|Any CPU.ActiveCfg = Release|Any CPU
		{9EF55CDB-ED67-4A06-BC2A-1F811F791191}.Release|Any CPU.Build.0 = Release|Any CPU
		{63E93AED-CAEA-4E8A-8130-350958766A39}.Debug|Any CPU.ActiveCfg = Debug|Any CPU
		{63E93AED-CAEA-4E8A-8130-350958766A39}.Debug|Any CPU.Build.0 = Debug|Any CPU
		{63E93AED-CAEA-4E8A-8130-350958766A39}.Release|Any CPU.ActiveCfg = Release|Any CPU
		{63E93AED-CAEA-4E8A-8130-350958766A39}.Release|Any CPU.Build.0 = Release|Any CPU
	EndGlobalSection
	GlobalSection(SolutionProperties) = preSolution
		HideSolutionNode = FALSE
	EndGlobalSection
	GlobalSection(ExtensibilityGlobals) = postSolution
		SolutionGuid = {1FE27C29-D848-4CD5-8A6F-30C92081E2F5}
	EndGlobalSection
EndGlobal
