
Microsoft Visual Studio Solution File, Format Version 12.00
# Visual Studio 15
VisualStudioVersion = 15.0.28307.168
MinimumVisualStudioVersion = 10.0.40219.1
Project("{FAE04EC0-301F-11D3-BF4B-00C04F79EFBC}") = "Nodes_2017", "Nodes_2017.csproj", "{BB84078F-4A06-49FD-B637-A557AD984150}"
EndProject
Global
	GlobalSection(SolutionConfigurationPlatforms) = preSolution
		Debug|Any CPU = Debug|Any CPU
		Release|Any CPU = Release|Any CPU
		Release-Xml|Any CPU = Release-Xml|Any CPU
	EndGlobalSection
	GlobalSection(ProjectConfigurationPlatforms) = postSolution
		{BB84078F-4A06-49FD-B637-A557AD984150}.Debug|Any CPU.ActiveCfg = Debug|Any CPU
		{BB84078F-4A06-49FD-B637-A557AD984150}.Debug|Any CPU.Build.0 = Debug|Any CPU
		{BB84078F-4A06-49FD-B637-A557AD984150}.Release|Any CPU.ActiveCfg = Release|Any CPU
		{BB84078F-4A06-49FD-B637-A557AD984150}.Release|Any CPU.Build.0 = Release|Any CPU
		{BB84078F-4A06-49FD-B637-A557AD984150}.Release-Xml|Any CPU.ActiveCfg = Release|Any CPU
		{BB84078F-4A06-49FD-B637-A557AD984150}.Release-Xml|Any CPU.Build.0 = Release|Any CPU
	EndGlobalSection
	GlobalSection(SolutionProperties) = preSolution
		HideSolutionNode = FALSE
	EndGlobalSection
	GlobalSection(ExtensibilityGlobals) = postSolution
		SolutionGuid = {D8D6CD83-8A93-44CD-A579-3A50C9A402E7}
	EndGlobalSection
EndGlobal
