
Microsoft Visual Studio Solution File, Format Version 12.00
# Visual Studio 15
VisualStudioVersion 15.0.26020.0
MinimumVisualStudioVersion = 10.0.40219.1
Project("{FAE04EC0-301F-11D3-BF4B-00C04F79EFBC}") = "Swimlane_2017", "Swimlane_2017.csproj", "{7F1F468C-40A4-4181-AE52-5068CFB87F5C}"
EndProject
Global
	GlobalSection(SolutionConfigurationPlatforms) = preSolution
		Debug|Any CPU = Debug|Any CPU
		Release|Any CPU = Release|Any CPU
		Release-Xml|Any CPU = Release-Xml|Any CPU
	EndGlobalSection
	GlobalSection(ProjectConfigurationPlatforms) = postSolution
		{7F1F468C-40A4-4181-AE52-5068CFB87F5C}.Debug|Any CPU.ActiveCfg = Debug|Any CPU
		{7F1F468C-40A4-4181-AE52-5068CFB87F5C}.Debug|Any CPU.Build.0 = Debug|Any CPU
		{7F1F468C-40A4-4181-AE52-5068CFB87F5C}.Release|Any CPU.ActiveCfg = Release|Any CPU
		{7F1F468C-40A4-4181-AE52-5068CFB87F5C}.Release|Any CPU.Build.0 = Release|Any CPU
		{7F1F468C-40A4-4181-AE52-5068CFB87F5C}.Release-Xml|Any CPU.ActiveCfg = Release|Any CPU
		{7F1F468C-40A4-4181-AE52-5068CFB87F5C}.Release-Xml|Any CPU.Build.0 = Release|Any CPU
		{DC8D2A60-BDF6-40E2-8BF3-151A9EA4511F}.Debug|Any CPU.ActiveCfg = Debug|Any CPU
		{DC8D2A60-BDF6-40E2-8BF3-151A9EA4511F}.Debug|Any CPU.Build.0 = Debug|Any CPU
		{DC8D2A60-BDF6-40E2-8BF3-151A9EA4511F}.Release|Any CPU.ActiveCfg = Release|Any CPU
		{DC8D2A60-BDF6-40E2-8BF3-151A9EA4511F}.Release|Any CPU.Build.0 = Release|Any CPU
		{DC8D2A60-BDF6-40E2-8BF3-151A9EA4511F}.Release-Xml|Any CPU.ActiveCfg = Release-Xml|Any CPU
		{DC8D2A60-BDF6-40E2-8BF3-151A9EA4511F}.Release-Xml|Any CPU.Build.0 = Release-Xml|Any CPU
	EndGlobalSection
	GlobalSection(SolutionProperties) = preSolution
		HideSolutionNode = FALSE
	EndGlobalSection
	GlobalSection(ExtensibilityGlobals) = postSolution
		SolutionGuid = {C5AD881C-06D3-406D-99C3-23DA8714AFCA}
	EndGlobalSection
EndGlobal
