
Microsoft Visual Studio Solution File, Format Version 12.00
# Visual Studio 2012
Project("{FAE04EC0-301F-11D3-BF4B-00C04F79EFBC}") = "TrendlineDemo", "TrendlineDemo_2012.csproj", "{71E686AC-97C5-48A3-878F-4FA67AB1EF8D}"
EndProject
Global
	GlobalSection(SolutionConfigurationPlatforms) = preSolution
		Debug|Any CPU = Debug|Any CPU
		Release|Any CPU = Release|Any CPU
		Release-Xml|Any CPU = Release-Xml|Any CPU
	EndGlobalSection
	GlobalSection(ProjectConfigurationPlatforms) = postSolution
		{71E686AC-97C5-48A3-878F-4FA67AB1EF8D}.Debug|Any CPU.ActiveCfg = Debug|Any CPU
		{71E686AC-97C5-48A3-878F-4FA67AB1EF8D}.Debug|Any CPU.Build.0 = Debug|Any CPU
		{71E686AC-97C5-48A3-878F-4FA67AB1EF8D}.Release|Any CPU.ActiveCfg = Release|Any CPU
		{71E686AC-97C5-48A3-878F-4FA67AB1EF8D}.Release|Any CPU.Build.0 = Release|Any CPU
		{71E686AC-97C5-48A3-878F-4FA67AB1EF8D}.Release-Xml|Any CPU.ActiveCfg = Release|Any CPU
		{71E686AC-97C5-48A3-878F-4FA67AB1EF8D}.Release-Xml|Any CPU.Build.0 = Release|Any CPU
	EndGlobalSection
	GlobalSection(SolutionProperties) = preSolution
		HideSolutionNode = FALSE
	EndGlobalSection
EndGlobal
