Microsoft Visual Studio Solution File, Format Version 12.00
# Visual Studio Version 16
VisualStudioVersion = 16.0.29020.237
MinimumVisualStudioVersion = 10.0.40219.1
Project("{9A19103F-16F7-4668-BE54-9A1E7A4F7556}") = "MenuMerging_NETCore", "MenuMerging_NETCore.csproj", "{DA01F87E-99EA-4EF1-B586-F260395A547E}"
EndProject
Global
	GlobalSection(SolutionConfigurationPlatforms) = preSolution
		Debug|Any CPU = Debug|Any CPU
		Debug|Mixed Platforms = Debug|Mixed Platforms
		Debug|x86 = Debug|x86
		Debug-Xml|Any CPU = Debug-Xml|Any CPU
		Debug-Xml|Mixed Platforms = Debug-Xml|Mixed Platforms
		Debug-Xml|x86 = Debug-Xml|x86
		Release|Any CPU = Release|Any CPU
		Release|Mixed Platforms = Release|Mixed Platforms
		Release|x86 = Release|x86
		Release-Xml|Any CPU = Release-Xml|Any CPU
		Release-Xml|Mixed Platforms = Release-Xml|Mixed Platforms
		Release-Xml|x86 = Release-Xml|x86
	EndGlobalSection
	GlobalSection(ProjectConfigurationPlatforms) = postSolution
		{DA01F87E-99EA-4EF1-B586-F260395A547E}.Debug|Any CPU.ActiveCfg = Debug|Any CPU
		{DA01F87E-99EA-4EF1-B586-F260395A547E}.Debug|Any CPU.Build.0 = Debug|Any CPU
		{DA01F87E-99EA-4EF1-B586-F260395A547E}.Debug|Mixed Platforms.ActiveCfg = Debug|Any CPU
		{DA01F87E-99EA-4EF1-B586-F260395A547E}.Debug|Mixed Platforms.Build.0 = Debug|Any CPU
		{DA01F87E-99EA-4EF1-B586-F260395A547E}.Debug|x86.ActiveCfg = Debug|Any CPU
		{DA01F87E-99EA-4EF1-B586-F260395A547E}.Debug|x86.Build.0 = Debug|Any CPU
		{DA01F87E-99EA-4EF1-B586-F260395A547E}.Debug-Xml|Any CPU.ActiveCfg = Debug|Any CPU
		{DA01F87E-99EA-4EF1-B586-F260395A547E}.Debug-Xml|Any CPU.Build.0 = Debug|Any CPU
		{DA01F87E-99EA-4EF1-B586-F260395A547E}.Debug-Xml|Mixed Platforms.ActiveCfg = Debug|Any CPU
		{DA01F87E-99EA-4EF1-B586-F260395A547E}.Debug-Xml|Mixed Platforms.Build.0 = Debug|Any CPU
		{DA01F87E-99EA-4EF1-B586-F260395A547E}.Debug-Xml|x86.ActiveCfg = Debug|Any CPU
		{DA01F87E-99EA-4EF1-B586-F260395A547E}.Debug-Xml|x86.Build.0 = Debug|Any CPU
		{DA01F87E-99EA-4EF1-B586-F260395A547E}.Release|Any CPU.ActiveCfg = Release|Any CPU
		{DA01F87E-99EA-4EF1-B586-F260395A547E}.Release|Any CPU.Build.0 = Release|Any CPU
		{DA01F87E-99EA-4EF1-B586-F260395A547E}.Release|Mixed Platforms.ActiveCfg = Release|Any CPU
		{DA01F87E-99EA-4EF1-B586-F260395A547E}.Release|Mixed Platforms.Build.0 = Release|Any CPU
		{DA01F87E-99EA-4EF1-B586-F260395A547E}.Release|x86.ActiveCfg = Release|Any CPU
		{DA01F87E-99EA-4EF1-B586-F260395A547E}.Release|x86.Build.0 = Release|Any CPU
		{DA01F87E-99EA-4EF1-B586-F260395A547E}.Release-Xml|Any CPU.ActiveCfg = Release|Any CPU
		{DA01F87E-99EA-4EF1-B586-F260395A547E}.Release-Xml|Any CPU.Build.0 = Release|Any CPU
		{DA01F87E-99EA-4EF1-B586-F260395A547E}.Release-Xml|Mixed Platforms.ActiveCfg = Release|Any CPU
		{DA01F87E-99EA-4EF1-B586-F260395A547E}.Release-Xml|Mixed Platforms.Build.0 = Release|Any CPU
		{DA01F87E-99EA-4EF1-B586-F260395A547E}.Release-Xml|x86.ActiveCfg = Release|Any CPU
		{DA01F87E-99EA-4EF1-B586-F260395A547E}.Release-Xml|x86.Build.0 = Release|Any CPU
	EndGlobalSection
	GlobalSection(SolutionProperties) = preSolution
		HideSolutionNode = FALSE
	EndGlobalSection
	GlobalSection(ExtensibilityGlobals) = postSolution
		SolutionGuid = {DBC470EA-C4C4-4824-90F6-E28B8E8BD3F9}
	EndGlobalSection
EndGlobal
