
Microsoft Visual Studio Solution File, Format Version 12.00
# Visual Studio 15
VisualStudioVersion = 15.0.28307.705
MinimumVisualStudioVersion = 10.0.40219.1
Project("{FAE04EC0-301F-11D3-BF4B-00C04F79EFBC}") = "syncfusion.patientmonitor.wpf_47", "syncfusion.patientmonitor.wpf_47.csproj", "{4310059A-5B70-4D49-8900-4048A377E20C}"
EndProject
Project("{FAE04EC0-301F-11D3-BF4B-00C04F79EFBC}") = "syncfusion.patientmonitor.wpf_lib_47", "syncfusion.patientmonitor.wpf_lib_47.csproj", "{88B7545B-442D-47B5-BCFF-EDE09D2ACAAF}"
EndProject
Global
	GlobalSection(SolutionConfigurationPlatforms) = preSolution
		Debug|Any CPU = Debug|Any CPU
		Release|Any CPU = Release|Any CPU
	EndGlobalSection
	GlobalSection(ProjectConfigurationPlatforms) = postSolution
		{4310059A-5B70-4D49-8900-4048A377E20C}.Debug|Any CPU.ActiveCfg = Debug|Any CPU
		{4310059A-5B70-4D49-8900-4048A377E20C}.Debug|Any CPU.Build.0 = Debug|Any CPU
		{4310059A-5B70-4D49-8900-4048A377E20C}.Release|Any CPU.ActiveCfg = Release|Any CPU
		{4310059A-5B70-4D49-8900-4048A377E20C}.Release|Any CPU.Build.0 = Release|Any CPU
		{88B7545B-442D-47B5-BCFF-EDE09D2ACAAF}.Debug|Any CPU.ActiveCfg = Debug|Any CPU
		{88B7545B-442D-47B5-BCFF-EDE09D2ACAAF}.Debug|Any CPU.Build.0 = Debug|Any CPU
		{88B7545B-442D-47B5-BCFF-EDE09D2ACAAF}.Release|Any CPU.ActiveCfg = Release|Any CPU
		{88B7545B-442D-47B5-BCFF-EDE09D2ACAAF}.Release|Any CPU.Build.0 = Release|Any CPU
	EndGlobalSection
	GlobalSection(SolutionProperties) = preSolution
		HideSolutionNode = FALSE
	EndGlobalSection
	GlobalSection(ExtensibilityGlobals) = postSolution
		SolutionGuid = {B9AB412E-1F0F-4FDC-B1C1-581F21F47C20}
	EndGlobalSection
EndGlobal
