
Microsoft Visual Studio Solution File, Format Version 12.00
# Visual Studio Version 16
VisualStudioVersion = 16.0.30114.105
MinimumVisualStudioVersion = 10.0.40219.1
Project("{9A19103F-16F7-4668-BE54-9A1E7A4F7556}") = "GridSplitter_Customization_NETCore", "GridSplitter_Customization_NETCore.csproj", "{69D56A7F-E723-49C4-8A46-7A52A3D06BCE}"
EndProject
Global
	GlobalSection(SolutionConfigurationPlatforms) = preSolution
		Debug|Any CPU = Debug|Any CPU
		Release|Any CPU = Release|Any CPU
	EndGlobalSection
	GlobalSection(ProjectConfigurationPlatforms) = postSolution
		{69D56A7F-E723-49C4-8A46-7A52A3D06BCE}.Debug|Any CPU.ActiveCfg = Debug|Any CPU
		{69D56A7F-E723-49C4-8A46-7A52A3D06BCE}.Debug|Any CPU.Build.0 = Debug|Any CPU
		{69D56A7F-E723-49C4-8A46-7A52A3D06BCE}.Release|Any CPU.ActiveCfg = Release|Any CPU
		{69D56A7F-E723-49C4-8A46-7A52A3D06BCE}.Release|Any CPU.Build.0 = Release|Any CPU
	EndGlobalSection
	GlobalSection(SolutionProperties) = preSolution
		HideSolutionNode = FALSE
	EndGlobalSection
	GlobalSection(ExtensibilityGlobals) = postSolution
		SolutionGuid = {0B037548-4A3A-4426-AB4F-17F342867109}
	EndGlobalSection
EndGlobal
