
Microsoft Visual Studio Solution File, Format Version 12.00
# Visual Studio Version 16
VisualStudioVersion = 16.0.30320.27
MinimumVisualStudioVersion = 10.0.40219.1
Project("{FAE04EC0-301F-11D3-BF4B-00C04F79EFBC}") = "syncfusion.organizationallayout.wpf_lib_47", "syncfusion.organizationallayout.wpf_lib_47.csproj", "{F795CD5B-22DA-4727-B184-31416706D75D}"
EndProject
Global
	GlobalSection(SolutionConfigurationPlatforms) = preSolution
		Debug|Any CPU = Debug|Any CPU
		Release|Any CPU = Release|Any CPU
	EndGlobalSection
	GlobalSection(ProjectConfigurationPlatforms) = postSolution
		{F795CD5B-22DA-4727-B184-31416706D75D}.Debug|Any CPU.ActiveCfg = Debug|Any CPU
		{F795CD5B-22DA-4727-B184-31416706D75D}.Debug|Any CPU.Build.0 = Debug|Any CPU
		{F795CD5B-22DA-4727-B184-31416706D75D}.Release|Any CPU.ActiveCfg = Release|Any CPU
		{F795CD5B-22DA-4727-B184-31416706D75D}.Release|Any CPU.Build.0 = Release|Any CPU
	EndGlobalSection
	GlobalSection(SolutionProperties) = preSolution
		HideSolutionNode = FALSE
	EndGlobalSection
	GlobalSection(ExtensibilityGlobals) = postSolution
		SolutionGuid = {23988E4E-6F72-4211-B1AD-3A942DFEE4A7}
	EndGlobalSection
EndGlobal
