Microsoft Visual Studio Solution File, Format Version 12.00
# Visual Studio Version 16
VisualStudioVersion = 16.0.29020.237
MinimumVisualStudioVersion = 10.0.40219.1
Project("{FAE04EC0-301F-11D3-BF4B-00C04F79EFBC}") = "ConditionalFormatting_NETCore", "ConditionalFormatting_NETCore.csproj", "{EDB11A64-458C-4918-8EF8-142463B33018}"
EndProject
Global
	GlobalSection(SolutionConfigurationPlatforms) = preSolution
		Debug|Any CPU = Debug|Any CPU
		Release|Any CPU = Release|Any CPU
	EndGlobalSection
	GlobalSection(ProjectConfigurationPlatforms) = postSolution
		{EDB11A64-458C-4918-8EF8-142463B33018}.Debug|Any CPU.ActiveCfg = Debug|Any CPU
		{EDB11A64-458C-4918-8EF8-142463B33018}.Debug|Any CPU.Build.0 = Debug|Any CPU
		{EDB11A64-458C-4918-8EF8-142463B33018}.Release|Any CPU.ActiveCfg = Release|Any CPU
		{EDB11A64-458C-4918-8EF8-142463B33018}.Release|Any CPU.Build.0 = Release|Any CPU
	EndGlobalSection
	GlobalSection(SolutionProperties) = preSolution
		HideSolutionNode = FALSE
	EndGlobalSection
EndGlobal
