Microsoft Visual Studio Solution File, Format Version 12.00
# Visual Studio Version 16
VisualStudioVersion = 16.0.29020.237
MinimumVisualStudioVersion = 10.0.40219.1
Project("{9A19103F-16F7-4668-BE54-9A1E7A4F7556}") = "EngineSimulationDemo_NETCore", "EngineSimulationDemo_NETCore.csproj", "{7659F6E2-68F0-4463-951D-48BF4E9DF2C7}"
EndProject
Global
	GlobalSection(SolutionConfigurationPlatforms) = preSolution
		Debug|x86 = Debug|x86
		Release|x86 = Release|x86
	EndGlobalSection
	GlobalSection(ProjectConfigurationPlatforms) = postSolution
		{7659F6E2-68F0-4463-951D-48BF4E9DF2C7}.Debug|x86.ActiveCfg = Debug|Any CPU
		{7659F6E2-68F0-4463-951D-48BF4E9DF2C7}.Debug|x86.Build.0 = Debug|Any CPU
		{7659F6E2-68F0-4463-951D-48BF4E9DF2C7}.Release|x86.ActiveCfg = Release|Any CPU
		{7659F6E2-68F0-4463-951D-48BF4E9DF2C7}.Release|x86.Build.0 = Release|Any CPU
	EndGlobalSection
	GlobalSection(SolutionProperties) = preSolution
		HideSolutionNode = FALSE
	EndGlobalSection
	GlobalSection(ExtensibilityGlobals) = postSolution
		SolutionGuid = {A48F0C4E-F955-4322-8512-D7E9F197AA0C}
	EndGlobalSection
EndGlobal
