Microsoft Visual Studio Solution File, Format Version 12.00
# Visual Studio Version 17
VisualStudioVersion = 17.12.35323.107
MinimumVisualStudioVersion = 10.0.40219.1
Project("{FAE04EC0-301F-11D3-BF4B-00C04F79EFBC}") = "syncfusion.invoice.wpf_lib", "syncfusion.invoice.wpf_lib.csproj", "{410C4732-8380-464F-98E1-D08CCEBC2D91}"
EndProject
Global
	GlobalSection(SolutionConfigurationPlatforms) = preSolution
		Debug|Any CPU = Debug|Any CPU
		Release|Any CPU = Release|Any CPU
	EndGlobalSection
	GlobalSection(ProjectConfigurationPlatforms) = postSolution
		{0B093DDC-16E2-46D1-9890-F80154CADD1E}.Debug|Any CPU.ActiveCfg = Debug|Any CPU
		{0B093DDC-16E2-46D1-9890-F80154CADD1E}.Debug|Any CPU.Build.0 = Debug|Any CPU
		{0B093DDC-16E2-46D1-9890-F80154CADD1E}.Release|Any CPU.ActiveCfg = Release|Any CPU
		{0B093DDC-16E2-46D1-9890-F80154CADD1E}.Release|Any CPU.Build.0 = Release|Any CPU
		{410C4732-8380-464F-98E1-D08CCEBC2D91}.Debug|Any CPU.ActiveCfg = Debug|Any CPU
		{410C4732-8380-464F-98E1-D08CCEBC2D91}.Debug|Any CPU.Build.0 = Debug|Any CPU
		{410C4732-8380-464F-98E1-D08CCEBC2D91}.Release|Any CPU.ActiveCfg = Release|Any CPU
		{410C4732-8380-464F-98E1-D08CCEBC2D91}.Release|Any CPU.Build.0 = Release|Any CPU
	EndGlobalSection
	GlobalSection(SolutionProperties) = preSolution
		HideSolutionNode = FALSE
	EndGlobalSection
	GlobalSection(ExtensibilityGlobals) = postSolution
		SolutionGuid = {2F2C7B55-4D9C-4F09-AD69-637640A586B0}
	EndGlobalSection
EndGlobal
