
Microsoft Visual Studio Solution File, Format Version 11.00
# Visual Studio 2012
Project("{FAE04EC0-301F-11D3-BF4B-00C04F79EFBC}") = "HiLoOpenCloseChart_2012", "HiLoOpenCloseChart_2012.csproj", "{251C87E8-236C-474D-884F-F9604010A642}"
EndProject
Global
	GlobalSection(SolutionConfigurationPlatforms) = preSolution
		Debug|x86 = Debug|x86
		Release|x86 = Release|x86
	EndGlobalSection
	GlobalSection(ProjectConfigurationPlatforms) = postSolution
		{251C87E8-236C-474D-884F-F9604010A642}.Debug|x86.ActiveCfg = Debug|x86
		{251C87E8-236C-474D-884F-F9604010A642}.Debug|x86.Build.0 = Debug|x86
		{251C87E8-236C-474D-884F-F9604010A642}.Release|x86.ActiveCfg = Release|x86
		{251C87E8-236C-474D-884F-F9604010A642}.Release|x86.Build.0 = Release|x86
	EndGlobalSection
	GlobalSection(SolutionProperties) = preSolution
		HideSolutionNode = FALSE
	EndGlobalSection
EndGlobal
