
Microsoft Visual Studio Solution File, Format Version 12.00
# Visual Studio Version 16
VisualStudioVersion = 16.0.29424.173
MinimumVisualStudioVersion = 10.0.40219.1
Project("{FAE04EC0-301F-11D3-BF4B-00C04F79EFBC}") = "GradientRange_2013", "GradientRange_2013.csproj", "{76CC6112-A410-4E6C-A889-889344287B0E}"
EndProject
Global
	GlobalSection(SolutionConfigurationPlatforms) = preSolution
		Debug|Any CPU = Debug|Any CPU
		Release|Any CPU = Release|Any CPU
	EndGlobalSection
	GlobalSection(ProjectConfigurationPlatforms) = postSolution
		{76CC6112-A410-4E6C-A889-889344287B0E}.Debug|Any CPU.ActiveCfg = Debug|Any CPU
		{76CC6112-A410-4E6C-A889-889344287B0E}.Debug|Any CPU.Build.0 = Debug|Any CPU
		{76CC6112-A410-4E6C-A889-889344287B0E}.Release|Any CPU.ActiveCfg = Release|Any CPU
		{76CC6112-A410-4E6C-A889-889344287B0E}.Release|Any CPU.Build.0 = Release|Any CPU
	EndGlobalSection
	GlobalSection(SolutionProperties) = preSolution
		HideSolutionNode = FALSE
	EndGlobalSection
	GlobalSection(ExtensibilityGlobals) = postSolution
		SolutionGuid = {76F97E6B-994F-4900-8E11-A851FF3CB49C}
	EndGlobalSection
EndGlobal
