Microsoft Visual Studio Solution File, Format Version 12.00
# Visual Studio Version 16
VisualStudioVersion = 16.0.29020.237
MinimumVisualStudioVersion = 10.0.40219.1
Project("{FAE04EC0-301F-11D3-BF4B-00C04F79EFBC}") = "syncfusion.cardashboard.wpf_lib_50", "syncfusion.cardashboard.wpf_lib_50.csproj", "{6B156C1B-E805-4920-BF0A-08F22BA9548B}"
EndProject
Global
	GlobalSection(SolutionConfigurationPlatforms) = preSolution
		Debug|Any CPU = Debug|Any CPU
		Release|Any CPU = Release|Any CPU
	EndGlobalSection
	GlobalSection(ProjectConfigurationPlatforms) = postSolution
		{6875B99F-7953-4471-9295-1FF8FE1E9B55}.Debug|Any CPU.ActiveCfg = Debug|Any CPU
		{6875B99F-7953-4471-9295-1FF8FE1E9B55}.Debug|Any CPU.Build.0 = Debug|Any CPU
		{6875B99F-7953-4471-9295-1FF8FE1E9B55}.Release|Any CPU.ActiveCfg = Release|Any CPU
		{6875B99F-7953-4471-9295-1FF8FE1E9B55}.Release|Any CPU.Build.0 = Release|Any CPU
		{6B156C1B-E805-4920-BF0A-08F22BA9548B}.Debug|Any CPU.ActiveCfg = Debug|Any CPU
		{6B156C1B-E805-4920-BF0A-08F22BA9548B}.Debug|Any CPU.Build.0 = Debug|Any CPU
		{6B156C1B-E805-4920-BF0A-08F22BA9548B}.Release|Any CPU.ActiveCfg = Release|Any CPU
		{6B156C1B-E805-4920-BF0A-08F22BA9548B}.Release|Any CPU.Build.0 = Release|Any CPU
	EndGlobalSection
	GlobalSection(SolutionProperties) = preSolution
		HideSolutionNode = FALSE
	EndGlobalSection
	GlobalSection(ExtensibilityGlobals) = postSolution
		SolutionGuid = {DBE7F05B-5C80-43D9-BDA2-0A2A8BA06316}
	EndGlobalSection
EndGlobal
