
Microsoft Visual Studio Solution File, Format Version 12.00
# Visual Studio 2013
VisualStudioVersion = 12.0.40629.0
MinimumVisualStudioVersion = 10.0.40219.1
Project("{FAE04EC0-301F-11D3-BF4B-00C04F79EFBC}") = "SfSpellChecker_2013", "SfSpellChecker_2013.csproj", "{7C398285-D654-4462-97EB-8D038891FC89}"
EndProject
Global
	GlobalSection(SolutionConfigurationPlatforms) = preSolution
		Debug|Any CPU = Debug|Any CPU
		Debug-Xml|Any CPU = Debug-Xml|Any CPU
		Release|Any CPU = Release|Any CPU
		Release-Xml|Any CPU = Release-Xml|Any CPU
	EndGlobalSection
	GlobalSection(ProjectConfigurationPlatforms) = postSolution
		{7C398285-D654-4462-97EB-8D038891FC89}.Debug|Any CPU.ActiveCfg = Debug|Any CPU
		{7C398285-D654-4462-97EB-8D038891FC89}.Debug|Any CPU.Build.0 = Debug|Any CPU
		{7C398285-D654-4462-97EB-8D038891FC89}.Debug-Xml|Any CPU.ActiveCfg = Debug|Any CPU
		{7C398285-D654-4462-97EB-8D038891FC89}.Debug-Xml|Any CPU.Build.0 = Debug|Any CPU
		{7C398285-D654-4462-97EB-8D038891FC89}.Release|Any CPU.ActiveCfg = Release|Any CPU
		{7C398285-D654-4462-97EB-8D038891FC89}.Release|Any CPU.Build.0 = Release|Any CPU
		{7C398285-D654-4462-97EB-8D038891FC89}.Release-Xml|Any CPU.ActiveCfg = Release|Any CPU
		{7C398285-D654-4462-97EB-8D038891FC89}.Release-Xml|Any CPU.Build.0 = Release|Any CPU
		{A0217BCB-356C-4C8F-B86A-FF835B5DDBCD}.Debug|Any CPU.ActiveCfg = Debug|Any CPU
		{A0217BCB-356C-4C8F-B86A-FF835B5DDBCD}.Debug|Any CPU.Build.0 = Debug|Any CPU
		{A0217BCB-356C-4C8F-B86A-FF835B5DDBCD}.Debug-Xml|Any CPU.ActiveCfg = Debug-Xml|Any CPU
		{A0217BCB-356C-4C8F-B86A-FF835B5DDBCD}.Debug-Xml|Any CPU.Build.0 = Debug-Xml|Any CPU
		{A0217BCB-356C-4C8F-B86A-FF835B5DDBCD}.Release|Any CPU.ActiveCfg = Release|Any CPU
		{A0217BCB-356C-4C8F-B86A-FF835B5DDBCD}.Release|Any CPU.Build.0 = Release|Any CPU
		{A0217BCB-356C-4C8F-B86A-FF835B5DDBCD}.Release-Xml|Any CPU.ActiveCfg = Release-Xml|Any CPU
		{A0217BCB-356C-4C8F-B86A-FF835B5DDBCD}.Release-Xml|Any CPU.Build.0 = Release-Xml|Any CPU
		{218C5764-BB04-4B50-8668-A0847AD749EE}.Debug|Any CPU.ActiveCfg = Debug|Any CPU
		{218C5764-BB04-4B50-8668-A0847AD749EE}.Debug|Any CPU.Build.0 = Debug|Any CPU
		{218C5764-BB04-4B50-8668-A0847AD749EE}.Debug-Xml|Any CPU.ActiveCfg = Debug-Xml|Any CPU
		{218C5764-BB04-4B50-8668-A0847AD749EE}.Debug-Xml|Any CPU.Build.0 = Debug-Xml|Any CPU
		{218C5764-BB04-4B50-8668-A0847AD749EE}.Release|Any CPU.ActiveCfg = Release|Any CPU
		{218C5764-BB04-4B50-8668-A0847AD749EE}.Release|Any CPU.Build.0 = Release|Any CPU
		{218C5764-BB04-4B50-8668-A0847AD749EE}.Release-Xml|Any CPU.ActiveCfg = Release-Xml|Any CPU
		{218C5764-BB04-4B50-8668-A0847AD749EE}.Release-Xml|Any CPU.Build.0 = Release-Xml|Any CPU
	EndGlobalSection
	GlobalSection(SolutionProperties) = preSolution
		HideSolutionNode = FALSE
	EndGlobalSection
EndGlobal
