
Microsoft Visual Studio Solution File, Format Version 12.00
# Visual Studio Version 16
VisualStudioVersion = 16.0.30320.27
MinimumVisualStudioVersion = 10.0.40219.1
Project("{FAE04EC0-301F-11D3-BF4B-00C04F79EFBC}") = "syncfusion.bpmneditor.wpf_lib_47", "syncfusion.bpmneditor.wpf_lib_47.csproj", "{C4FF17F2-3BDD-45E2-9105-DB5A895A48DD}"
EndProject
Global
	GlobalSection(SolutionConfigurationPlatforms) = preSolution
		Debug|Any CPU = Debug|Any CPU
		Release|Any CPU = Release|Any CPU
	EndGlobalSection
	GlobalSection(ProjectConfigurationPlatforms) = postSolution
		{C4FF17F2-3BDD-45E2-9105-DB5A895A48DD}.Debug|Any CPU.ActiveCfg = Debug|Any CPU
		{C4FF17F2-3BDD-45E2-9105-DB5A895A48DD}.Debug|Any CPU.Build.0 = Debug|Any CPU
		{C4FF17F2-3BDD-45E2-9105-DB5A895A48DD}.Release|Any CPU.ActiveCfg = Release|Any CPU
		{C4FF17F2-3BDD-45E2-9105-DB5A895A48DD}.Release|Any CPU.Build.0 = Release|Any CPU
	EndGlobalSection
	GlobalSection(SolutionProperties) = preSolution
		HideSolutionNode = FALSE
	EndGlobalSection
	GlobalSection(ExtensibilityGlobals) = postSolution
		SolutionGuid = {9313A918-0073-4A18-A734-715B59CDB04F}
	EndGlobalSection
EndGlobal
