
Microsoft Visual Studio Solution File, Format Version 12.00
# Visual Studio 2013
Project("{FAE04EC0-301F-11D3-BF4B-00C04F79EFBC}") = "CustomizationDemo_2013", "CustomizationDemo_2013.csproj", "{BD94A64F-8A1A-4E3A-BFCF-D38DA5D7EAB0}"
EndProject
Global
	GlobalSection(SolutionConfigurationPlatforms) = preSolution
		Debug|Any CPU = Debug|Any CPU
		Debug|Mixed Platforms = Debug|Mixed Platforms
		Debug|x86 = Debug|x86
		Release|Any CPU = Release|Any CPU
		Release|Mixed Platforms = Release|Mixed Platforms
		Release|x86 = Release|x86
		Release-Xml|Any CPU = Release-Xml|Any CPU
		Release-Xml|Mixed Platforms = Release-Xml|Mixed Platforms
		Release-Xml|x86 = Release-Xml|x86
	EndGlobalSection
	GlobalSection(ProjectConfigurationPlatforms) = postSolution
		{BD94A64F-8A1A-4E3A-BFCF-D38DA5D7EAB0}.Debug|Any CPU.ActiveCfg = Debug|x86
		{BD94A64F-8A1A-4E3A-BFCF-D38DA5D7EAB0}.Debug|Mixed Platforms.ActiveCfg = Debug|x86
		{BD94A64F-8A1A-4E3A-BFCF-D38DA5D7EAB0}.Debug|Mixed Platforms.Build.0 = Debug|x86
		{BD94A64F-8A1A-4E3A-BFCF-D38DA5D7EAB0}.Debug|x86.ActiveCfg = Debug|x86
		{BD94A64F-8A1A-4E3A-BFCF-D38DA5D7EAB0}.Debug|x86.Build.0 = Debug|x86
		{BD94A64F-8A1A-4E3A-BFCF-D38DA5D7EAB0}.Release|Any CPU.ActiveCfg = Release|x86
		{BD94A64F-8A1A-4E3A-BFCF-D38DA5D7EAB0}.Release|Mixed Platforms.ActiveCfg = Release|x86
		{BD94A64F-8A1A-4E3A-BFCF-D38DA5D7EAB0}.Release|Mixed Platforms.Build.0 = Release|x86
		{BD94A64F-8A1A-4E3A-BFCF-D38DA5D7EAB0}.Release|x86.ActiveCfg = Release|x86
		{BD94A64F-8A1A-4E3A-BFCF-D38DA5D7EAB0}.Release|x86.Build.0 = Release|x86
		{BD94A64F-8A1A-4E3A-BFCF-D38DA5D7EAB0}.Release-Xml|Any CPU.ActiveCfg = Release|x86
		{BD94A64F-8A1A-4E3A-BFCF-D38DA5D7EAB0}.Release-Xml|Mixed Platforms.ActiveCfg = Release|x86
		{BD94A64F-8A1A-4E3A-BFCF-D38DA5D7EAB0}.Release-Xml|Mixed Platforms.Build.0 = Release|x86
		{BD94A64F-8A1A-4E3A-BFCF-D38DA5D7EAB0}.Release-Xml|x86.ActiveCfg = Release|x86
		{BD94A64F-8A1A-4E3A-BFCF-D38DA5D7EAB0}.Release-Xml|x86.Build.0 = Release|x86
	EndGlobalSection
	GlobalSection(SolutionProperties) = preSolution
		HideSolutionNode = FALSE
	EndGlobalSection
EndGlobal
