Microsoft Visual Studio Solution File, Format Version 12.00
# Visual Studio Version 16
VisualStudioVersion = 16.0.29020.237
MinimumVisualStudioVersion = 10.0.40219.1
Project("{FAE04EC0-301F-11D3-BF4B-00C04F79EFBC}") = "SfAutoComplete_NETCore", "SfAutoComplete_NETCore.csproj", "{F7AD26C7-71FB-453C-93F2-337B5684E9A7}"
EndProject
Global
	GlobalSection(SolutionConfigurationPlatforms) = preSolution
		Debug|x86 = Debug|x86
		Release|x86 = Release|x86
	EndGlobalSection
	GlobalSection(ProjectConfigurationPlatforms) = postSolution
		{F7AD26C7-71FB-453C-93F2-337B5684E9A7}.Debug|x86.ActiveCfg = Debug|x86
		{F7AD26C7-71FB-453C-93F2-337B5684E9A7}.Debug|x86.Build.0 = Debug|x86
		{F7AD26C7-71FB-453C-93F2-337B5684E9A7}.Release|x86.ActiveCfg = Release|x86
		{F7AD26C7-71FB-453C-93F2-337B5684E9A7}.Release|x86.Build.0 = Release|x86
	EndGlobalSection
	GlobalSection(SolutionProperties) = preSolution
		HideSolutionNode = FALSE
	EndGlobalSection
EndGlobal
