Microsoft Visual Studio Solution File, Format Version 12.00
# Visual Studio Version 16
VisualStudioVersion = 16.0.29020.237
MinimumVisualStudioVersion = 10.0.40219.1
Project("{FAE04EC0-301F-11D3-BF4B-00C04F79EFBC}") = "StackingBar Chart Demo_NETCore", "StackingBarChartDemo_NETCore.csproj", "{C80CC5A7-AA73-46B1-B8F3-A9861BEDA4D0}"
EndProject
Global
	GlobalSection(SolutionConfigurationPlatforms) = preSolution
		Debug|Any CPU = Debug|Any CPU
		Release|Any CPU = Release|Any CPU
	EndGlobalSection
	GlobalSection(ProjectConfigurationPlatforms) = postSolution
		{C80CC5A7-AA73-46B1-B8F3-A9861BEDA4D0}.Debug|Any CPU.ActiveCfg = Debug|Any CPU
		{C80CC5A7-AA73-46B1-B8F3-A9861BEDA4D0}.Debug|Any CPU.Build.0 = Debug|Any CPU
		{C80CC5A7-AA73-46B1-B8F3-A9861BEDA4D0}.Release|Any CPU.ActiveCfg = Release|Any CPU
		{C80CC5A7-AA73-46B1-B8F3-A9861BEDA4D0}.Release|Any CPU.Build.0 = Release|Any CPU
	EndGlobalSection
	GlobalSection(SolutionProperties) = preSolution
		HideSolutionNode = FALSE
	EndGlobalSection
EndGlobal
