
Microsoft Visual Studio Solution File, Format Version 11.00
# Visual Studio 2010
Project("{FAE04EC0-301F-11D3-BF4B-00C04F79EFBC}") = "DockingManagerTouch_2010", "DockingManagerTouch_2010.csproj", "{9ED2B8D4-3BA7-43EE-AC45-30E959ABFB69}"
EndProject
Global
	GlobalSection(SolutionConfigurationPlatforms) = preSolution
		Debug|x86 = Debug|x86
		Release|x86 = Release|x86
	EndGlobalSection
	GlobalSection(ProjectConfigurationPlatforms) = postSolution
		{9ED2B8D4-3BA7-43EE-AC45-30E959ABFB69}.Debug|x86.ActiveCfg = Debug|x86
		{9ED2B8D4-3BA7-43EE-AC45-30E959ABFB69}.Debug|x86.Build.0 = Debug|x86
		{9ED2B8D4-3BA7-43EE-AC45-30E959ABFB69}.Release|x86.ActiveCfg = Release|x86
		{9ED2B8D4-3BA7-43EE-AC45-30E959ABFB69}.Release|x86.Build.0 = Release|x86
	EndGlobalSection
	GlobalSection(SolutionProperties) = preSolution
		HideSolutionNode = FALSE
	EndGlobalSection
EndGlobal
