
Microsoft Visual Studio Solution File, Format Version 11.00
# Visual Studio 2010
Project("{FAE04EC0-301F-11D3-BF4B-00C04F79EFBC}") = "OLAP Client Configuration_2010", "OLAP Client Configuration_2010.csproj", "{D7FCB990-CD36-4641-BC30-3E705F034CFC}"
EndProject
Global
	GlobalSection(SolutionConfigurationPlatforms) = preSolution
		Debug|Any CPU = Debug|Any CPU
		Debug|x86 = Debug|x86
		Release|Any CPU = Release|Any CPU
		Release|x86 = Release|x86
		Release-xml|Any CPU = Release-xml|Any CPU
		Release-xml|x86 = Release-xml|x86
	EndGlobalSection
	GlobalSection(ProjectConfigurationPlatforms) = postSolution
		{D7FCB990-CD36-4641-BC30-3E705F034CFC}.Debug|Any CPU.ActiveCfg = Debug|Any CPU
		{D7FCB990-CD36-4641-BC30-3E705F034CFC}.Debug|Any CPU.Build.0 = Debug|Any CPU
		{D7FCB990-CD36-4641-BC30-3E705F034CFC}.Debug|x86.ActiveCfg = Debug|x86
		{D7FCB990-CD36-4641-BC30-3E705F034CFC}.Debug|x86.Build.0 = Debug|x86
		{D7FCB990-CD36-4641-BC30-3E705F034CFC}.Release|Any CPU.ActiveCfg = Release|Any CPU
		{D7FCB990-CD36-4641-BC30-3E705F034CFC}.Release|Any CPU.Build.0 = Release|Any CPU
		{D7FCB990-CD36-4641-BC30-3E705F034CFC}.Release|x86.ActiveCfg = Release|x86
		{D7FCB990-CD36-4641-BC30-3E705F034CFC}.Release|x86.Build.0 = Release|x86
		{D7FCB990-CD36-4641-BC30-3E705F034CFC}.Release-xml|Any CPU.ActiveCfg = Release-xml|Any CPU
		{D7FCB990-CD36-4641-BC30-3E705F034CFC}.Release-xml|Any CPU.Build.0 = Release-xml|Any CPU
		{D7FCB990-CD36-4641-BC30-3E705F034CFC}.Release-xml|x86.ActiveCfg = Release-xml|x86
		{D7FCB990-CD36-4641-BC30-3E705F034CFC}.Release-xml|x86.Build.0 = Release-xml|x86
	EndGlobalSection
	GlobalSection(SolutionProperties) = preSolution
		HideSolutionNode = FALSE
	EndGlobalSection
EndGlobal
