Microsoft Visual Studio Solution File, Format Version 12.00
# Visual Studio Version 16
VisualStudioVersion = 16.0.29020.237
MinimumVisualStudioVersion = 10.0.40219.1
Project("{FAE04EC0-301F-11D3-BF4B-00C04F79EFBC}") = "Flow Diagram_NETCore", "Flow Diagram_NETCore.csproj", "{A1AFA984-58EC-4950-956B-207194867B28}"
EndProject
Global
	GlobalSection(SolutionConfigurationPlatforms) = preSolution
		Debug|Any CPU = Debug|Any CPU
		Release|Any CPU = Release|Any CPU
	EndGlobalSection
	GlobalSection(ProjectConfigurationPlatforms) = postSolution
		{A1AFA984-58EC-4950-956B-207194867B28}.Debug|Any CPU.ActiveCfg = Debug|Any CPU
		{A1AFA984-58EC-4950-956B-207194867B28}.Debug|Any CPU.Build.0 = Debug|Any CPU
		{A1AFA984-58EC-4950-956B-207194867B28}.Release|Any CPU.ActiveCfg = Release|Any CPU
		{A1AFA984-58EC-4950-956B-207194867B28}.Release|Any CPU.Build.0 = Release|Any CPU
	EndGlobalSection
	GlobalSection(SolutionProperties) = preSolution
		HideSolutionNode = FALSE
	EndGlobalSection
EndGlobal
