
Microsoft Visual Studio Solution File, Format Version 12.00
# Visual Studio 2012
Project("{FAE04EC0-301F-11D3-BF4B-00C04F79EFBC}") = "MDXQuery_2012", "MDXQuery_2012.csproj", "{91DCB8B9-6CAB-4DF1-BB47-68AD4370CC14}"
EndProject
Global
	GlobalSection(SolutionConfigurationPlatforms) = preSolution
		Debug|Any CPU = Debug|Any CPU
		Release|Any CPU = Release|Any CPU
	EndGlobalSection
	GlobalSection(ProjectConfigurationPlatforms) = postSolution
		{91DCB8B9-6CAB-4DF1-BB47-68AD4370CC14}.Debug|Any CPU.ActiveCfg = Debug|Any CPU
		{91DCB8B9-6CAB-4DF1-BB47-68AD4370CC14}.Debug|Any CPU.Build.0 = Debug|Any CPU
		{91DCB8B9-6CAB-4DF1-BB47-68AD4370CC14}.Release|Any CPU.ActiveCfg = Release|Any CPU
		{91DCB8B9-6CAB-4DF1-BB47-68AD4370CC14}.Release|Any CPU.Build.0 = Release|Any CPU
	EndGlobalSection
	GlobalSection(SolutionProperties) = preSolution
		HideSolutionNode = FALSE
	EndGlobalSection
EndGlobal
