
Microsoft Visual Studio Solution File, Format Version 13.00
# Visual Studio 15
Project("{FAE04EC0-301F-11D3-BF4B-00C04F79EFBC}") = "EXCEL_2017", "EXCEL_2017.csproj", "{D3010CF6-F980-4D1F-8ACD-BC233445948E}"
EndProject
Global
	GlobalSection(SolutionConfigurationPlatforms) = preSolution
		Debug|x86 = Debug|x86
		Release|x86 = Release|x86
	EndGlobalSection
	GlobalSection(ProjectConfigurationPlatforms) = postSolution
		{D3010CF6-F980-4D1F-8ACD-BC233445948E}.Debug|x86.ActiveCfg = Debug|x86
		{D3010CF6-F980-4D1F-8ACD-BC233445948E}.Debug|x86.Build.0 = Debug|x86
		{D3010CF6-F980-4D1F-8ACD-BC233445948E}.Release|x86.ActiveCfg = Release|x86
		{D3010CF6-F980-4D1F-8ACD-BC233445948E}.Release|x86.Build.0 = Release|x86
	EndGlobalSection
	GlobalSection(SolutionProperties) = preSolution
		HideSolutionNode = FALSE
	EndGlobalSection
EndGlobal
