
Microsoft Visual Studio Solution File, Format Version 11.00
# Visual Studio 2010
Project("{FAE04EC0-301F-11D3-BF4B-00C04F79EFBC}") = "OleObject_2010", "OleObject_2010.csproj", "{28E3F5D1-E2EC-435C-9AFF-ECBF025DF92A}"
EndProject
Global
	GlobalSection(SolutionConfigurationPlatforms) = preSolution
		Debug|Any CPU = Debug|Any CPU
		Release|Any CPU = Release|Any CPU
	EndGlobalSection
	GlobalSection(ProjectConfigurationPlatforms) = postSolution
		{28E3F5D1-E2EC-435C-9AFF-ECBF025DF92A}.Debug|Any CPU.ActiveCfg = Debug|Any CPU
		{28E3F5D1-E2EC-435C-9AFF-ECBF025DF92A}.Debug|Any CPU.Build.0 = Debug|Any CPU
		{28E3F5D1-E2EC-435C-9AFF-ECBF025DF92A}.Release|Any CPU.ActiveCfg = Release|Any CPU
		{28E3F5D1-E2EC-435C-9AFF-ECBF025DF92A}.Release|Any CPU.Build.0 = Release|Any CPU
	EndGlobalSection
	GlobalSection(SolutionProperties) = preSolution
		HideSolutionNode = FALSE
	EndGlobalSection
EndGlobal
