
Microsoft Visual Studio Solution File, Format Version 12.00
# Visual Studio 15
VisualStudioVersion = 15.0.28307.852
MinimumVisualStudioVersion = 10.0.40219.1
Project("{FAE04EC0-301F-11D3-BF4B-00C04F79EFBC}") = "Swimlane_2017", "Swimlane_2017.csproj", "{D1CC852B-0654-4D8C-B88E-C6EFF210C509}"
EndProject
Global
	GlobalSection(SolutionConfigurationPlatforms) = preSolution
		Debug|Any CPU = Debug|Any CPU
		Release|Any CPU = Release|Any CPU
		Release-Xml|Any CPU = Release-Xml|Any CPU
	EndGlobalSection
	GlobalSection(ProjectConfigurationPlatforms) = postSolution
		{D1CC852B-0654-4D8C-B88E-C6EFF210C509}.Debug|Any CPU.ActiveCfg = Debug|Any CPU
		{D1CC852B-0654-4D8C-B88E-C6EFF210C509}.Debug|Any CPU.Build.0 = Debug|Any CPU
		{D1CC852B-0654-4D8C-B88E-C6EFF210C509}.Release|Any CPU.ActiveCfg = Release|Any CPU
		{D1CC852B-0654-4D8C-B88E-C6EFF210C509}.Release|Any CPU.Build.0 = Release|Any CPU
		{D1CC852B-0654-4D8C-B88E-C6EFF210C509}.Release-Xml|Any CPU.ActiveCfg = Release|Any CPU
		{D1CC852B-0654-4D8C-B88E-C6EFF210C509}.Release-Xml|Any CPU.Build.0 = Release|Any CPU
	EndGlobalSection
	GlobalSection(SolutionProperties) = preSolution
		HideSolutionNode = FALSE
	EndGlobalSection
	GlobalSection(ExtensibilityGlobals) = postSolution
		SolutionGuid = {55A978BA-2F1E-46CD-A942-222C3A7AB174}
	EndGlobalSection
EndGlobal
