Microsoft Visual Studio Solution File, Format Version 12.00
# Visual Studio 2012
Project("{FAE04EC0-301F-11D3-BF4B-00C04F79EFBC}") = "syncfusion.portfolioanalyzerdemo.wpf_lib_45", "syncfusion.portfolioanalyzerdemo.wpf_lib_45.csproj", "{0991B493-CD75-467E-B91D-DFC8593BFC15}"
EndProject
Global
	GlobalSection(SolutionConfigurationPlatforms) = preSolution
		Debug|Any CPU = Debug|Any CPU
		Release|Any CPU = Release|Any CPU
	EndGlobalSection
	GlobalSection(ProjectConfigurationPlatforms) = postSolution
		{0991B493-CD75-467E-B91D-DFC8593BFC15}.Debug|Any CPU.ActiveCfg = Debug|Any CPU
		{0991B493-CD75-467E-B91D-DFC8593BFC15}.Debug|Any CPU.Build.0 = Debug|Any CPU
		{0991B493-CD75-467E-B91D-DFC8593BFC15}.Release|Any CPU.ActiveCfg = Release|Any CPU
		{0991B493-CD75-467E-B91D-DFC8593BFC15}.Release|Any CPU.Build.0 = Release|Any CPU
	EndGlobalSection
	GlobalSection(SolutionProperties) = preSolution
		HideSolutionNode = FALSE
	EndGlobalSection
	GlobalSection(ExtensibilityGlobals) = postSolution
		SolutionGuid = {10958F07-57C8-4B5E-8EE2-40729C7AFAB9}
	EndGlobalSection
EndGlobal
