Microsoft Visual Studio Solution File, Format Version 12.00
# Visual Studio 2012
Project("{FAE04EC0-301F-11D3-BF4B-00C04F79EFBC}") = "syncfusion.portfolioanalyzerdemo.wpf_45", "syncfusion.portfolioanalyzerdemo.wpf_45.csproj", "{B788E90F-2551-48C4-8D9D-31F2FFC817D3}"
EndProject
Project("{FAE04EC0-301F-11D3-BF4B-00C04F79EFBC}") = "syncfusion.portfolioanalyzerdemo.wpf_lib_45", "syncfusion.portfolioanalyzerdemo.wpf_lib_45.csproj", "{0991B493-CD75-467E-B91D-DFC8593BFC15}"
EndProject
Global
	GlobalSection(SolutionConfigurationPlatforms) = preSolution
		Debug|Any CPU = Debug|Any CPU
		Release|Any CPU = Release|Any CPU
	EndGlobalSection
	GlobalSection(ProjectConfigurationPlatforms) = postSolution
		{B788E90F-2551-48C4-8D9D-31F2FFC817D3}.Debug|Any CPU.ActiveCfg = Debug|Any CPU
		{B788E90F-2551-48C4-8D9D-31F2FFC817D3}.Debug|Any CPU.Build.0 = Debug|Any CPU
		{B788E90F-2551-48C4-8D9D-31F2FFC817D3}.Release|Any CPU.ActiveCfg = Release|Any CPU
		{B788E90F-2551-48C4-8D9D-31F2FFC817D3}.Release|Any CPU.Build.0 = Release|Any CPU
		{0991B493-CD75-467E-B91D-DFC8593BFC15}.Debug|Any CPU.ActiveCfg = Debug|Any CPU
		{0991B493-CD75-467E-B91D-DFC8593BFC15}.Debug|Any CPU.Build.0 = Debug|Any CPU
		{0991B493-CD75-467E-B91D-DFC8593BFC15}.Release|Any CPU.ActiveCfg = Release|Any CPU
		{0991B493-CD75-467E-B91D-DFC8593BFC15}.Release|Any CPU.Build.0 = Release|Any CPU
	EndGlobalSection
	GlobalSection(SolutionProperties) = preSolution
		HideSolutionNode = FALSE
	EndGlobalSection
	GlobalSection(ExtensibilityGlobals) = postSolution
		SolutionGuid = {685E1434-66B7-4DCA-A696-3601D2C61FDF}
	EndGlobalSection
EndGlobal
