
Microsoft Visual Studio Solution File, Format Version 11.00
# Visual Studio 2012
Project("{FAE04EC0-301F-11D3-BF4B-00C04F79EFBC}") = "Document Settings", "Document Settings_2012.csproj", "{4A079B08-FB91-4EBE-819A-14A7C50E4A54}"
EndProject
Global
	GlobalSection(SolutionConfigurationPlatforms) = preSolution
		Debug|Any CPU = Debug|Any CPU
		Release|Any CPU = Release|Any CPU
	EndGlobalSection
	GlobalSection(ProjectConfigurationPlatforms) = postSolution
		{4A079B08-FB91-4EBE-819A-14A7C50E4A54}.Debug|Any CPU.ActiveCfg = Debug|Any CPU
		{4A079B08-FB91-4EBE-819A-14A7C50E4A54}.Debug|Any CPU.Build.0 = Debug|Any CPU
		{4A079B08-FB91-4EBE-819A-14A7C50E4A54}.Release|Any CPU.ActiveCfg = Release|Any CPU
		{4A079B08-FB91-4EBE-819A-14A7C50E4A54}.Release|Any CPU.Build.0 = Release|Any CPU
	EndGlobalSection
	GlobalSection(SolutionProperties) = preSolution
		HideSolutionNode = FALSE
	EndGlobalSection
EndGlobal
