Microsoft Visual Studio Solution File, Format Version 12.00
# Visual Studio Version 17
VisualStudioVersion = 17.12.35323.107
MinimumVisualStudioVersion = 10.0.40219.1
Project("{FAE04EC0-301F-11D3-BF4B-00C04F79EFBC}") = "syncfusion.smartdatagriddemos.wpf_lib_Net462", "syncfusion.smartdatagriddemos.wpf_lib_Net462.csproj", "{A1B2C3D4-E5F6-4711-8899-00AABBCCDDEE}"
EndProject
Project("{FAE04EC0-301F-11D3-BF4B-00C04F79EFBC}") = "syncfusion.demoscommon.wpf_lib_Net462", "../common/syncfusion.demoscommon.wpf_lib_Net462.csproj", "{29FC635B-9321-A999-7AFF-F05155F102E8}"
EndProject
Global
	GlobalSection(SolutionConfigurationPlatforms) = preSolution
		Debug|Any CPU = Debug|Any CPU
		Release|Any CPU = Release|Any CPU
	EndGlobalSection
	GlobalSection(ProjectConfigurationPlatforms) = postSolution
		{A1B2C3D4-E5F6-4711-8899-00AABBCCDDEE}.Debug|Any CPU.ActiveCfg = Debug|Any CPU
		{A1B2C3D4-E5F6-4711-8899-00AABBCCDDEE}.Debug|Any CPU.Build.0 = Debug|Any CPU
		{A1B2C3D4-E5F6-4711-8899-00AABBCCDDEE}.Release|Any CPU.ActiveCfg = Release|Any CPU
		{A1B2C3D4-E5F6-4711-8899-00AABBCCDDEE}.Release|Any CPU.Build.0 = Release|Any CPU
		{29FC635B-9321-A999-7AFF-F05155F102E8}.Debug|Any CPU.ActiveCfg = Debug|Any CPU
		{29FC635B-9321-A999-7AFF-F05155F102E8}.Debug|Any CPU.Build.0 = Debug|Any CPU
		{29FC635B-9321-A999-7AFF-F05155F102E8}.Release|Any CPU.ActiveCfg = Release|Any CPU
		{29FC635B-9321-A999-7AFF-F05155F102E8}.Release|Any CPU.Build.0 = Release|Any CPU
	EndGlobalSection
	GlobalSection(SolutionProperties) = preSolution
		HideSolutionNode = FALSE
	EndGlobalSection
	GlobalSection(ExtensibilityGlobals) = postSolution
		SolutionGuid = {A9C5E5E1-5C8B-4ED9-A36F-2E4B8A52F4B9}
	EndGlobalSection
EndGlobal
