
Microsoft Visual Studio Solution File, Format Version 12.00
# Visual Studio 2012
Project("{FAE04EC0-301F-11D3-BF4B-00C04F79EFBC}") = "PrintGridDemo_2012", "PrintGridDemo_2012.csproj", "{1BF83481-E17F-46D5-B857-3474220ED272}"
EndProject
Global
	GlobalSection(SolutionConfigurationPlatforms) = preSolution
		Debug|x86 = Debug|x86
		Release|x86 = Release|x86
	EndGlobalSection
	GlobalSection(ProjectConfigurationPlatforms) = postSolution
		{1BF83481-E17F-46D5-B857-3474220ED272}.Debug|x86.ActiveCfg = Debug|x86
		{1BF83481-E17F-46D5-B857-3474220ED272}.Debug|x86.Build.0 = Debug|x86
		{1BF83481-E17F-46D5-B857-3474220ED272}.Release|x86.ActiveCfg = Release|x86
		{1BF83481-E17F-46D5-B857-3474220ED272}.Release|x86.Build.0 = Release|x86
	EndGlobalSection
	GlobalSection(SolutionProperties) = preSolution
		HideSolutionNode = FALSE
	EndGlobalSection
EndGlobal
