
Microsoft Visual Studio Solution File, Format Version 11.00
# Visual Studio 2010
Project("{FAE04EC0-301F-11D3-BF4B-00C04F79EFBC}") = "Print_2010", "Print_2010.csproj", "{4585A7F6-A7E6-4E0E-AAD1-EE05690E97B1}"
EndProject
Global
	GlobalSection(SolutionConfigurationPlatforms) = preSolution
		Debug|x86 = Debug|x86
		Release|x86 = Release|x86
	EndGlobalSection
	GlobalSection(ProjectConfigurationPlatforms) = postSolution
		{4585A7F6-A7E6-4E0E-AAD1-EE05690E97B1}.Debug|x86.ActiveCfg = Debug|Any CPU
		{4585A7F6-A7E6-4E0E-AAD1-EE05690E97B1}.Debug|x86.Build.0 = Debug|Any CPU
		{4585A7F6-A7E6-4E0E-AAD1-EE05690E97B1}.Release|x86.ActiveCfg = Release|Any CPU
		{4585A7F6-A7E6-4E0E-AAD1-EE05690E97B1}.Release|x86.Build.0 = Release|Any CPU
	EndGlobalSection
	GlobalSection(SolutionProperties) = preSolution
		HideSolutionNode = FALSE
	EndGlobalSection
	GlobalSection(ExtensibilityGlobals) = postSolution
		SolutionGuid = {22CB70BF-3206-4171-AA4F-994C1F1BCE62}
	EndGlobalSection
EndGlobal
