
Microsoft Visual Studio Solution File, Format Version 13.00
# Visual Studio 2013
Project("{FAE04EC0-301F-11D3-BF4B-00C04F79EFBC}") = "ColumnChooserDemo_2013", "ColumnChooserDemo_2013.csproj", "{437645BC-8020-4C31-9908-25508B06A2A0}"
EndProject
Global
	GlobalSection(SolutionConfigurationPlatforms) = preSolution
		Debug|Any CPU = Debug|Any CPU
		Release|Any CPU = Release|Any CPU
		Release-XML|Any CPU = Release-XML|Any CPU
	EndGlobalSection
	GlobalSection(ProjectConfigurationPlatforms) = postSolution
		{437645BC-8020-4C31-9908-25508B06A2A0}.Debug|Any CPU.ActiveCfg = Debug|Any CPU
		{437645BC-8020-4C31-9908-25508B06A2A0}.Debug|Any CPU.Build.0 = Debug|Any CPU
		{437645BC-8020-4C31-9908-25508B06A2A0}.Release|Any CPU.ActiveCfg = Release|Any CPU
		{437645BC-8020-4C31-9908-25508B06A2A0}.Release|Any CPU.Build.0 = Release|Any CPU
		{437645BC-8020-4C31-9908-25508B06A2A0}.Release-XML|Any CPU.ActiveCfg = Release|Any CPU
		{437645BC-8020-4C31-9908-25508B06A2A0}.Release-XML|Any CPU.Build.0 = Release|Any CPU
	EndGlobalSection
	GlobalSection(SolutionProperties) = preSolution
		HideSolutionNode = FALSE
	EndGlobalSection
EndGlobal
