Microsoft Visual Studio Solution File, Format Version 12.00
# Visual Studio Version 16
VisualStudioVersion = 16.0.29020.237
MinimumVisualStudioVersion = 10.0.40219.1
Project("{FAE04EC0-301F-11D3-BF4B-00C04F79EFBC}") = "syncfusion.propertygriddemos.wpf_50", "syncfusion.propertygriddemos.wpf_50.csproj", "{E6990D54-523A-4879-A87E-60A481D36A33}"
EndProject
Project("{FAE04EC0-301F-11D3-BF4B-00C04F79EFBC}") = "syncfusion.demoscommon.wpf_lib_50", "..\common\syncfusion.demoscommon.wpf_lib_50.csproj", "{9EF55CDB-ED67-4A06-BC2A-1F811F791191}"
EndProject
Project("{FAE04EC0-301F-11D3-BF4B-00C04F79EFBC}") = "syncfusion.propertygriddemos.wpf_lib_50", "syncfusion.propertygriddemos.wpf_lib_50.csproj", "{2EB9DB59-2E7E-4D12-BFE7-9BD888278324}"
EndProject
Global
	GlobalSection(SolutionConfigurationPlatforms) = preSolution
		Debug|Any CPU = Debug|Any CPU
		Release|Any CPU = Release|Any CPU
	EndGlobalSection
	GlobalSection(ProjectConfigurationPlatforms) = postSolution
		{E6990D54-523A-4879-A87E-60A481D36A33}.Debug|Any CPU.ActiveCfg = Debug|Any CPU
		{E6990D54-523A-4879-A87E-60A481D36A33}.Debug|Any CPU.Build.0 = Debug|Any CPU
		{E6990D54-523A-4879-A87E-60A481D36A33}.Release|Any CPU.ActiveCfg = Release|Any CPU
		{E6990D54-523A-4879-A87E-60A481D36A33}.Release|Any CPU.Build.0 = Release|Any CPU
		{9EF55CDB-ED67-4A06-BC2A-1F811F791191}.Debug|Any CPU.ActiveCfg = Debug|Any CPU
		{9EF55CDB-ED67-4A06-BC2A-1F811F791191}.Debug|Any CPU.Build.0 = Debug|Any CPU
		{9EF55CDB-ED67-4A06-BC2A-1F811F791191}.Release|Any CPU.ActiveCfg = Release|Any CPU
		{9EF55CDB-ED67-4A06-BC2A-1F811F791191}.Release|Any CPU.Build.0 = Release|Any CPU
		{2EB9DB59-2E7E-4D12-BFE7-9BD888278324}.Debug|Any CPU.ActiveCfg = Debug|Any CPU
		{2EB9DB59-2E7E-4D12-BFE7-9BD888278324}.Debug|Any CPU.Build.0 = Debug|Any CPU
		{2EB9DB59-2E7E-4D12-BFE7-9BD888278324}.Release|Any CPU.ActiveCfg = Release|Any CPU
		{2EB9DB59-2E7E-4D12-BFE7-9BD888278324}.Release|Any CPU.Build.0 = Release|Any CPU
	EndGlobalSection
	GlobalSection(SolutionProperties) = preSolution
		HideSolutionNode = FALSE
	EndGlobalSection
	GlobalSection(ExtensibilityGlobals) = postSolution
		SolutionGuid = {56B1FEFD-DBBD-4866-A326-8D2AC15CF842}
	EndGlobalSection
EndGlobal
