
Microsoft Visual Studio Solution File, Format Version 12.00
# Visual Studio 2013
VisualStudioVersion = 12.0.30501.0
MinimumVisualStudioVersion = 10.0.40219.1
Project("{FAE04EC0-301F-11D3-BF4B-00C04F79EFBC}") = "ManipulatingSmartArt_2013", "ManipulatingSmartArt_2013.csproj", "{3C2924BD-8B16-478F-A9E4-B9CB5B4CF80B}"
EndProject
Global
	GlobalSection(SolutionConfigurationPlatforms) = preSolution
		Debug|Any CPU = Debug|Any CPU
		Debug-XML|Any CPU = Debug-XML|Any CPU
		Release|Any CPU = Release|Any CPU
		Release-XML|Any CPU = Release-XML|Any CPU
	EndGlobalSection
	GlobalSection(ProjectConfigurationPlatforms) = postSolution
		{3C2924BD-8B16-478F-A9E4-B9CB5B4CF80B}.Debug|Any CPU.ActiveCfg = Debug|Any CPU
		{3C2924BD-8B16-478F-A9E4-B9CB5B4CF80B}.Debug|Any CPU.Build.0 = Debug|Any CPU
		{3C2924BD-8B16-478F-A9E4-B9CB5B4CF80B}.Debug-XML|Any CPU.ActiveCfg = Debug|Any CPU
		{3C2924BD-8B16-478F-A9E4-B9CB5B4CF80B}.Debug-XML|Any CPU.Build.0 = Debug|Any CPU
		{3C2924BD-8B16-478F-A9E4-B9CB5B4CF80B}.Release|Any CPU.ActiveCfg = Release|Any CPU
		{3C2924BD-8B16-478F-A9E4-B9CB5B4CF80B}.Release|Any CPU.Build.0 = Release|Any CPU
		{3C2924BD-8B16-478F-A9E4-B9CB5B4CF80B}.Release-XML|Any CPU.ActiveCfg = Release|Any CPU
		{3C2924BD-8B16-478F-A9E4-B9CB5B4CF80B}.Release-XML|Any CPU.Build.0 = Release|Any CPU
		{0FB144EF-9940-47FF-BDA4-25B401EB166A}.Debug|Any CPU.ActiveCfg = Debug|Any CPU
		{0FB144EF-9940-47FF-BDA4-25B401EB166A}.Debug|Any CPU.Build.0 = Debug|Any CPU
		{0FB144EF-9940-47FF-BDA4-25B401EB166A}.Debug-XML|Any CPU.ActiveCfg = Debug-XML|Any CPU
		{0FB144EF-9940-47FF-BDA4-25B401EB166A}.Debug-XML|Any CPU.Build.0 = Debug-XML|Any CPU
		{0FB144EF-9940-47FF-BDA4-25B401EB166A}.Release|Any CPU.ActiveCfg = Release|Any CPU
		{0FB144EF-9940-47FF-BDA4-25B401EB166A}.Release|Any CPU.Build.0 = Release|Any CPU
		{0FB144EF-9940-47FF-BDA4-25B401EB166A}.Release-XML|Any CPU.ActiveCfg = Release-XML|Any CPU
		{0FB144EF-9940-47FF-BDA4-25B401EB166A}.Release-XML|Any CPU.Build.0 = Release-XML|Any CPU
		{59C24834-CA5B-4DC4-9B30-FA61376F1367}.Debug|Any CPU.ActiveCfg = Debug|Any CPU
		{59C24834-CA5B-4DC4-9B30-FA61376F1367}.Debug|Any CPU.Build.0 = Debug|Any CPU
		{59C24834-CA5B-4DC4-9B30-FA61376F1367}.Debug-XML|Any CPU.ActiveCfg = Debug-Xml|Any CPU
		{59C24834-CA5B-4DC4-9B30-FA61376F1367}.Debug-XML|Any CPU.Build.0 = Debug-Xml|Any CPU
		{59C24834-CA5B-4DC4-9B30-FA61376F1367}.Release|Any CPU.ActiveCfg = Release|Any CPU
		{59C24834-CA5B-4DC4-9B30-FA61376F1367}.Release|Any CPU.Build.0 = Release|Any CPU
		{59C24834-CA5B-4DC4-9B30-FA61376F1367}.Release-XML|Any CPU.ActiveCfg = Release-Xml|Any CPU
		{59C24834-CA5B-4DC4-9B30-FA61376F1367}.Release-XML|Any CPU.Build.0 = Release-Xml|Any CPU
		{41614871-AD26-40E8-8095-5AFF37F6D21B}.Debug|Any CPU.ActiveCfg = Debug|Any CPU
		{41614871-AD26-40E8-8095-5AFF37F6D21B}.Debug|Any CPU.Build.0 = Debug|Any CPU
		{41614871-AD26-40E8-8095-5AFF37F6D21B}.Debug-XML|Any CPU.ActiveCfg = Debug-Xml|Any CPU
		{41614871-AD26-40E8-8095-5AFF37F6D21B}.Debug-XML|Any CPU.Build.0 = Debug-Xml|Any CPU
		{41614871-AD26-40E8-8095-5AFF37F6D21B}.Release|Any CPU.ActiveCfg = Release|Any CPU
		{41614871-AD26-40E8-8095-5AFF37F6D21B}.Release|Any CPU.Build.0 = Release|Any CPU
		{41614871-AD26-40E8-8095-5AFF37F6D21B}.Release-XML|Any CPU.ActiveCfg = Release-Xml|Any CPU
		{41614871-AD26-40E8-8095-5AFF37F6D21B}.Release-XML|Any CPU.Build.0 = Release-Xml|Any CPU
	EndGlobalSection
	GlobalSection(SolutionProperties) = preSolution
		HideSolutionNode = FALSE
	EndGlobalSection
EndGlobal
