Microsoft Visual Studio Solution File, Format Version 12.00
# Visual Studio 2012
Project("{FAE04EC0-301F-11D3-BF4B-00C04F79EFBC}") = "syncfusion.editordemos.wpf_45", "syncfusion.editordemos.wpf_45.csproj", "{959CD411-E4B6-44F5-9E0A-2622AC4F7F06}"
EndProject
Project("{FAE04EC0-301F-11D3-BF4B-00C04F79EFBC}") = "syncfusion.editordemos.wpf_lib_45", "syncfusion.editordemos.wpf_lib_45.csproj", "{2A43BEF8-AB41-42C8-ACD2-045116B8B8A8}"
EndProject
Project("{FAE04EC0-301F-11D3-BF4B-00C04F79EFBC}") = "syncfusion.demoscommon.wpf_lib_45", "..\common\syncfusion.demoscommon.wpf_lib_45.csproj", "{9EF55CDB-ED67-4A06-BC2A-1F811F791191}"
EndProject
Global
	GlobalSection(SolutionConfigurationPlatforms) = preSolution
		Debug|Any CPU = Debug|Any CPU
		Release|Any CPU = Release|Any CPU
	EndGlobalSection
	GlobalSection(ProjectConfigurationPlatforms) = postSolution
		{959CD411-E4B6-44F5-9E0A-2622AC4F7F06}.Debug|Any CPU.ActiveCfg = Debug|Any CPU
		{959CD411-E4B6-44F5-9E0A-2622AC4F7F06}.Debug|Any CPU.Build.0 = Debug|Any CPU
		{959CD411-E4B6-44F5-9E0A-2622AC4F7F06}.Release|Any CPU.ActiveCfg = Release|Any CPU
		{959CD411-E4B6-44F5-9E0A-2622AC4F7F06}.Release|Any CPU.Build.0 = Release|Any CPU
		{2A43BEF8-AB41-42C8-ACD2-045116B8B8A8}.Debug|Any CPU.ActiveCfg = Debug|Any CPU
		{2A43BEF8-AB41-42C8-ACD2-045116B8B8A8}.Debug|Any CPU.Build.0 = Debug|Any CPU
		{2A43BEF8-AB41-42C8-ACD2-045116B8B8A8}.Release|Any CPU.ActiveCfg = Release|Any CPU
		{2A43BEF8-AB41-42C8-ACD2-045116B8B8A8}.Release|Any CPU.Build.0 = Release|Any CPU
		{9EF55CDB-ED67-4A06-BC2A-1F811F791191}.Debug|Any CPU.ActiveCfg = Debug|Any CPU
		{9EF55CDB-ED67-4A06-BC2A-1F811F791191}.Debug|Any CPU.Build.0 = Debug|Any CPU
		{9EF55CDB-ED67-4A06-BC2A-1F811F791191}.Release|Any CPU.ActiveCfg = Release|Any CPU
		{9EF55CDB-ED67-4A06-BC2A-1F811F791191}.Release|Any CPU.Build.0 = Release|Any CPU
	EndGlobalSection
	GlobalSection(SolutionProperties) = preSolution
		HideSolutionNode = FALSE
	EndGlobalSection
	GlobalSection(ExtensibilityGlobals) = postSolution
		SolutionGuid = {4F6EFBB0-00C1-497C-9B1E-A0A0F8669E43}
	EndGlobalSection
EndGlobal
