Microsoft Visual Studio Solution File, Format Version 12.00
# Visual Studio Version 16
VisualStudioVersion = 16.0.29020.237
MinimumVisualStudioVersion = 10.0.40219.1
Project("{9A19103F-16F7-4668-BE54-9A1E7A4F7556}") = "SyntaxHighlighting_NETCore", "SyntaxHighlighting_NETCore.csproj", "{CA8066DB-5B04-4B6E-8FD6-C82F37C1818D}"
EndProject
Global
	GlobalSection(SolutionConfigurationPlatforms) = preSolution
		Debug|x86 = Debug|x86
		Release|x86 = Release|x86
		release-XML|x86 = release-XML|x86
	EndGlobalSection
	GlobalSection(ProjectConfigurationPlatforms) = postSolution
		{CA8066DB-5B04-4B6E-8FD6-C82F37C1818D}.Debug|x86.ActiveCfg = Debug|Any CPU
		{CA8066DB-5B04-4B6E-8FD6-C82F37C1818D}.Debug|x86.Build.0 = Debug|Any CPU
		{CA8066DB-5B04-4B6E-8FD6-C82F37C1818D}.Release|x86.ActiveCfg = Release|Any CPU
		{CA8066DB-5B04-4B6E-8FD6-C82F37C1818D}.Release|x86.Build.0 = Release|Any CPU
		{CA8066DB-5B04-4B6E-8FD6-C82F37C1818D}.release-XML|x86.ActiveCfg = Release|Any CPU
		{CA8066DB-5B04-4B6E-8FD6-C82F37C1818D}.release-XML|x86.Build.0 = Release|Any CPU
	EndGlobalSection
	GlobalSection(SolutionProperties) = preSolution
		HideSolutionNode = FALSE
	EndGlobalSection
	GlobalSection(ExtensibilityGlobals) = postSolution
		SolutionGuid = {A8A8B864-478E-43AA-B955-681CAD9079CA}
	EndGlobalSection
EndGlobal
