
Microsoft Visual Studio Solution File, Format Version 11.00
# Visual Studio 2010
Project("{FAE04EC0-301F-11D3-BF4B-00C04F79EFBC}") = "VisualStyles_2010", "VisualStyles_2010.csproj", "{325A9137-7AC6-4740-8E5D-978F7D20EAA0}"
EndProject
Global
	GlobalSection(SolutionConfigurationPlatforms) = preSolution
		Debug|Any CPU = Debug|Any CPU
		Release|Any CPU = Release|Any CPU
	EndGlobalSection
	GlobalSection(ProjectConfigurationPlatforms) = postSolution
		{325A9137-7AC6-4740-8E5D-978F7D20EAA0}.Debug|Any CPU.ActiveCfg = Debug|Any CPU
		{325A9137-7AC6-4740-8E5D-978F7D20EAA0}.Debug|Any CPU.Build.0 = Debug|Any CPU
		{325A9137-7AC6-4740-8E5D-978F7D20EAA0}.Release|Any CPU.ActiveCfg = Release|Any CPU
		{325A9137-7AC6-4740-8E5D-978F7D20EAA0}.Release|Any CPU.Build.0 = Release|Any CPU
	EndGlobalSection
	GlobalSection(SolutionProperties) = preSolution
		HideSolutionNode = FALSE
	EndGlobalSection
EndGlobal
