
Microsoft Visual Studio Solution File, Format Version 12.00
# Visual Studio 15
VisualStudioVersion = 15.0.28307.168
MinimumVisualStudioVersion = 10.0.40219.1
Project("{FAE04EC0-301F-11D3-BF4B-00C04F79EFBC}") = "Snapping_2015", "Snapping_2015.csproj", "{92DA5D3A-7AE5-41DD-8AD6-A69FB8AE6C9D}"
EndProject
Global
	GlobalSection(SolutionConfigurationPlatforms) = preSolution
		Debug|Any CPU = Debug|Any CPU
		Release|Any CPU = Release|Any CPU
		Release-Xml|Any CPU = Release-Xml|Any CPU
	EndGlobalSection
	GlobalSection(ProjectConfigurationPlatforms) = postSolution
		{92DA5D3A-7AE5-41DD-8AD6-A69FB8AE6C9D}.Debug|Any CPU.ActiveCfg = Debug|Any CPU
		{92DA5D3A-7AE5-41DD-8AD6-A69FB8AE6C9D}.Debug|Any CPU.Build.0 = Debug|Any CPU
		{92DA5D3A-7AE5-41DD-8AD6-A69FB8AE6C9D}.Release|Any CPU.ActiveCfg = Release|Any CPU
		{92DA5D3A-7AE5-41DD-8AD6-A69FB8AE6C9D}.Release|Any CPU.Build.0 = Release|Any CPU
		{92DA5D3A-7AE5-41DD-8AD6-A69FB8AE6C9D}.Release-Xml|Any CPU.ActiveCfg = Release|Any CPU
		{92DA5D3A-7AE5-41DD-8AD6-A69FB8AE6C9D}.Release-Xml|Any CPU.Build.0 = Release|Any CPU
	EndGlobalSection
	GlobalSection(SolutionProperties) = preSolution
		HideSolutionNode = FALSE
	EndGlobalSection
	GlobalSection(ExtensibilityGlobals) = postSolution
		SolutionGuid = {694C9E86-B8A9-480B-B2B9-A5855F2491BA}
	EndGlobalSection
EndGlobal
