
Microsoft Visual Studio Solution File, Format Version 12.00
# Visual Studio 2012
Project("{FAE04EC0-301F-11D3-BF4B-00C04F79EFBC}") = "Snapping_2012", "Snapping_2012.csproj", "{92DA5D3A-7AE5-41DD-8AD6-A69FB8AE6C9D}"
EndProject
Global
	GlobalSection(SolutionConfigurationPlatforms) = preSolution
		Debug|Any CPU = Debug|Any CPU
		Release|Any CPU = Release|Any CPU
		Release-Xml|Any CPU = Release-Xml|Any CPU
	EndGlobalSection
	GlobalSection(ProjectConfigurationPlatforms) = postSolution
		{92DA5D3A-7AE5-41DD-8AD6-A69FB8AE6C9D}.Debug|Any CPU.ActiveCfg = Debug|Any CPU
		{92DA5D3A-7AE5-41DD-8AD6-A69FB8AE6C9D}.Debug|Any CPU.Build.0 = Debug|Any CPU
		{92DA5D3A-7AE5-41DD-8AD6-A69FB8AE6C9D}.Release|Any CPU.ActiveCfg = Release|Any CPU
		{92DA5D3A-7AE5-41DD-8AD6-A69FB8AE6C9D}.Release|Any CPU.Build.0 = Release|Any CPU
	EndGlobalSection
	GlobalSection(SolutionProperties) = preSolution
		HideSolutionNode = FALSE
	EndGlobalSection
	GlobalSection(ExtensibilityGlobals) = postSolution
		SolutionGuid = {3FE8FE40-8779-4376-A2C1-696BD2A32358}
	EndGlobalSection
EndGlobal
