
Microsoft Visual Studio Solution File, Format Version 12.00
# Visual Studio Version 16
VisualStudioVersion = 16.0.29009.5
MinimumVisualStudioVersion = 10.0.40219.1
Project("{FAE04EC0-301F-11D3-BF4B-00C04F79EFBC}") = "WorkFlow Editor_NETCore", "WorkFlow Editor_NETCore.csproj", "{701C93FC-5CF4-4E2C-B1A5-FFE0031B6EE5}"
EndProject
Project("{9A19103F-16F7-4668-BE54-9A1E7A4F7556}") = "DiagramFrontPageUtility_NETCore", "..\..\DiagramFrontPageUtility\DiagramFrontPageUtility\DiagramFrontPageUtility_NETCore.csproj", "{587342D4-E13C-4B84-B909-E513AA91443E}"
EndProject
Global
	GlobalSection(SolutionConfigurationPlatforms) = preSolution
		Debug|Any CPU = Debug|Any CPU
		Release|Any CPU = Release|Any CPU
	EndGlobalSection
	GlobalSection(ProjectConfigurationPlatforms) = postSolution
		{701C93FC-5CF4-4E2C-B1A5-FFE0031B6EE5}.Debug|Any CPU.ActiveCfg = Debug|Any CPU
		{701C93FC-5CF4-4E2C-B1A5-FFE0031B6EE5}.Debug|Any CPU.Build.0 = Debug|Any CPU
		{701C93FC-5CF4-4E2C-B1A5-FFE0031B6EE5}.Release|Any CPU.ActiveCfg = Release|Any CPU
		{701C93FC-5CF4-4E2C-B1A5-FFE0031B6EE5}.Release|Any CPU.Build.0 = Release|Any CPU
		{587342D4-E13C-4B84-B909-E513AA91443E}.Debug|Any CPU.ActiveCfg = Debug|Any CPU
		{587342D4-E13C-4B84-B909-E513AA91443E}.Debug|Any CPU.Build.0 = Debug|Any CPU
		{587342D4-E13C-4B84-B909-E513AA91443E}.Release|Any CPU.ActiveCfg = Release|Any CPU
		{587342D4-E13C-4B84-B909-E513AA91443E}.Release|Any CPU.Build.0 = Release|Any CPU
	EndGlobalSection
	GlobalSection(SolutionProperties) = preSolution
		HideSolutionNode = FALSE
	EndGlobalSection
	GlobalSection(ExtensibilityGlobals) = postSolution
		SolutionGuid = {E6A75754-D9BD-4EE5-9C6A-613DDAAFE675}
	EndGlobalSection
EndGlobal
