Microsoft Visual Studio Solution File, Format Version 12.00
# Visual Studio Version 16
VisualStudioVersion = 16.0.29020.237
MinimumVisualStudioVersion = 10.0.40219.1
Project("{9A19103F-16F7-4668-BE54-9A1E7A4F7556}") = "BindingTaskDetails_NETCore", "BindingTaskDetails_NETCore.csproj", "{FEA5A381-8CC4-42EA-ABD9-F96812D4B20D}"
EndProject
Global
	GlobalSection(SolutionConfigurationPlatforms) = preSolution
		Debug|x86 = Debug|x86
		Release|x86 = Release|x86
	EndGlobalSection
	GlobalSection(ProjectConfigurationPlatforms) = postSolution
		{FEA5A381-8CC4-42EA-ABD9-F96812D4B20D}.Debug|x86.ActiveCfg = Debug|Any CPU
		{FEA5A381-8CC4-42EA-ABD9-F96812D4B20D}.Debug|x86.Build.0 = Debug|Any CPU
		{FEA5A381-8CC4-42EA-ABD9-F96812D4B20D}.Release|x86.ActiveCfg = Release|Any CPU
		{FEA5A381-8CC4-42EA-ABD9-F96812D4B20D}.Release|x86.Build.0 = Release|Any CPU
	EndGlobalSection
	GlobalSection(SolutionProperties) = preSolution
		HideSolutionNode = FALSE
	EndGlobalSection
	GlobalSection(ExtensibilityGlobals) = postSolution
		SolutionGuid = {1A094F6D-6F83-4128-97B8-331E2CF7A89E}
	EndGlobalSection
EndGlobal
