Microsoft Visual Studio Solution File, Format Version 12.00
# Visual Studio Version 16
VisualStudioVersion = 16.0.29020.237
MinimumVisualStudioVersion = 10.0.40219.1
Project("{9A19103F-16F7-4668-BE54-9A1E7A4F7556}") = "CustomizedTable_NETCore", "CustomizedTable_NETCore.csproj", "{6F5008AF-9CE8-4EF0-843F-E9F41A538B21}"
EndProject
Global
	GlobalSection(SolutionConfigurationPlatforms) = preSolution
		Debug|x86 = Debug|x86
		Release|x86 = Release|x86
	EndGlobalSection
	GlobalSection(ProjectConfigurationPlatforms) = postSolution
		{6F5008AF-9CE8-4EF0-843F-E9F41A538B21}.Debug|x86.ActiveCfg = Debug|Any CPU
		{6F5008AF-9CE8-4EF0-843F-E9F41A538B21}.Debug|x86.Build.0 = Debug|Any CPU
		{6F5008AF-9CE8-4EF0-843F-E9F41A538B21}.Release|x86.ActiveCfg = Release|Any CPU
		{6F5008AF-9CE8-4EF0-843F-E9F41A538B21}.Release|x86.Build.0 = Release|Any CPU
	EndGlobalSection
	GlobalSection(SolutionProperties) = preSolution
		HideSolutionNode = FALSE
	EndGlobalSection
	GlobalSection(ExtensibilityGlobals) = postSolution
		SolutionGuid = {6D1672AE-C3D3-4267-A667-9EC612F6AAC4}
	EndGlobalSection
EndGlobal
