
Microsoft Visual Studio Solution File, Format Version 11.00
# Visual Studio 2010
Project("{FAE04EC0-301F-11D3-BF4B-00C04F79EFBC}") = "VisualStylesDemo_2010", "VisualStylesDemo_2010.csproj", "{37B37BB1-E315-4DDC-8C5E-0337FF1AC2FD}"
EndProject
Global
	GlobalSection(SolutionConfigurationPlatforms) = preSolution
		Debug|x86 = Debug|x86
		Release|x86 = Release|x86
	EndGlobalSection
	GlobalSection(ProjectConfigurationPlatforms) = postSolution
		{37B37BB1-E315-4DDC-8C5E-0337FF1AC2FD}.Debug|x86.ActiveCfg = Debug|x86
		{37B37BB1-E315-4DDC-8C5E-0337FF1AC2FD}.Debug|x86.Build.0 = Debug|x86
		{37B37BB1-E315-4DDC-8C5E-0337FF1AC2FD}.Release|x86.ActiveCfg = Release|x86
		{37B37BB1-E315-4DDC-8C5E-0337FF1AC2FD}.Release|x86.Build.0 = Release|x86
	EndGlobalSection
	GlobalSection(SolutionProperties) = preSolution
		HideSolutionNode = FALSE
	EndGlobalSection
EndGlobal
