
Microsoft Visual Studio Solution File, Format Version 11.00
# Visual Studio 2012
Project("{FAE04EC0-301F-11D3-BF4B-00C04F79EFBC}") = "Serialization_2012", "Serialization_2012.csproj", "{4314D6E5-FCA8-4803-B7BC-4467604C8377}"
EndProject
Global
	GlobalSection(SolutionConfigurationPlatforms) = preSolution
		Debug|Any CPU = Debug|Any CPU
		DebugXML|Any CPU = DebugXML|Any CPU
		Release|Any CPU = Release|Any CPU
		Release-Xml|Any CPU = Release-Xml|Any CPU
	EndGlobalSection
	GlobalSection(ProjectConfigurationPlatforms) = postSolution
		{4314D6E5-FCA8-4803-B7BC-4467604C8377}.Debug|Any CPU.ActiveCfg = Debug|Any CPU
		{4314D6E5-FCA8-4803-B7BC-4467604C8377}.Debug|Any CPU.Build.0 = Debug|Any CPU
		{4314D6E5-FCA8-4803-B7BC-4467604C8377}.DebugXML|Any CPU.ActiveCfg = Debug|Any CPU
		{4314D6E5-FCA8-4803-B7BC-4467604C8377}.DebugXML|Any CPU.Build.0 = Debug|Any CPU
		{4314D6E5-FCA8-4803-B7BC-4467604C8377}.Release|Any CPU.ActiveCfg = Release|Any CPU
		{4314D6E5-FCA8-4803-B7BC-4467604C8377}.Release|Any CPU.Build.0 = Release|Any CPU
		{4314D6E5-FCA8-4803-B7BC-4467604C8377}.Release-Xml|Any CPU.ActiveCfg = Release|Any CPU
		{4314D6E5-FCA8-4803-B7BC-4467604C8377}.Release-Xml|Any CPU.Build.0 = Release|Any CPU
	EndGlobalSection
	GlobalSection(SolutionProperties) = preSolution
		HideSolutionNode = FALSE
	EndGlobalSection
EndGlobal
