Microsoft Visual Studio Solution File, Format Version 12.00
# Visual Studio 2012
Project("{FAE04EC0-301F-11D3-BF4B-00C04F79EFBC}") = "syncfusion.auditshowcase.wpf_lib_45", "syncfusion.auditshowcase.wpf_lib_45.csproj", "{5AAB8983-353A-4BE4-A75A-A01B8E145EE2}"
EndProject
Global
	GlobalSection(SolutionConfigurationPlatforms) = preSolution
		Debug|Any CPU = Debug|Any CPU
		Release|Any CPU = Release|Any CPU
	EndGlobalSection
	GlobalSection(ProjectConfigurationPlatforms) = postSolution
		{5AAB8983-353A-4BE4-A75A-A01B8E145EE2}.Debug|Any CPU.ActiveCfg = Debug|Any CPU
		{5AAB8983-353A-4BE4-A75A-A01B8E145EE2}.Debug|Any CPU.Build.0 = Debug|Any CPU
		{5AAB8983-353A-4BE4-A75A-A01B8E145EE2}.Release|Any CPU.ActiveCfg = Release|Any CPU
		{5AAB8983-353A-4BE4-A75A-A01B8E145EE2}.Release|Any CPU.Build.0 = Release|Any CPU
	EndGlobalSection
	GlobalSection(SolutionProperties) = preSolution
		HideSolutionNode = FALSE
	EndGlobalSection
	GlobalSection(ExtensibilityGlobals) = postSolution
		SolutionGuid = {52E4D6EA-06CA-4E23-8637-F11467A18416}
	EndGlobalSection
EndGlobal
