Microsoft Visual Studio Solution File, Format Version 12.00
# Visual Studio Version 16
VisualStudioVersion = 16.0.29020.237
MinimumVisualStudioVersion = 10.0.40219.1
Project("{FAE04EC0-301F-11D3-BF4B-00C04F79EFBC}") = "syncfusion.auditshowcase.wpf_50", "syncfusion.auditshowcase.wpf_50.csproj", "{8C6861BA-4519-4658-BDCD-54EF34C56D36}"
EndProject
Project("{FAE04EC0-301F-11D3-BF4B-00C04F79EFBC}") = "syncfusion.auditshowcase.wpf_lib_50", "syncfusion.auditshowcase.wpf_lib_50.csproj", "{5AAB8983-353A-4BE4-A75A-A01B8E145EE2}"
EndProject
Global
	GlobalSection(SolutionConfigurationPlatforms) = preSolution
		Debug|Any CPU = Debug|Any CPU
		Release|Any CPU = Release|Any CPU
	EndGlobalSection
	GlobalSection(ProjectConfigurationPlatforms) = postSolution
		{8C6861BA-4519-4658-BDCD-54EF34C56D36}.Debug|Any CPU.ActiveCfg = Debug|Any CPU
		{8C6861BA-4519-4658-BDCD-54EF34C56D36}.Debug|Any CPU.Build.0 = Debug|Any CPU
		{8C6861BA-4519-4658-BDCD-54EF34C56D36}.Release|Any CPU.ActiveCfg = Release|Any CPU
		{8C6861BA-4519-4658-BDCD-54EF34C56D36}.Release|Any CPU.Build.0 = Release|Any CPU
		{5AAB8983-353A-4BE4-A75A-A01B8E145EE2}.Debug|Any CPU.ActiveCfg = Debug|Any CPU
		{5AAB8983-353A-4BE4-A75A-A01B8E145EE2}.Debug|Any CPU.Build.0 = Debug|Any CPU
		{5AAB8983-353A-4BE4-A75A-A01B8E145EE2}.Release|Any CPU.ActiveCfg = Release|Any CPU
		{5AAB8983-353A-4BE4-A75A-A01B8E145EE2}.Release|Any CPU.Build.0 = Release|Any CPU
	EndGlobalSection
	GlobalSection(SolutionProperties) = preSolution
		HideSolutionNode = FALSE
	EndGlobalSection
	GlobalSection(ExtensibilityGlobals) = postSolution
		SolutionGuid = {52707C99-8033-46AF-AE74-8E16DDCB4E2B}
	EndGlobalSection
EndGlobal
