
Microsoft Visual Studio Solution File, Format Version 12.00
# Visual Studio 2012
Project("{FAE04EC0-301F-11D3-BF4B-00C04F79EFBC}") = "RTFSupport_2012", "RTFSupport_2012.csproj", "{BE09DBC2-38D1-4858-8937-2FE22C6A6FF3}"
EndProject
Global
	GlobalSection(SolutionConfigurationPlatforms) = preSolution
		Debug|Any CPU = Debug|Any CPU
		Release|Any CPU = Release|Any CPU
	EndGlobalSection
	GlobalSection(ProjectConfigurationPlatforms) = postSolution
		{BE09DBC2-38D1-4858-8937-2FE22C6A6FF3}.Debug|Any CPU.ActiveCfg = Debug|Any CPU
		{BE09DBC2-38D1-4858-8937-2FE22C6A6FF3}.Debug|Any CPU.Build.0 = Debug|Any CPU
		{BE09DBC2-38D1-4858-8937-2FE22C6A6FF3}.Release|Any CPU.ActiveCfg = Release|Any CPU
		{BE09DBC2-38D1-4858-8937-2FE22C6A6FF3}.Release|Any CPU.Build.0 = Release|Any CPU
	EndGlobalSection
	GlobalSection(SolutionProperties) = preSolution
		HideSolutionNode = FALSE
	EndGlobalSection
EndGlobal
