
Microsoft Visual Studio Solution File, Format Version 12.00
# Visual Studio 2012
Project("{FAE04EC0-301F-11D3-BF4B-00C04F79EFBC}") = "FilterStatusBarDemo_2012", "FilterStatusBarDemo_2012.csproj", "{1A66F7D4-352A-46D3-92B4-A9B8A3AAEA74}"
EndProject
Global
	GlobalSection(SolutionConfigurationPlatforms) = preSolution
		Debug|Any CPU = Debug|Any CPU
		Release|Any CPU = Release|Any CPU
	EndGlobalSection
	GlobalSection(ProjectConfigurationPlatforms) = postSolution
		{1A66F7D4-352A-46D3-92B4-A9B8A3AAEA74}.Debug|Any CPU.ActiveCfg = Debug|Any CPU
		{1A66F7D4-352A-46D3-92B4-A9B8A3AAEA74}.Debug|Any CPU.Build.0 = Debug|Any CPU
		{1A66F7D4-352A-46D3-92B4-A9B8A3AAEA74}.Release|Any CPU.ActiveCfg = Release|Any CPU
		{1A66F7D4-352A-46D3-92B4-A9B8A3AAEA74}.Release|Any CPU.Build.0 = Release|Any CPU
	EndGlobalSection
	GlobalSection(SolutionProperties) = preSolution
		HideSolutionNode = FALSE
	EndGlobalSection
EndGlobal
