
Microsoft Visual Studio Solution File, Format Version 11.00
# Visual Studio 2012
Project("{FAE04EC0-301F-11D3-BF4B-00C04F79EFBC}") = "DoughnutChartDemo_2012", "DoughnutChartDemo_2012.csproj", "{A98F1A3B-4FF9-4A79-A4A8-CFF08D8F05C6}"
EndProject
Global
	GlobalSection(SolutionConfigurationPlatforms) = preSolution
		Debug|Any CPU = Debug|Any CPU
		Release|Any CPU = Release|Any CPU
	EndGlobalSection
	GlobalSection(ProjectConfigurationPlatforms) = postSolution
		{A98F1A3B-4FF9-4A79-A4A8-CFF08D8F05C6}.Debug|Any CPU.ActiveCfg = Debug|Any CPU
		{A98F1A3B-4FF9-4A79-A4A8-CFF08D8F05C6}.Debug|Any CPU.Build.0 = Debug|Any CPU
		{A98F1A3B-4FF9-4A79-A4A8-CFF08D8F05C6}.Release|Any CPU.ActiveCfg = Release|Any CPU
		{A98F1A3B-4FF9-4A79-A4A8-CFF08D8F05C6}.Release|Any CPU.Build.0 = Release|Any CPU
	EndGlobalSection
	GlobalSection(SolutionProperties) = preSolution
		HideSolutionNode = FALSE
	EndGlobalSection
EndGlobal
