
Microsoft Visual Studio Solution File, Format Version 12.00
# Visual Studio 2012
Project("{FAE04EC0-301F-11D3-BF4B-00C04F79EFBC}") = "ComboBoxColumnsDemo_2012", "ComboBoxColumnsDemo_2012.csproj", "{694FAB01-F7E3-47C6-8135-530D3DE4A118}"
EndProject
Global
	GlobalSection(SolutionConfigurationPlatforms) = preSolution
		Debug|Any CPU = Debug|Any CPU
		Release|Any CPU = Release|Any CPU
	EndGlobalSection
	GlobalSection(ProjectConfigurationPlatforms) = postSolution
		{694FAB01-F7E3-47C6-8135-530D3DE4A118}.Debug|Any CPU.ActiveCfg = Debug|Any CPU
		{694FAB01-F7E3-47C6-8135-530D3DE4A118}.Debug|Any CPU.Build.0 = Debug|Any CPU
		{694FAB01-F7E3-47C6-8135-530D3DE4A118}.Release|Any CPU.ActiveCfg = Release|Any CPU
		{694FAB01-F7E3-47C6-8135-530D3DE4A118}.Release|Any CPU.Build.0 = Release|Any CPU
	EndGlobalSection
	GlobalSection(SolutionProperties) = preSolution
		HideSolutionNode = FALSE
	EndGlobalSection
EndGlobal
