
Microsoft Visual Studio Solution File, Format Version 12.00
# Visual Studio 15
VisualStudioVersion = 15.0.28307.705
MinimumVisualStudioVersion = 10.0.40219.1
Project("{FAE04EC0-301F-11D3-BF4B-00C04F79EFBC}") = "syncfusion.weatheranalysis.wpf_47", "syncfusion.weatheranalysis.wpf_47.csproj", "{4113BC91-C506-45E3-95C3-CC98A0A219FC}"
EndProject
Project("{FAE04EC0-301F-11D3-BF4B-00C04F79EFBC}") = "syncfusion.weatheranalysis.wpf_lib_47", "syncfusion.weatheranalysis.wpf_lib_47.csproj", "{D99EA21F-9E11-4E9A-9BDC-A5149608E86D}"
EndProject
Global
	GlobalSection(SolutionConfigurationPlatforms) = preSolution
		Debug|Any CPU = Debug|Any CPU
		Release|Any CPU = Release|Any CPU
	EndGlobalSection
	GlobalSection(ProjectConfigurationPlatforms) = postSolution
		{4113BC91-C506-45E3-95C3-CC98A0A219FC}.Debug|Any CPU.ActiveCfg = Debug|Any CPU
		{4113BC91-C506-45E3-95C3-CC98A0A219FC}.Debug|Any CPU.Build.0 = Debug|Any CPU
		{4113BC91-C506-45E3-95C3-CC98A0A219FC}.Release|Any CPU.ActiveCfg = Release|Any CPU
		{4113BC91-C506-45E3-95C3-CC98A0A219FC}.Release|Any CPU.Build.0 = Release|Any CPU
		{D99EA21F-9E11-4E9A-9BDC-A5149608E86D}.Debug|Any CPU.ActiveCfg = Debug|Any CPU
		{D99EA21F-9E11-4E9A-9BDC-A5149608E86D}.Debug|Any CPU.Build.0 = Debug|Any CPU
		{D99EA21F-9E11-4E9A-9BDC-A5149608E86D}.Release|Any CPU.ActiveCfg = Release|Any CPU
		{D99EA21F-9E11-4E9A-9BDC-A5149608E86D}.Release|Any CPU.Build.0 = Release|Any CPU
	EndGlobalSection
	GlobalSection(SolutionProperties) = preSolution
		HideSolutionNode = FALSE
	EndGlobalSection
	GlobalSection(ExtensibilityGlobals) = postSolution
		SolutionGuid = {3F86362A-7126-4BC5-979E-A58842E57F79}
	EndGlobalSection
EndGlobal
