Microsoft Visual Studio Solution File, Format Version 12.00
# Visual Studio Version 16
VisualStudioVersion = 16.0.29020.237
MinimumVisualStudioVersion = 10.0.40219.1
Project("{FAE04EC0-301F-11D3-BF4B-00C04F79EFBC}") = "CircularProgressBar_NETCore", "CircularProgressBar_NETCore.csproj", "{A19CB5D8-CABE-47FC-A07A-4B93CD9EAEDA}"
EndProject
Global
	GlobalSection(SolutionConfigurationPlatforms) = preSolution
		Debug|Any CPU = Debug|Any CPU
		Release|Any CPU = Release|Any CPU
	EndGlobalSection
	GlobalSection(ProjectConfigurationPlatforms) = postSolution
		{A19CB5D8-CABE-47FC-A07A-4B93CD9EAEDA}.Debug|Any CPU.ActiveCfg = Debug|Any CPU
		{A19CB5D8-CABE-47FC-A07A-4B93CD9EAEDA}.Debug|Any CPU.Build.0 = Debug|Any CPU
		{A19CB5D8-CABE-47FC-A07A-4B93CD9EAEDA}.Release|Any CPU.ActiveCfg = Release|Any CPU
		{A19CB5D8-CABE-47FC-A07A-4B93CD9EAEDA}.Release|Any CPU.Build.0 = Release|Any CPU
	EndGlobalSection
	GlobalSection(SolutionProperties) = preSolution
		HideSolutionNode = FALSE
	EndGlobalSection
	GlobalSection(ExtensibilityGlobals) = postSolution
		SolutionGuid = {8DC73150-8BC9-4022-9C9F-BF29AED542BB}
	EndGlobalSection
EndGlobal
