
Microsoft Visual Studio Solution File, Format Version 12.00
# Visual Studio 17
Project("{FAE04EC0-301F-11D3-BF4B-00C04F79EFBC}") = "CircularProgressBar_2017", "CircularProgressBar_2017.csproj", "{A19CB5D8-CABE-47FC-A07A-4B93CD9EAEDA}"
EndProject
Global
	GlobalSection(SolutionConfigurationPlatforms) = preSolution
		Debug|Any CPU = Debug|Any CPU
		Release|Any CPU = Release|Any CPU
		Release-XML|Any CPU = Release-XML|Any CPU
	EndGlobalSection
	GlobalSection(ProjectConfigurationPlatforms) = postSolution
		{A19CB5D8-CABE-47FC-A07A-4B93CD9EAEDA}.Debug|Any CPU.ActiveCfg = Debug|Any CPU
		{A19CB5D8-CABE-47FC-A07A-4B93CD9EAEDA}.Debug|Any CPU.Build.0 = Debug|Any CPU
		{A19CB5D8-CABE-47FC-A07A-4B93CD9EAEDA}.Release|Any CPU.ActiveCfg = Release|Any CPU
		{A19CB5D8-CABE-47FC-A07A-4B93CD9EAEDA}.Release|Any CPU.Build.0 = Release|Any CPU
		{A19CB5D8-CABE-47FC-A07A-4B93CD9EAEDA}.Release-XML|Any CPU.ActiveCfg = Release|Any CPU
		{A19CB5D8-CABE-47FC-A07A-4B93CD9EAEDA}.Release-XML|Any CPU.Build.0 = Release|Any CPU
	EndGlobalSection
	GlobalSection(SolutionProperties) = preSolution
		HideSolutionNode = FALSE
	EndGlobalSection
	GlobalSection(ExtensibilityGlobals) = postSolution
		SolutionGuid = {B06801ED-72DB-4255-9720-1E978523BC72}
	EndGlobalSection
EndGlobal
