
Microsoft Visual Studio Solution File, Format Version 12.00
# Visual Studio Version 16
VisualStudioVersion = 16.0.29009.5
MinimumVisualStudioVersion = 10.0.40219.1
Project("{FAE04EC0-301F-11D3-BF4B-00C04F79EFBC}") = "Organizational Layout_NETCore", "Organizational Layout_NETCore.csproj", "{3D0B996F-A874-4915-8650-C9B6B5A674D4}"
EndProject
Global
	GlobalSection(SolutionConfigurationPlatforms) = preSolution
		Debug|Any CPU = Debug|Any CPU
		Release|Any CPU = Release|Any CPU
	EndGlobalSection
	GlobalSection(ProjectConfigurationPlatforms) = postSolution
		{3D0B996F-A874-4915-8650-C9B6B5A674D4}.Debug|Any CPU.ActiveCfg = Debug|Any CPU
		{3D0B996F-A874-4915-8650-C9B6B5A674D4}.Debug|Any CPU.Build.0 = Debug|Any CPU
		{3D0B996F-A874-4915-8650-C9B6B5A674D4}.Release|Any CPU.ActiveCfg = Release|Any CPU
		{3D0B996F-A874-4915-8650-C9B6B5A674D4}.Release|Any CPU.Build.0 = Release|Any CPU
	EndGlobalSection
	GlobalSection(SolutionProperties) = preSolution
		HideSolutionNode = FALSE
	EndGlobalSection
	GlobalSection(ExtensibilityGlobals) = postSolution
		SolutionGuid = {3DCC7C99-9178-4080-823D-C927C1281EE7}
	EndGlobalSection
EndGlobal
