
Microsoft Visual Studio Solution File, Format Version 11.00
# Visual Studio 2010
Project("{FAE04EC0-301F-11D3-BF4B-00C04F79EFBC}") = "Organizational Layout_2010", "Organizational Layout_2010.csproj", "{DB716BFB-2C59-4FCE-8E2E-5E2A80AFA3BF}"
EndProject
Global
	GlobalSection(SolutionConfigurationPlatforms) = preSolution
		Debug|x86 = Debug|x86
		Release|x86 = Release|x86
	EndGlobalSection
	GlobalSection(ProjectConfigurationPlatforms) = postSolution
		{DB716BFB-2C59-4FCE-8E2E-5E2A80AFA3BF}.Debug|x86.ActiveCfg = Debug|x86
		{DB716BFB-2C59-4FCE-8E2E-5E2A80AFA3BF}.Debug|x86.Build.0 = Debug|x86
		{DB716BFB-2C59-4FCE-8E2E-5E2A80AFA3BF}.Release|x86.ActiveCfg = Release|x86
		{DB716BFB-2C59-4FCE-8E2E-5E2A80AFA3BF}.Release|x86.Build.0 = Release|x86
	EndGlobalSection
	GlobalSection(SolutionProperties) = preSolution
		HideSolutionNode = FALSE
	EndGlobalSection
EndGlobal
