Microsoft Visual Studio Solution File, Format Version 12.00
# Visual Studio Version 16
VisualStudioVersion = 16.0.29020.237
MinimumVisualStudioVersion = 10.0.40219.1
Project("{FAE04EC0-301F-11D3-BF4B-00C04F79EFBC}") = "ArrayCalculationDemo_NETCore", "ArrayCalculationDemo_NETCore.csproj", "{7CC4D2A0-812E-4E15-941F-FFB2360F782C}"
EndProject
Global
	GlobalSection(SolutionConfigurationPlatforms) = preSolution
		Debug|Any CPU = Debug|Any CPU
		Release|Any CPU = Release|Any CPU
	EndGlobalSection
	GlobalSection(ProjectConfigurationPlatforms) = postSolution
		{7CC4D2A0-812E-4E15-941F-FFB2360F782C}.Debug|Any CPU.ActiveCfg = Debug|Any CPU
		{7CC4D2A0-812E-4E15-941F-FFB2360F782C}.Debug|Any CPU.Build.0 = Debug|Any CPU
		{7CC4D2A0-812E-4E15-941F-FFB2360F782C}.Release|Any CPU.ActiveCfg = Release|Any CPU
		{7CC4D2A0-812E-4E15-941F-FFB2360F782C}.Release|Any CPU.Build.0 = Release|Any CPU
	EndGlobalSection
	GlobalSection(SolutionProperties) = preSolution
		HideSolutionNode = FALSE
	EndGlobalSection
EndGlobal
