
Microsoft Visual Studio Solution File, Format Version 12.00
# Visual Studio 15
VisualStudioVersion = 15.0.28307.902
MinimumVisualStudioVersion = 10.0.40219.1
Project("{FAE04EC0-301F-11D3-BF4B-00C04F79EFBC}") = "syncfusion.spreadsheetdemo.wpf_lib_70", "syncfusion.spreadsheetdemo.wpf_lib_70.csproj", "{F52AAD80-FA6E-49D3-963B-03078CD1125D}"
EndProject
Global
	GlobalSection(SolutionConfigurationPlatforms) = preSolution
		Debug|Any CPU = Debug|Any CPU
		Release|Any CPU = Release|Any CPU
	EndGlobalSection
	GlobalSection(ProjectConfigurationPlatforms) = postSolution
		{F52AAD80-FA6E-49D3-963B-03078CD1125D}.Debug|Any CPU.ActiveCfg = Debug|Any CPU
		{F52AAD80-FA6E-49D3-963B-03078CD1125D}.Debug|Any CPU.Build.0 = Debug|Any CPU
		{F52AAD80-FA6E-49D3-963B-03078CD1125D}.Release|Any CPU.ActiveCfg = Release|Any CPU
		{F52AAD80-FA6E-49D3-963B-03078CD1125D}.Release|Any CPU.Build.0 = Release|Any CPU
	EndGlobalSection
	GlobalSection(SolutionProperties) = preSolution
		HideSolutionNode = FALSE
	EndGlobalSection
	GlobalSection(ExtensibilityGlobals) = postSolution
		SolutionGuid = {148861B8-27F9-414B-9A84-F6C5F456A321}
	EndGlobalSection
EndGlobal
