Microsoft Visual Studio Solution File, Format Version 12.00
# Visual Studio Version 16
VisualStudioVersion = 16.0.29020.237
MinimumVisualStudioVersion = 10.0.40219.1
Project("{FAE04EC0-301F-11D3-BF4B-00C04F79EFBC}") = "PivotGridDemo_NETCore", "PivotGridDemo_NETCore.csproj", "{B3F6BD79-BD5B-4ED0-9892-E92FE9CD0B43}"
EndProject
Global
	GlobalSection(SolutionConfigurationPlatforms) = preSolution
		Debug|Any CPU = Debug|Any CPU
		Release|Any CPU = Release|Any CPU
	EndGlobalSection
	GlobalSection(ProjectConfigurationPlatforms) = postSolution
		{B3F6BD79-BD5B-4ED0-9892-E92FE9CD0B43}.Debug|Any CPU.ActiveCfg = Debug|Any CPU
		{B3F6BD79-BD5B-4ED0-9892-E92FE9CD0B43}.Debug|Any CPU.Build.0 = Debug|Any CPU
		{B3F6BD79-BD5B-4ED0-9892-E92FE9CD0B43}.Release|Any CPU.ActiveCfg = Release|Any CPU
		{B3F6BD79-BD5B-4ED0-9892-E92FE9CD0B43}.Release|Any CPU.Build.0 = Release|Any CPU
	EndGlobalSection
	GlobalSection(SolutionProperties) = preSolution
		HideSolutionNode = FALSE
	EndGlobalSection
EndGlobal
