
Microsoft Visual Studio Solution File, Format Version 12.00
# Visual Studio 15
VisualStudioVersion = 15.0.28307.705
MinimumVisualStudioVersion = 10.0.40219.1
Project("{FAE04EC0-301F-11D3-BF4B-00C04F79EFBC}") = "syncfusion.datagriddemos.wpf_lib_47", "syncfusion.datagriddemos.wpf_lib_47.csproj", "{C7CF6DD2-AD6E-4A29-9983-9E93C4C1F6F9}"
EndProject
Project("{FAE04EC0-301F-11D3-BF4B-00C04F79EFBC}") = "syncfusion.demoscommon.wpf_lib_47", "..\common\syncfusion.demoscommon.wpf_lib_47.csproj", "{9EF55CDB-ED67-4A06-BC2A-1F811F791191}"
EndProject
Global
	GlobalSection(SolutionConfigurationPlatforms) = preSolution
		Debug|Any CPU = Debug|Any CPU
		Release|Any CPU = Release|Any CPU
	EndGlobalSection
	GlobalSection(ProjectConfigurationPlatforms) = postSolution
		{F53D9CD0-5394-4ED3-A1D6-F43683DB9076}.Debug|Any CPU.ActiveCfg = Debug|Any CPU
		{F53D9CD0-5394-4ED3-A1D6-F43683DB9076}.Debug|Any CPU.Build.0 = Debug|Any CPU
		{F53D9CD0-5394-4ED3-A1D6-F43683DB9076}.Release|Any CPU.ActiveCfg = Release|Any CPU
		{F53D9CD0-5394-4ED3-A1D6-F43683DB9076}.Release|Any CPU.Build.0 = Release|Any CPU
		{C7CF6DD2-AD6E-4A29-9983-9E93C4C1F6F9}.Debug|Any CPU.ActiveCfg = Debug|Any CPU
		{C7CF6DD2-AD6E-4A29-9983-9E93C4C1F6F9}.Debug|Any CPU.Build.0 = Debug|Any CPU
		{C7CF6DD2-AD6E-4A29-9983-9E93C4C1F6F9}.Release|Any CPU.ActiveCfg = Release|Any CPU
		{C7CF6DD2-AD6E-4A29-9983-9E93C4C1F6F9}.Release|Any CPU.Build.0 = Release|Any CPU
		{9EF55CDB-ED67-4A06-BC2A-1F811F791191}.Debug|Any CPU.ActiveCfg = Debug|Any CPU
		{9EF55CDB-ED67-4A06-BC2A-1F811F791191}.Debug|Any CPU.Build.0 = Debug|Any CPU
		{9EF55CDB-ED67-4A06-BC2A-1F811F791191}.Release|Any CPU.ActiveCfg = Release|Any CPU
		{9EF55CDB-ED67-4A06-BC2A-1F811F791191}.Release|Any CPU.Build.0 = Release|Any CPU
	EndGlobalSection
	GlobalSection(SolutionProperties) = preSolution
		HideSolutionNode = FALSE
	EndGlobalSection
	GlobalSection(ExtensibilityGlobals) = postSolution
		SolutionGuid = {4169EB58-D672-4E9C-B9F0-D9C9F43AA089}
	EndGlobalSection
EndGlobal
