
Microsoft Visual Studio Solution File, Format Version 12.00
# Visual Studio Version 16
VisualStudioVersion = 16.0.29409.12
MinimumVisualStudioVersion = 10.0.40219.1
Project("{9A19103F-16F7-4668-BE54-9A1E7A4F7556}") = "TemplateCustomization_NETCore", "..\..\..\Date Picker\Template Customization\CS\TemplateCustomization_NETCore.csproj", "{B3E713EE-FB28-4B09-9002-AE67E75B90A6}"
EndProject
Global
	GlobalSection(SolutionConfigurationPlatforms) = preSolution
		Debug|Any CPU = Debug|Any CPU
		Release|Any CPU = Release|Any CPU
	EndGlobalSection
	GlobalSection(ProjectConfigurationPlatforms) = postSolution
		{B3E713EE-FB28-4B09-9002-AE67E75B90A6}.Debug|Any CPU.ActiveCfg = Debug|Any CPU
		{B3E713EE-FB28-4B09-9002-AE67E75B90A6}.Debug|Any CPU.Build.0 = Debug|Any CPU
		{B3E713EE-FB28-4B09-9002-AE67E75B90A6}.Release|Any CPU.ActiveCfg = Release|Any CPU
		{B3E713EE-FB28-4B09-9002-AE67E75B90A6}.Release|Any CPU.Build.0 = Release|Any CPU
	EndGlobalSection
	GlobalSection(SolutionProperties) = preSolution
		HideSolutionNode = FALSE
	EndGlobalSection
	GlobalSection(ExtensibilityGlobals) = postSolution
		SolutionGuid = {024E060E-621E-4F70-9132-CC611DD25FCB}
	EndGlobalSection
EndGlobal
