Microsoft Visual Studio Solution File, Format Version 13.00
# Visual Studio 2013
Project("{FAE04EC0-301F-11D3-BF4B-00C04F79EFBC}") = "DocumentSettings_2013", "DocumentSettings_2013.csproj", "{AC03D248-CA51-4826-86C9-FC1CF6B37A34}"
EndProject
Global
	GlobalSection(SolutionConfigurationPlatforms) = preSolution
		Debug|Any CPU = Debug|Any CPU
		Release|Any CPU = Release|Any CPU
	EndGlobalSection
	GlobalSection(ProjectConfigurationPlatforms) = postSolution
		{AC03D248-CA51-4826-86C9-FC1CF6B37A34}.Debug|Any CPU.ActiveCfg = Debug|Any CPU
		{AC03D248-CA51-4826-86C9-FC1CF6B37A34}.Debug|Any CPU.Build.0 = Debug|Any CPU
		{AC03D248-CA51-4826-86C9-FC1CF6B37A34}.Release|Any CPU.ActiveCfg = Release|Any CPU
		{AC03D248-CA51-4826-86C9-FC1CF6B37A34}.Release|Any CPU.Build.0 = Release|Any CPU
	EndGlobalSection
	GlobalSection(SolutionProperties) = preSolution
		HideSolutionNode = FALSE
	EndGlobalSection
EndGlobal
