
Microsoft Visual Studio Solution File, Format Version 11.00
# Visual Studio 2010
Project("{FAE04EC0-301F-11D3-BF4B-00C04F79EFBC}") = "Encrypt Decrypt_2010", "Encrypt Decrypt_2010.csproj", "{FD419851-FDAB-498C-9CA2-74103D55F364}"
EndProject
Global
	GlobalSection(SolutionConfigurationPlatforms) = preSolution
		Debug|Any CPU = Debug|Any CPU
		Release|Any CPU = Release|Any CPU
	EndGlobalSection
	GlobalSection(ProjectConfigurationPlatforms) = postSolution
		{FD419851-FDAB-498C-9CA2-74103D55F364}.Debug|Any CPU.ActiveCfg = Debug|Any CPU
		{FD419851-FDAB-498C-9CA2-74103D55F364}.Debug|Any CPU.Build.0 = Debug|Any CPU
		{FD419851-FDAB-498C-9CA2-74103D55F364}.Release|Any CPU.ActiveCfg = Release|Any CPU
		{FD419851-FDAB-498C-9CA2-74103D55F364}.Release|Any CPU.Build.0 = Release|Any CPU
	EndGlobalSection
	GlobalSection(SolutionProperties) = preSolution
		HideSolutionNode = FALSE
	EndGlobalSection
EndGlobal
