
Microsoft Visual Studio Solution File, Format Version 13.00
# Visual Studio 2013
Project("{FAE04EC0-301F-11D3-BF4B-00C04F79EFBC}") = "SortBySummaryDemo_2012", "SortBySummaryDemo_2012.csproj", "{C2A1CF5B-F31D-4DB1-AAB3-BC75A898BB08}"
EndProject
Global
	GlobalSection(SolutionConfigurationPlatforms) = preSolution
		Debug|Any CPU = Debug|Any CPU
		Release|Any CPU = Release|Any CPU
	EndGlobalSection
	GlobalSection(ProjectConfigurationPlatforms) = postSolution
		{C2A1CF5B-F31D-4DB1-AAB3-BC75A898BB08}.Debug|Any CPU.ActiveCfg = Debug|Any CPU
		{C2A1CF5B-F31D-4DB1-AAB3-BC75A898BB08}.Debug|Any CPU.Build.0 = Debug|Any CPU
		{C2A1CF5B-F31D-4DB1-AAB3-BC75A898BB08}.Release|Any CPU.ActiveCfg = Release|Any CPU
		{C2A1CF5B-F31D-4DB1-AAB3-BC75A898BB08}.Release|Any CPU.Build.0 = Release|Any CPU
	EndGlobalSection
	GlobalSection(SolutionProperties) = preSolution
		HideSolutionNode = FALSE
	EndGlobalSection
EndGlobal
