﻿Microsoft Visual Studio Solution File, Format Version 12.00
# Visual Studio Version 16
VisualStudioVersion = 16.0.29009.5
MinimumVisualStudioVersion = 10.0.40219.1
Project("{FAE04EC0-301F-11D3-BF4B-00C04F79EFBC}") = "syncfusion.treeviewdemos.wpf_47", "syncfusion.treeviewdemos.wpf_47.csproj", "{6F53327F-A6F7-48FE-9F39-DD3E5AE47843}"
EndProject
Project("{FAE04EC0-301F-11D3-BF4B-00C04F79EFBC}") = "syncfusion.treeviewdemos.wpf_lib_47", "syncfusion.treeviewdemos.wpf_lib_47.csproj", "{11764526-52BB-4A4F-8330-D3630BED2ABB}"
EndProject
Project("{FAE04EC0-301F-11D3-BF4B-00C04F79EFBC}") = "syncfusion.demoscommon.wpf_lib_47", "..\common\syncfusion.demoscommon.wpf_lib_47.csproj", "{9EF55CDB-ED67-4A06-BC2A-1F811F791191}"
EndProject
Global
	GlobalSection(SolutionConfigurationPlatforms) = preSolution
		Debug|Any CPU = Debug|Any CPU
		Release|Any CPU = Release|Any CPU
	EndGlobalSection
	GlobalSection(ProjectConfigurationPlatforms) = postSolution
		{6F53327F-A6F7-48FE-9F39-DD3E5AE47843}.Debug|Any CPU.ActiveCfg = Debug|Any CPU
		{6F53327F-A6F7-48FE-9F39-DD3E5AE47843}.Debug|Any CPU.Build.0 = Debug|Any CPU
		{6F53327F-A6F7-48FE-9F39-DD3E5AE47843}.Release|Any CPU.ActiveCfg = Release|Any CPU
		{6F53327F-A6F7-48FE-9F39-DD3E5AE47843}.Release|Any CPU.Build.0 = Release|Any CPU
		{11764526-52BB-4A4F-8330-D3630BED2ABB}.Debug|Any CPU.ActiveCfg = Debug|Any CPU
		{11764526-52BB-4A4F-8330-D3630BED2ABB}.Debug|Any CPU.Build.0 = Debug|Any CPU
		{11764526-52BB-4A4F-8330-D3630BED2ABB}.Release|Any CPU.ActiveCfg = Release|Any CPU
		{11764526-52BB-4A4F-8330-D3630BED2ABB}.Release|Any CPU.Build.0 = Release|Any CPU
		{9EF55CDB-ED67-4A06-BC2A-1F811F791191}.Debug|Any CPU.ActiveCfg = Debug|Any CPU
		{9EF55CDB-ED67-4A06-BC2A-1F811F791191}.Debug|Any CPU.Build.0 = Debug|Any CPU
		{9EF55CDB-ED67-4A06-BC2A-1F811F791191}.Release|Any CPU.ActiveCfg = Release|Any CPU
		{9EF55CDB-ED67-4A06-BC2A-1F811F791191}.Release|Any CPU.Build.0 = Release|Any CPU
	EndGlobalSection
	GlobalSection(SolutionProperties) = preSolution
		HideSolutionNode = FALSE
	EndGlobalSection
	GlobalSection(ExtensibilityGlobals) = postSolution
		SolutionGuid = {B0CC5F24-880E-4CC8-9231-EC71FF37EF95}
	EndGlobalSection
EndGlobal
