
Microsoft Visual Studio Solution File, Format Version 12.00
# Visual Studio 14
VisualStudioVersion = 14.0.23103.0
MinimumVisualStudioVersion = 10.0.40219.1
Project("{FAE04EC0-301F-11D3-BF4B-00C04F79EFBC}") = "StackingColumnChartDemo_2015", "StackingColumnChartDemo_2015.csproj", "{9B408332-4176-49E2-B1E5-BA6505422D9E}"
EndProject
Global
	GlobalSection(SolutionConfigurationPlatforms) = preSolution
		Debug|Any CPU = Debug|Any CPU
		Release|Any CPU = Release|Any CPU
		Release-Xml|Any CPU = Release-Xml|Any CPU
	EndGlobalSection
	GlobalSection(ProjectConfigurationPlatforms) = postSolution
		{9B408332-4176-49E2-B1E5-BA6505422D9E}.Debug|Any CPU.ActiveCfg = Debug|Any CPU
		{9B408332-4176-49E2-B1E5-BA6505422D9E}.Debug|Any CPU.Build.0 = Debug|Any CPU
		{9B408332-4176-49E2-B1E5-BA6505422D9E}.Release|Any CPU.ActiveCfg = Release|Any CPU
		{9B408332-4176-49E2-B1E5-BA6505422D9E}.Release|Any CPU.Build.0 = Release|Any CPU
		{9B408332-4176-49E2-B1E5-BA6505422D9E}.Release-Xml|Any CPU.ActiveCfg = Release|Any CPU
		{9B408332-4176-49E2-B1E5-BA6505422D9E}.Release-Xml|Any CPU.Build.0 = Release|Any CPU
	EndGlobalSection
	GlobalSection(SolutionProperties) = preSolution
		HideSolutionNode = FALSE
	EndGlobalSection
EndGlobal
