Microsoft Visual Studio Solution File, Format Version 12.00
# Visual Studio Version 17
VisualStudioVersion = 17.12.35323.107
MinimumVisualStudioVersion = 10.0.40219.1
Project("{FAE04EC0-301F-11D3-BF4B-00C04F79EFBC}") = "syncfusion.demoscommon.wpf_lib", "syncfusion.demoscommon.wpf_lib.csproj", "{FA11BA0A-2B67-4E9B-A0BD-43E01223EB30}"
EndProject
Global
	GlobalSection(SolutionConfigurationPlatforms) = preSolution
		Debug|Any CPU = Debug|Any CPU
		Release|Any CPU = Release|Any CPU
	EndGlobalSection
	GlobalSection(ProjectConfigurationPlatforms) = postSolution
		{FA11BA0A-2B67-4E9B-A0BD-43E01223EB30}.Debug|Any CPU.ActiveCfg = Debug|Any CPU
		{FA11BA0A-2B67-4E9B-A0BD-43E01223EB30}.Debug|Any CPU.Build.0 = Debug|Any CPU
		{FA11BA0A-2B67-4E9B-A0BD-43E01223EB30}.Release|Any CPU.ActiveCfg = Release|Any CPU
		{FA11BA0A-2B67-4E9B-A0BD-43E01223EB30}.Release|Any CPU.Build.0 = Release|Any CPU
	EndGlobalSection
	GlobalSection(SolutionProperties) = preSolution
		HideSolutionNode = FALSE
	EndGlobalSection
	GlobalSection(ExtensibilityGlobals) = postSolution
		SolutionGuid = {EF86A7DA-6F35-4EE2-BA84-7C8029FD3B39}
	EndGlobalSection
EndGlobal
