
Microsoft Visual Studio Solution File, Format Version 11.00
# Visual Studio 2010
Project("{FAE04EC0-301F-11D3-BF4B-00C04F79EFBC}") = "Polar Chart Demo_2010", "PolarChartDemo_2010.csproj", "{96D19F16-FDC3-49BC-8B5B-B4DF2338258D}"
EndProject
Global
	GlobalSection(SolutionConfigurationPlatforms) = preSolution
		Debug|Any CPU = Debug|Any CPU
		Release|Any CPU = Release|Any CPU
	EndGlobalSection
	GlobalSection(ProjectConfigurationPlatforms) = postSolution
		{96D19F16-FDC3-49BC-8B5B-B4DF2338258D}.Debug|Any CPU.ActiveCfg = Debug|Any CPU
		{96D19F16-FDC3-49BC-8B5B-B4DF2338258D}.Debug|Any CPU.Build.0 = Debug|Any CPU
		{96D19F16-FDC3-49BC-8B5B-B4DF2338258D}.Release|Any CPU.ActiveCfg = Release|Any CPU
		{96D19F16-FDC3-49BC-8B5B-B4DF2338258D}.Release|Any CPU.Build.0 = Release|Any CPU
	EndGlobalSection
	GlobalSection(SolutionProperties) = preSolution
		HideSolutionNode = FALSE
	EndGlobalSection
EndGlobal
