Microsoft Visual Studio Solution File, Format Version 12.00
# Visual Studio Version 16
VisualStudioVersion = 16.0.29020.237
MinimumVisualStudioVersion = 10.0.40219.1
Project("{FAE04EC0-301F-11D3-BF4B-00C04F79EFBC}") = "Polar Chart Demo_NETCore", "PolarChartDemo_NETCore.csproj", "{96D19F16-FDC3-49BC-8B5B-B4DF2338258D}"
EndProject
Global
	GlobalSection(SolutionConfigurationPlatforms) = preSolution
		Debug|Any CPU = Debug|Any CPU
		Release|Any CPU = Release|Any CPU
	EndGlobalSection
	GlobalSection(ProjectConfigurationPlatforms) = postSolution
		{96D19F16-FDC3-49BC-8B5B-B4DF2338258D}.Debug|Any CPU.ActiveCfg = Debug|Any CPU
		{96D19F16-FDC3-49BC-8B5B-B4DF2338258D}.Debug|Any CPU.Build.0 = Debug|Any CPU
		{96D19F16-FDC3-49BC-8B5B-B4DF2338258D}.Release|Any CPU.ActiveCfg = Release|Any CPU
		{96D19F16-FDC3-49BC-8B5B-B4DF2338258D}.Release|Any CPU.Build.0 = Release|Any CPU
	EndGlobalSection
	GlobalSection(SolutionProperties) = preSolution
		HideSolutionNode = FALSE
	EndGlobalSection
EndGlobal
