
Microsoft Visual Studio Solution File, Format Version 12.00
# Visual Studio 2013
VisualStudioVersion = 12.0.31101.0
MinimumVisualStudioVersion = 10.0.40219.1
Project("{FAE04EC0-301F-11D3-BF4B-00C04F79EFBC}") = "KeyBoard Interaction_2013", "KeyBoard Interaction_2013.csproj", "{AFE52162-78E8-49B6-808E-BF98E0146475}"
EndProject
Global
	GlobalSection(SolutionConfigurationPlatforms) = preSolution
		Debug|Any CPU = Debug|Any CPU
		Release|Any CPU = Release|Any CPU
		Release-Xml|Any CPU = Release-Xml|Any CPU
	EndGlobalSection
	GlobalSection(ProjectConfigurationPlatforms) = postSolution
		{AFE52162-78E8-49B6-808E-BF98E0146475}.Debug|Any CPU.ActiveCfg = Debug|Any CPU
		{AFE52162-78E8-49B6-808E-BF98E0146475}.Debug|Any CPU.Build.0 = Debug|Any CPU
		{AFE52162-78E8-49B6-808E-BF98E0146475}.Release|Any CPU.ActiveCfg = Release|Any CPU
		{AFE52162-78E8-49B6-808E-BF98E0146475}.Release|Any CPU.Build.0 = Release|Any CPU
		{AFE52162-78E8-49B6-808E-BF98E0146475}.Release-Xml|Any CPU.ActiveCfg = Release|Any CPU
		{AFE52162-78E8-49B6-808E-BF98E0146475}.Release-Xml|Any CPU.Build.0 = Release|Any CPU
	EndGlobalSection
	GlobalSection(SolutionProperties) = preSolution
		HideSolutionNode = FALSE
	EndGlobalSection
EndGlobal
