
Microsoft Visual Studio Solution File, Format Version 12.00
# Visual Studio 2013
VisualStudioVersion = 12.0.31101.0
MinimumVisualStudioVersion = 10.0.40219.1
Project("{FAE04EC0-301F-11D3-BF4B-00C04F79EFBC}") = "StackedHeaderDemo_2013", "StackedHeaderDemo_2013.csproj", "{479F71BB-C598-4EBB-BA7F-CA3E28E1662A}"
EndProject
Global
	GlobalSection(SolutionConfigurationPlatforms) = preSolution
		Debug|Any CPU = Debug|Any CPU
		Release|Any CPU = Release|Any CPU
	EndGlobalSection
	GlobalSection(ProjectConfigurationPlatforms) = postSolution
		{479F71BB-C598-4EBB-BA7F-CA3E28E1662A}.Debug|Any CPU.ActiveCfg = Debug|Any CPU
		{479F71BB-C598-4EBB-BA7F-CA3E28E1662A}.Debug|Any CPU.Build.0 = Debug|Any CPU
		{479F71BB-C598-4EBB-BA7F-CA3E28E1662A}.Release|Any CPU.ActiveCfg = Release|Any CPU
		{479F71BB-C598-4EBB-BA7F-CA3E28E1662A}.Release|Any CPU.Build.0 = Release|Any CPU
	EndGlobalSection
	GlobalSection(SolutionProperties) = preSolution
		HideSolutionNode = FALSE
	EndGlobalSection
EndGlobal
