
Microsoft Visual Studio Solution File, Format Version 12.00
# Visual Studio 14
VisualStudioVersion = 14.0.24720.0
MinimumVisualStudioVersion = 10.0.40219.1
Project("{FAE04EC0-301F-11D3-BF4B-00C04F79EFBC}") = "Getting Started_2015", "Getting Started_2015.csproj", "{07721782-45A0-4249-BCD2-106D1AFC25F4}"
EndProject
Global
	GlobalSection(SolutionConfigurationPlatforms) = preSolution
		Debug|Any CPU = Debug|Any CPU
		Debug-Xml|Any CPU = Debug-Xml|Any CPU
		Release|Any CPU = Release|Any CPU
		Release-Xml|Any CPU = Release-Xml|Any CPU
	EndGlobalSection
	GlobalSection(ProjectConfigurationPlatforms) = postSolution
		{07721782-45A0-4249-BCD2-106D1AFC25F4}.Debug|Any CPU.ActiveCfg = Debug|Any CPU
		{07721782-45A0-4249-BCD2-106D1AFC25F4}.Debug|Any CPU.Build.0 = Debug|Any CPU
		{07721782-45A0-4249-BCD2-106D1AFC25F4}.Debug-Xml|Any CPU.ActiveCfg = Debug|Any CPU
		{07721782-45A0-4249-BCD2-106D1AFC25F4}.Debug-Xml|Any CPU.Build.0 = Debug|Any CPU
		{07721782-45A0-4249-BCD2-106D1AFC25F4}.Release|Any CPU.ActiveCfg = Release|Any CPU
		{07721782-45A0-4249-BCD2-106D1AFC25F4}.Release|Any CPU.Build.0 = Release|Any CPU
		{07721782-45A0-4249-BCD2-106D1AFC25F4}.Release-Xml|Any CPU.ActiveCfg = Release|Any CPU
		{07721782-45A0-4249-BCD2-106D1AFC25F4}.Release-Xml|Any CPU.Build.0 = Release|Any CPU
	EndGlobalSection
	GlobalSection(SolutionProperties) = preSolution
		HideSolutionNode = FALSE
	EndGlobalSection
EndGlobal
