
Microsoft Visual Studio Solution File, Format Version 11.00
# Visual Studio 2010
Project("{FAE04EC0-301F-11D3-BF4B-00C04F79EFBC}") = "Bar Chart_2010", "Bar Chart_2010.csproj", "{FEF34B08-3322-4493-825F-7AE12BE0EFF5}"
EndProject
Global
	GlobalSection(SolutionConfigurationPlatforms) = preSolution
		Debug|Any CPU = Debug|Any CPU
		Release|Any CPU = Release|Any CPU
	EndGlobalSection
	GlobalSection(ProjectConfigurationPlatforms) = postSolution
		{FEF34B08-3322-4493-825F-7AE12BE0EFF5}.Debug|Any CPU.ActiveCfg = Debug|Any CPU
		{FEF34B08-3322-4493-825F-7AE12BE0EFF5}.Debug|Any CPU.Build.0 = Debug|Any CPU
		{FEF34B08-3322-4493-825F-7AE12BE0EFF5}.Release|Any CPU.ActiveCfg = Release|Any CPU
		{FEF34B08-3322-4493-825F-7AE12BE0EFF5}.Release|Any CPU.Build.0 = Release|Any CPU
	EndGlobalSection
	GlobalSection(SolutionProperties) = preSolution
		HideSolutionNode = FALSE
	EndGlobalSection
EndGlobal
