Microsoft Visual Studio Solution File, Format Version 13.00
# Visual Studio 14
Project("{FAE04EC0-301F-11D3-BF4B-00C04F79EFBC}") = "ImportAndStamp_2015", "ImportAndStamp_2015.csproj", "{55F08F37-8CC4-4AD6-B7C7-068E64D4175C}"
EndProject
Global
	GlobalSection(SolutionConfigurationPlatforms) = preSolution
		Debug|Any CPU = Debug|Any CPU
		Release|Any CPU = Release|Any CPU
	EndGlobalSection
	GlobalSection(ProjectConfigurationPlatforms) = postSolution
		{55F08F37-8CC4-4AD6-B7C7-068E64D4175C}.Debug|Any CPU.ActiveCfg = Debug|Any CPU
		{55F08F37-8CC4-4AD6-B7C7-068E64D4175C}.Debug|Any CPU.Build.0 = Debug|Any CPU
		{55F08F37-8CC4-4AD6-B7C7-068E64D4175C}.Release|Any CPU.ActiveCfg = Release|Any CPU
		{55F08F37-8CC4-4AD6-B7C7-068E64D4175C}.Release|Any CPU.Build.0 = Release|Any CPU
	EndGlobalSection
	GlobalSection(SolutionProperties) = preSolution
		HideSolutionNode = FALSE
	EndGlobalSection
EndGlobal
