
Microsoft Visual Studio Solution File, Format Version 12.00
# Visual Studio 2012
Project("{FAE04EC0-301F-11D3-BF4B-00C04F79EFBC}") = "Customization_2012", "Customization_2012.csproj", "{D44FACDB-316B-4F89-8AC2-56E0186B96CF}"
EndProject
Global
	GlobalSection(SolutionConfigurationPlatforms) = preSolution
		Debug|Any CPU = Debug|Any CPU
		Release|Any CPU = Release|Any CPU
		Release-Xml|Any CPU = Release-Xml|Any CPU
	EndGlobalSection
	GlobalSection(ProjectConfigurationPlatforms) = postSolution
		{D44FACDB-316B-4F89-8AC2-56E0186B96CF}.Debug|Any CPU.ActiveCfg = Debug|Any CPU
		{D44FACDB-316B-4F89-8AC2-56E0186B96CF}.Debug|Any CPU.Build.0 = Debug|Any CPU
		{D44FACDB-316B-4F89-8AC2-56E0186B96CF}.Release|Any CPU.ActiveCfg = Release|Any CPU
		{D44FACDB-316B-4F89-8AC2-56E0186B96CF}.Release|Any CPU.Build.0 = Release|Any CPU
		{D44FACDB-316B-4F89-8AC2-56E0186B96CF}.Release-Xml|Any CPU.ActiveCfg = Release|Any CPU
		{D44FACDB-316B-4F89-8AC2-56E0186B96CF}.Release-Xml|Any CPU.Build.0 = Release|Any CPU
	EndGlobalSection
	GlobalSection(SolutionProperties) = preSolution
		HideSolutionNode = FALSE
	EndGlobalSection
EndGlobal
