
Microsoft Visual Studio Solution File, Format Version 12.00
# Visual Studio 2012
Project("{FAE04EC0-301F-11D3-BF4B-00C04F79EFBC}") = "DocumentEditor_2012", "DocumentEditor_2012.csproj", "{8B5E623B-170B-44D7-B692-694741D70EE6}"
EndProject
Global
	GlobalSection(SolutionConfigurationPlatforms) = preSolution
		Debug|Any CPU = Debug|Any CPU
		Debug-Xml|Any CPU = Debug-Xml|Any CPU
		Release|Any CPU = Release|Any CPU
		Release-Xml|Any CPU = Release-Xml|Any CPU
	EndGlobalSection
	GlobalSection(ProjectConfigurationPlatforms) = postSolution
		{8B5E623B-170B-44D7-B692-694741D70EE6}.Debug|Any CPU.ActiveCfg = Debug|Any CPU
		{8B5E623B-170B-44D7-B692-694741D70EE6}.Debug|Any CPU.Build.0 = Debug|Any CPU
		{8B5E623B-170B-44D7-B692-694741D70EE6}.Debug-Xml|Any CPU.ActiveCfg = Debug|Any CPU
		{8B5E623B-170B-44D7-B692-694741D70EE6}.Debug-Xml|Any CPU.Build.0 = Debug|Any CPU
		{8B5E623B-170B-44D7-B692-694741D70EE6}.Release|Any CPU.ActiveCfg = Release|Any CPU
		{8B5E623B-170B-44D7-B692-694741D70EE6}.Release|Any CPU.Build.0 = Release|Any CPU
		{8B5E623B-170B-44D7-B692-694741D70EE6}.Release-Xml|Any CPU.ActiveCfg = Release|Any CPU
		{8B5E623B-170B-44D7-B692-694741D70EE6}.Release-Xml|Any CPU.Build.0 = Release|Any CPU
		{0F7B0E50-E879-456C-9E17-2061B2CA6F95}.Debug|Any CPU.ActiveCfg = Debug|Any CPU
		{0F7B0E50-E879-456C-9E17-2061B2CA6F95}.Debug|Any CPU.Build.0 = Debug|Any CPU
		{0F7B0E50-E879-456C-9E17-2061B2CA6F95}.Debug-Xml|Any CPU.ActiveCfg = Debug-Xml|Any CPU
		{0F7B0E50-E879-456C-9E17-2061B2CA6F95}.Debug-Xml|Any CPU.Build.0 = Debug-Xml|Any CPU
		{0F7B0E50-E879-456C-9E17-2061B2CA6F95}.Release|Any CPU.ActiveCfg = Release|Any CPU
		{0F7B0E50-E879-456C-9E17-2061B2CA6F95}.Release|Any CPU.Build.0 = Release|Any CPU
		{0F7B0E50-E879-456C-9E17-2061B2CA6F95}.Release-Xml|Any CPU.ActiveCfg = Release-Xml|Any CPU
		{0F7B0E50-E879-456C-9E17-2061B2CA6F95}.Release-Xml|Any CPU.Build.0 = Release-Xml|Any CPU
	EndGlobalSection
	GlobalSection(SolutionProperties) = preSolution
		HideSolutionNode = FALSE
	EndGlobalSection
EndGlobal
