
Microsoft Visual Studio Solution File, Format Version 11.00
# Visual Studio 2012
Project("{FAE04EC0-301F-11D3-BF4B-00C04F79EFBC}") = "Invoice", "Invoice_2012.csproj", "{D348B079-E5B2-43AE-AE7A-81708AB0464F}"
EndProject
Global
	GlobalSection(SolutionConfigurationPlatforms) = preSolution
		Debug|Any CPU = Debug|Any CPU
		Release|Any CPU = Release|Any CPU
	EndGlobalSection
	GlobalSection(ProjectConfigurationPlatforms) = postSolution
		{D348B079-E5B2-43AE-AE7A-81708AB0464F}.Debug|Any CPU.ActiveCfg = Debug|Any CPU
		{D348B079-E5B2-43AE-AE7A-81708AB0464F}.Debug|Any CPU.Build.0 = Debug|Any CPU
		{D348B079-E5B2-43AE-AE7A-81708AB0464F}.Release|Any CPU.ActiveCfg = Release|Any CPU
		{D348B079-E5B2-43AE-AE7A-81708AB0464F}.Release|Any CPU.Build.0 = Release|Any CPU
	EndGlobalSection
	GlobalSection(SolutionProperties) = preSolution
		HideSolutionNode = FALSE
	EndGlobalSection
EndGlobal
