
Microsoft Visual Studio Solution File, Format Version 12.00
# Visual Studio Version 16
VisualStudioVersion = 16.0.29424.173
MinimumVisualStudioVersion = 10.0.40219.1
Project("{FAE04EC0-301F-11D3-BF4B-00C04F79EFBC}") = "DataMarkers_2010", "DataMarkers_2010.csproj", "{2CBFB258-E3F7-405F-AE6E-434BBC870BF8}"
EndProject
Global
	GlobalSection(SolutionConfigurationPlatforms) = preSolution
		Debug|Any CPU = Debug|Any CPU
		Release|Any CPU = Release|Any CPU
	EndGlobalSection
	GlobalSection(ProjectConfigurationPlatforms) = postSolution
		{2CBFB258-E3F7-405F-AE6E-434BBC870BF8}.Debug|Any CPU.ActiveCfg = Debug|Any CPU
		{2CBFB258-E3F7-405F-AE6E-434BBC870BF8}.Debug|Any CPU.Build.0 = Debug|Any CPU
		{2CBFB258-E3F7-405F-AE6E-434BBC870BF8}.Release|Any CPU.ActiveCfg = Release|Any CPU
		{2CBFB258-E3F7-405F-AE6E-434BBC870BF8}.Release|Any CPU.Build.0 = Release|Any CPU
	EndGlobalSection
	GlobalSection(SolutionProperties) = preSolution
		HideSolutionNode = FALSE
	EndGlobalSection
	GlobalSection(ExtensibilityGlobals) = postSolution
		SolutionGuid = {E3550F7C-A5A6-4C0A-B1DB-28CAC2CEC245}
	EndGlobalSection
EndGlobal
