
Microsoft Visual Studio Solution File, Format Version 12.00
# Visual Studio Version 16
VisualStudioVersion = 16.0.30320.27
MinimumVisualStudioVersion = 10.0.40219.1
Project("{FAE04EC0-301F-11D3-BF4B-00C04F79EFBC}") = "syncfusion.succinctlyseries.wpf_lib_47", "syncfusion.succinctlyseries.wpf_lib_47.csproj", "{5B508A64-C5BC-441A-9353-26A60943F871}"
EndProject
Global
	GlobalSection(SolutionConfigurationPlatforms) = preSolution
		Debug|Any CPU = Debug|Any CPU
		Release|Any CPU = Release|Any CPU
	EndGlobalSection
	GlobalSection(ProjectConfigurationPlatforms) = postSolution
		{5B508A64-C5BC-441A-9353-26A60943F871}.Debug|Any CPU.ActiveCfg = Debug|Any CPU
		{5B508A64-C5BC-441A-9353-26A60943F871}.Debug|Any CPU.Build.0 = Debug|Any CPU
		{5B508A64-C5BC-441A-9353-26A60943F871}.Release|Any CPU.ActiveCfg = Release|Any CPU
		{5B508A64-C5BC-441A-9353-26A60943F871}.Release|Any CPU.Build.0 = Release|Any CPU
	EndGlobalSection
	GlobalSection(SolutionProperties) = preSolution
		HideSolutionNode = FALSE
	EndGlobalSection
	GlobalSection(ExtensibilityGlobals) = postSolution
		SolutionGuid = {0972C08B-F920-4F76-9938-14B92962E8D9}
	EndGlobalSection
EndGlobal
