
Microsoft Visual Studio Solution File, Format Version 11.00
# Visual Studio 2012
VisualStudioVersion = 12.0.30501.0
MinimumVisualStudioVersion = 10.0.40219.1
Project("{FAE04EC0-301F-11D3-BF4B-00C04F79EFBC}") = "SurfaceChartDemo_2012", "SurfaceChartDemo_2012.csproj", "{55B3D68A-919D-45F2-8D4D-8A4B6D847230}"
EndProject
Global
	GlobalSection(SolutionConfigurationPlatforms) = preSolution
		Debug|Any CPU = Debug|Any CPU
		Release|Any CPU = Release|Any CPU
		Release-Xml|Any CPU = Release-Xml|Any CPU
	EndGlobalSection
	GlobalSection(ProjectConfigurationPlatforms) = postSolution
		{55B3D68A-919D-45F2-8D4D-8A4B6D847230}.Debug|Any CPU.ActiveCfg = Debug|Any CPU
		{55B3D68A-919D-45F2-8D4D-8A4B6D847230}.Debug|Any CPU.Build.0 = Debug|Any CPU
		{55B3D68A-919D-45F2-8D4D-8A4B6D847230}.Release|Any CPU.ActiveCfg = Release|Any CPU
		{55B3D68A-919D-45F2-8D4D-8A4B6D847230}.Release|Any CPU.Build.0 = Release|Any CPU
		{55B3D68A-919D-45F2-8D4D-8A4B6D847230}.Release-Xml|Any CPU.ActiveCfg = Release|Any CPU
		{55B3D68A-919D-45F2-8D4D-8A4B6D847230}.Release-Xml|Any CPU.Build.0 = Release|Any CPU
		{6393A954-54C7-44C9-97A4-D4DB945DACE3}.Debug|Any CPU.ActiveCfg = Debug|Any CPU
		{6393A954-54C7-44C9-97A4-D4DB945DACE3}.Debug|Any CPU.Build.0 = Debug|Any CPU
		{6393A954-54C7-44C9-97A4-D4DB945DACE3}.Release|Any CPU.ActiveCfg = Release|Any CPU
		{6393A954-54C7-44C9-97A4-D4DB945DACE3}.Release|Any CPU.Build.0 = Release|Any CPU
		{6393A954-54C7-44C9-97A4-D4DB945DACE3}.Release-Xml|Any CPU.ActiveCfg = Release-Xml|Any CPU
		{6393A954-54C7-44C9-97A4-D4DB945DACE3}.Release-Xml|Any CPU.Build.0 = Release-Xml|Any CPU
	EndGlobalSection
	GlobalSection(SolutionProperties) = preSolution
		HideSolutionNode = FALSE
	EndGlobalSection
EndGlobal
