
Microsoft Visual Studio Solution File, Format Version 12.00
# Visual Studio 2012
Project("{FAE04EC0-301F-11D3-BF4B-00C04F79EFBC}") = "Connectors_2012", "Connectors_2012.csproj", "{BFF0F9C3-9679-477A-8DBC-9AE23A9A29FF}"
EndProject
Global
	GlobalSection(SolutionConfigurationPlatforms) = preSolution
		Debug|Any CPU = Debug|Any CPU
		Release|Any CPU = Release|Any CPU
		Release-Xml|Any CPU = Release-Xml|Any CPU
	EndGlobalSection
	GlobalSection(ProjectConfigurationPlatforms) = postSolution
		{BFF0F9C3-9679-477A-8DBC-9AE23A9A29FF}.Debug|Any CPU.ActiveCfg = Debug|Any CPU
		{BFF0F9C3-9679-477A-8DBC-9AE23A9A29FF}.Debug|Any CPU.Build.0 = Debug|Any CPU
		{BFF0F9C3-9679-477A-8DBC-9AE23A9A29FF}.Release|Any CPU.ActiveCfg = Release|Any CPU
		{BFF0F9C3-9679-477A-8DBC-9AE23A9A29FF}.Release|Any CPU.Build.0 = Release|Any CPU
		{BFF0F9C3-9679-477A-8DBC-9AE23A9A29FF}.Release-Xml|Any CPU.ActiveCfg = Release|Any CPU
		{BFF0F9C3-9679-477A-8DBC-9AE23A9A29FF}.Release-Xml|Any CPU.Build.0 = Release|Any CPU
	EndGlobalSection
	GlobalSection(SolutionProperties) = preSolution
		HideSolutionNode = FALSE
	EndGlobalSection
	GlobalSection(ExtensibilityGlobals) = postSolution
		SolutionGuid = {229A3F5C-F851-4270-A4BA-B44071B173A4}
	EndGlobalSection
EndGlobal
