
Microsoft Visual Studio Solution File, Format Version 12.00
# Visual Studio Version 16
VisualStudioVersion = 16.0.30114.105
MinimumVisualStudioVersion = 10.0.40219.1
Project("{FAE04EC0-301F-11D3-BF4B-00C04F79EFBC}") = "MultilineTabItem_2017", "MultilineTabItem_2017.csproj", "{F33390F5-4214-40C1-8A92-4DC00AD05906}"
EndProject
Global
	GlobalSection(SolutionConfigurationPlatforms) = preSolution
		Debug|Any CPU = Debug|Any CPU
		Release|Any CPU = Release|Any CPU
	EndGlobalSection
	GlobalSection(ProjectConfigurationPlatforms) = postSolution
		{F33390F5-4214-40C1-8A92-4DC00AD05906}.Debug|Any CPU.ActiveCfg = Debug|Any CPU
		{F33390F5-4214-40C1-8A92-4DC00AD05906}.Debug|Any CPU.Build.0 = Debug|Any CPU
		{F33390F5-4214-40C1-8A92-4DC00AD05906}.Release|Any CPU.ActiveCfg = Release|Any CPU
		{F33390F5-4214-40C1-8A92-4DC00AD05906}.Release|Any CPU.Build.0 = Release|Any CPU
	EndGlobalSection
	GlobalSection(SolutionProperties) = preSolution
		HideSolutionNode = FALSE
	EndGlobalSection
	GlobalSection(ExtensibilityGlobals) = postSolution
		SolutionGuid = {E7E8B603-6C36-4401-9076-B70BC9D95BBE}
	EndGlobalSection
EndGlobal
