
Microsoft Visual Studio Solution File, Format Version 12.00
# Visual Studio 2012
Project("{FAE04EC0-301F-11D3-BF4B-00C04F79EFBC}") = "DigitalSignature_2012", "DigitalSignature_2012.csproj", "{7205FA95-84D4-44E6-A80A-F8486822795F}"
EndProject
Global
	GlobalSection(SolutionConfigurationPlatforms) = preSolution
		Debug|Any CPU = Debug|Any CPU
		Release|Any CPU = Release|Any CPU
	EndGlobalSection
	GlobalSection(ProjectConfigurationPlatforms) = postSolution
		{7205FA95-84D4-44E6-A80A-F8486822795F}.Debug|Any CPU.ActiveCfg = Debug|Any CPU
		{7205FA95-84D4-44E6-A80A-F8486822795F}.Debug|Any CPU.Build.0 = Debug|Any CPU
		{7205FA95-84D4-44E6-A80A-F8486822795F}.Release|Any CPU.ActiveCfg = Release|Any CPU
		{7205FA95-84D4-44E6-A80A-F8486822795F}.Release|Any CPU.Build.0 = Release|Any CPU
	EndGlobalSection
	GlobalSection(SolutionProperties) = preSolution
		HideSolutionNode = FALSE
	EndGlobalSection
EndGlobal
