Microsoft Visual Studio Solution File, Format Version 12.00
# Visual Studio 2012
Project("{FAE04EC0-301F-11D3-BF4B-00C04F79EFBC}") = "syncfusion.formulaanalysis.wpf_lib_45", "syncfusion.formulaanalysis.wpf_lib_45.csproj", "{AE848DD3-BDA1-4D44-87C3-10DA78215F54}"
EndProject
Global
	GlobalSection(SolutionConfigurationPlatforms) = preSolution
		Debug|Any CPU = Debug|Any CPU
		Release|Any CPU = Release|Any CPU
	EndGlobalSection
	GlobalSection(ProjectConfigurationPlatforms) = postSolution
		{AE848DD3-BDA1-4D44-87C3-10DA78215F54}.Debug|Any CPU.ActiveCfg = Debug|Any CPU
		{AE848DD3-BDA1-4D44-87C3-10DA78215F54}.Debug|Any CPU.Build.0 = Debug|Any CPU
		{AE848DD3-BDA1-4D44-87C3-10DA78215F54}.Release|Any CPU.ActiveCfg = Release|Any CPU
		{AE848DD3-BDA1-4D44-87C3-10DA78215F54}.Release|Any CPU.Build.0 = Release|Any CPU
	EndGlobalSection
	GlobalSection(SolutionProperties) = preSolution
		HideSolutionNode = FALSE
	EndGlobalSection
	GlobalSection(ExtensibilityGlobals) = postSolution
		SolutionGuid = {4DB0519C-35F7-4FDE-9465-5AC4E830A91C}
	EndGlobalSection
EndGlobal
