Microsoft Visual Studio Solution File, Format Version 12.00
# Visual Studio Version 16
VisualStudioVersion = 16.0.29020.237
MinimumVisualStudioVersion = 10.0.40219.1
Project("{FAE04EC0-301F-11D3-BF4B-00C04F79EFBC}") = "FastRangeAreaChartDemo_NETCore", "FastRangeAreaChartDemo_NETCore.csproj", "{964F9A19-4879-41F8-A0F3-D4F7CB7D86A9}"
EndProject
Global
	GlobalSection(SolutionConfigurationPlatforms) = preSolution
		Debug|Any CPU = Debug|Any CPU
		Release|Any CPU = Release|Any CPU
		Release-Xml|Any CPU = Release-Xml|Any CPU
	EndGlobalSection
	GlobalSection(ProjectConfigurationPlatforms) = postSolution
		{964F9A19-4879-41F8-A0F3-D4F7CB7D86A9}.Debug|Any CPU.ActiveCfg = Debug|Any CPU
		{964F9A19-4879-41F8-A0F3-D4F7CB7D86A9}.Debug|Any CPU.Build.0 = Debug|Any CPU
		{964F9A19-4879-41F8-A0F3-D4F7CB7D86A9}.Release|Any CPU.ActiveCfg = Release|Any CPU
		{964F9A19-4879-41F8-A0F3-D4F7CB7D86A9}.Release|Any CPU.Build.0 = Release|Any CPU
		{964F9A19-4879-41F8-A0F3-D4F7CB7D86A9}.Release-Xml|Any CPU.ActiveCfg = Release|Any CPU
		{964F9A19-4879-41F8-A0F3-D4F7CB7D86A9}.Release-Xml|Any CPU.Build.0 = Release|Any CPU
	EndGlobalSection
	GlobalSection(SolutionProperties) = preSolution
		HideSolutionNode = FALSE
	EndGlobalSection
	GlobalSection(ExtensibilityGlobals) = postSolution
		SolutionGuid = {3EF1E0D1-7D73-4923-94B3-6AB11BD662AC}
	EndGlobalSection
EndGlobal
