
Microsoft Visual Studio Solution File, Format Version 12.00
# Visual Studio 2012
Project("{FAE04EC0-301F-11D3-BF4B-00C04F79EFBC}") = "RangeSlider_2012", "RangeSlider_2012.csproj", "{F714D3DF-9A4A-42E2-ABCC-CF488C9795D4}"
EndProject
Global
	GlobalSection(SolutionConfigurationPlatforms) = preSolution
		Debug|Any CPU = Debug|Any CPU
		Debug-Xml|Any CPU = Debug-Xml|Any CPU
		Release|Any CPU = Release|Any CPU
		Release-Xml|Any CPU = Release-Xml|Any CPU
	EndGlobalSection
	GlobalSection(ProjectConfigurationPlatforms) = postSolution
		{F714D3DF-9A4A-42E2-ABCC-CF488C9795D4}.Debug|Any CPU.ActiveCfg = Debug|Any CPU
		{F714D3DF-9A4A-42E2-ABCC-CF488C9795D4}.Debug|Any CPU.Build.0 = Debug|Any CPU
		{F714D3DF-9A4A-42E2-ABCC-CF488C9795D4}.Debug-Xml|Any CPU.ActiveCfg = Debug|Any CPU
		{F714D3DF-9A4A-42E2-ABCC-CF488C9795D4}.Debug-Xml|Any CPU.Build.0 = Debug|Any CPU
		{F714D3DF-9A4A-42E2-ABCC-CF488C9795D4}.Release|Any CPU.ActiveCfg = Release|Any CPU
		{F714D3DF-9A4A-42E2-ABCC-CF488C9795D4}.Release|Any CPU.Build.0 = Release|Any CPU
		{F714D3DF-9A4A-42E2-ABCC-CF488C9795D4}.Release-Xml|Any CPU.ActiveCfg = Release|Any CPU
		{F714D3DF-9A4A-42E2-ABCC-CF488C9795D4}.Release-Xml|Any CPU.Build.0 = Release|Any CPU
	EndGlobalSection
	GlobalSection(SolutionProperties) = preSolution
		HideSolutionNode = FALSE
	EndGlobalSection
EndGlobal
