
Microsoft Visual Studio Solution File, Format Version 12.00
# Visual Studio Version 16
VisualStudioVersion = 16.0.29613.14
MinimumVisualStudioVersion = 10.0.40219.1
Project("{FAE04EC0-301F-11D3-BF4B-00C04F79EFBC}") = "syncfusion.diagramdemos.wpf_47", "syncfusion.diagramdemos.wpf_47.csproj", "{67346167-9EB1-4EFA-85EB-70155B55ACC5}"
EndProject
Project("{FAE04EC0-301F-11D3-BF4B-00C04F79EFBC}") = "syncfusion.diagramdemos.wpf_lib_47", "syncfusion.diagramdemos.wpf_lib_47.csproj", "{98F42CA4-F1A9-48E1-8116-D68319141EA0}"
EndProject
Project("{FAE04EC0-301F-11D3-BF4B-00C04F79EFBC}") = "syncfusion.demoscommon.wpf_lib_47", "..\common\syncfusion.demoscommon.wpf_lib_47.csproj", "{9EF55CDB-ED67-4A06-BC2A-1F811F791191}"
EndProject
Global
	GlobalSection(SolutionConfigurationPlatforms) = preSolution
		Debug|Any CPU = Debug|Any CPU
		Release|Any CPU = Release|Any CPU
		Release-Xml|Any CPU = Release-Xml|Any CPU
	EndGlobalSection
	GlobalSection(ProjectConfigurationPlatforms) = postSolution
		{67346167-9EB1-4EFA-85EB-70155B55ACC5}.Debug|Any CPU.ActiveCfg = Debug|Any CPU
		{67346167-9EB1-4EFA-85EB-70155B55ACC5}.Debug|Any CPU.Build.0 = Debug|Any CPU
		{67346167-9EB1-4EFA-85EB-70155B55ACC5}.Release|Any CPU.ActiveCfg = Release|Any CPU
		{67346167-9EB1-4EFA-85EB-70155B55ACC5}.Release|Any CPU.Build.0 = Release|Any CPU
		{67346167-9EB1-4EFA-85EB-70155B55ACC5}.Release-Xml|Any CPU.ActiveCfg = Release|Any CPU
		{67346167-9EB1-4EFA-85EB-70155B55ACC5}.Release-Xml|Any CPU.Build.0 = Release|Any CPU
		{98F42CA4-F1A9-48E1-8116-D68319141EA0}.Debug|Any CPU.ActiveCfg = Debug|Any CPU
		{98F42CA4-F1A9-48E1-8116-D68319141EA0}.Debug|Any CPU.Build.0 = Debug|Any CPU
		{98F42CA4-F1A9-48E1-8116-D68319141EA0}.Release|Any CPU.ActiveCfg = Release|Any CPU
		{98F42CA4-F1A9-48E1-8116-D68319141EA0}.Release|Any CPU.Build.0 = Release|Any CPU
		{98F42CA4-F1A9-48E1-8116-D68319141EA0}.Release-Xml|Any CPU.ActiveCfg = Release|Any CPU
		{98F42CA4-F1A9-48E1-8116-D68319141EA0}.Release-Xml|Any CPU.Build.0 = Release|Any CPU
		{9EF55CDB-ED67-4A06-BC2A-1F811F791191}.Debug|Any CPU.ActiveCfg = Debug|Any CPU
		{9EF55CDB-ED67-4A06-BC2A-1F811F791191}.Debug|Any CPU.Build.0 = Debug|Any CPU
		{9EF55CDB-ED67-4A06-BC2A-1F811F791191}.Release|Any CPU.ActiveCfg = Release|Any CPU
		{9EF55CDB-ED67-4A06-BC2A-1F811F791191}.Release|Any CPU.Build.0 = Release|Any CPU
		{9EF55CDB-ED67-4A06-BC2A-1F811F791191}.Release-Xml|Any CPU.ActiveCfg = Release|Any CPU
		{9EF55CDB-ED67-4A06-BC2A-1F811F791191}.Release-Xml|Any CPU.Build.0 = Release|Any CPU
	EndGlobalSection
	GlobalSection(SolutionProperties) = preSolution
		HideSolutionNode = FALSE
	EndGlobalSection
	GlobalSection(ExtensibilityGlobals) = postSolution
		SolutionGuid = {A74CFCC4-EEA5-43AA-BB34-BEA887C54B23}
	EndGlobalSection
EndGlobal
