Microsoft Visual Studio Solution File, Format Version 12.00
# Visual Studio Version 16
VisualStudioVersion = 16.0.29020.237
MinimumVisualStudioVersion = 10.0.40219.1
Project("{9A19103F-16F7-4668-BE54-9A1E7A4F7556}") = "Localization_NETCore", "Localization_NETCore.csproj", "{B242198F-FBA7-43AC-9D07-E40B3FBF75A9}"
EndProject
Global
	GlobalSection(SolutionConfigurationPlatforms) = preSolution
		Debug|Any CPU = Debug|Any CPU
		Release|Any CPU = Release|Any CPU
	EndGlobalSection
	GlobalSection(ProjectConfigurationPlatforms) = postSolution
		{B242198F-FBA7-43AC-9D07-E40B3FBF75A9}.Debug|Any CPU.ActiveCfg = Debug|Any CPU
		{B242198F-FBA7-43AC-9D07-E40B3FBF75A9}.Debug|Any CPU.Build.0 = Debug|Any CPU
		{B242198F-FBA7-43AC-9D07-E40B3FBF75A9}.Release|Any CPU.ActiveCfg = Release|Any CPU
		{B242198F-FBA7-43AC-9D07-E40B3FBF75A9}.Release|Any CPU.Build.0 = Release|Any CPU
	EndGlobalSection
	GlobalSection(SolutionProperties) = preSolution
		HideSolutionNode = FALSE
	EndGlobalSection
	GlobalSection(ExtensibilityGlobals) = postSolution
		SolutionGuid = {66511BC3-2AE0-4FD6-B691-289F79180F5F}
	EndGlobalSection
EndGlobal
