
Microsoft Visual Studio Solution File, Format Version 12.00
# Visual Studio 14
Project("{FAE04EC0-301F-11D3-BF4B-00C04F79EFBC}") = "DocumentEditor_2015", "DocumentEditor_2015.csproj", "{8B5E623B-170B-44D7-B692-694741D70EE6}"
EndProject
Global
	GlobalSection(SolutionConfigurationPlatforms) = preSolution
		Debug|Any CPU = Debug|Any CPU
		Release|Any CPU = Release|Any CPU
	EndGlobalSection
	GlobalSection(ProjectConfigurationPlatforms) = postSolution
		{8B5E623B-170B-44D7-B692-694741D70EE6}.Debug|Any CPU.ActiveCfg = Debug|Any CPU
		{8B5E623B-170B-44D7-B692-694741D70EE6}.Debug|Any CPU.Build.0 = Debug|Any CPU
		{8B5E623B-170B-44D7-B692-694741D70EE6}.Release|Any CPU.ActiveCfg = Release|Any CPU
		{8B5E623B-170B-44D7-B692-694741D70EE6}.Release|Any CPU.Build.0 = Release|Any CPU
	EndGlobalSection
	GlobalSection(SolutionProperties) = preSolution
		HideSolutionNode = FALSE
	EndGlobalSection
EndGlobal
