
Microsoft Visual Studio Solution File, Format Version 11.00
# Visual Studio 2015
Project("{2150E333-8FDC-42A3-9474-1A3956D46DE8}") = "Data", "Data", "{21B3CE86-9026-48CC-BACF-7BADE5834AB6}"
EndProject
Project("{2150E333-8FDC-42A3-9474-1A3956D46DE8}") = "Modules", "Modules", "{EDA43013-C483-4794-8E87-DE201D2C74BC}"
EndProject
Project("{2150E333-8FDC-42A3-9474-1A3956D46DE8}") = "SyncfusionRegionAdapters", "SyncfusionRegionAdapters", "{C97265C5-FED6-430D-AFED-C6C689903F6A}"
EndProject
Project("{FAE04EC0-301F-11D3-BF4B-00C04F79EFBC}") = "PortfolioAnalyzer_2015", "PortfolioAnalyzer_2015.csproj", "{8CF427BE-CAA4-4D14-B2E3-F835BA1499EB}"
EndProject
Project("{FAE04EC0-301F-11D3-BF4B-00C04F79EFBC}") = "PortfolioAnalyzer.Data_2015", "PortfolioAnalyzer.Data\PortfolioAnalyzer.Data_2015.csproj", "{657B9D1D-7D8C-49A7-A5B7-B5967B3E6C5B}"
EndProject
Project("{FAE04EC0-301F-11D3-BF4B-00C04F79EFBC}") = "AccountsModule_2015", "AccountsModule\AccountsModule_2015.csproj", "{72D25A15-9C23-4710-8656-E1325C41B254}"
EndProject
Project("{FAE04EC0-301F-11D3-BF4B-00C04F79EFBC}") = "HistoryChartModule_2015", "HistoryChartModule\HistoryChartModule_2015.csproj", "{B5A0C00B-F34F-4910-85FE-31F302DBB73B}"
EndProject
Project("{FAE04EC0-301F-11D3-BF4B-00C04F79EFBC}") = "StockListModule_2015", "StockListModule\StockListModule_2015.csproj", "{D52206B1-C796-46CC-A7FD-5E3614BA9B3B}"
EndProject
Project("{FAE04EC0-301F-11D3-BF4B-00C04F79EFBC}") = "PortfolioGridModule_2015", "PortfolioGridModule\PortfolioGridModule_2015.csproj", "{BBE1D635-E894-4477-B6F5-8F1EF1BC7F0B}"
EndProject
Project("{FAE04EC0-301F-11D3-BF4B-00C04F79EFBC}") = "CountrySectorChartModule_2015", "CountrySectorChartModule\CountrySectorChartModule_2015.csproj", "{28D0FD4B-877E-4031-9354-8F8B172A55F4}"
EndProject
Project("{FAE04EC0-301F-11D3-BF4B-00C04F79EFBC}") = "Syncfusion.Composite.WPF_2015", "Syncfusion.Composite.WPF\Syncfusion.Composite.WPF_2015.csproj", "{20C1595F-CF88-4963-B811-E283F214B28F}"
EndProject
Project("{FAE04EC0-301F-11D3-BF4B-00C04F79EFBC}") = "PortfolioAnalyzer.Infrastructure_2015", "Portfolio.Infrastructure\PortfolioAnalyzer.Infrastructure_2015.csproj", "{69025673-AE7A-4FE2-9FED-3E80048158D2}"
EndProject
Project("{FAE04EC0-301F-11D3-BF4B-00C04F79EFBC}") = "RibbonModule_2015", "RibbonModule\RibbonModule_2015.csproj", "{6C3D4805-A446-43CE-ADD4-5823B9A7BE78}"
EndProject
Global
	GlobalSection(SolutionConfigurationPlatforms) = preSolution
		Debug|Any CPU = Debug|Any CPU
		Debug-Xml|Any CPU = Debug-Xml|Any CPU
		Release|Any CPU = Release|Any CPU
		Release-Xml|Any CPU = Release-Xml|Any CPU
	EndGlobalSection
	GlobalSection(ProjectConfigurationPlatforms) = postSolution
		{8CF427BE-CAA4-4D14-B2E3-F835BA1499EB}.Debug|Any CPU.ActiveCfg = Debug|Any CPU
		{8CF427BE-CAA4-4D14-B2E3-F835BA1499EB}.Debug|Any CPU.Build.0 = Debug|Any CPU
		{8CF427BE-CAA4-4D14-B2E3-F835BA1499EB}.Debug-Xml|Any CPU.ActiveCfg = Debug|Any CPU
		{8CF427BE-CAA4-4D14-B2E3-F835BA1499EB}.Debug-Xml|Any CPU.Build.0 = Debug|Any CPU
		{8CF427BE-CAA4-4D14-B2E3-F835BA1499EB}.Release|Any CPU.ActiveCfg = Release|Any CPU
		{8CF427BE-CAA4-4D14-B2E3-F835BA1499EB}.Release|Any CPU.Build.0 = Release|Any CPU
		{8CF427BE-CAA4-4D14-B2E3-F835BA1499EB}.Release-Xml|Any CPU.ActiveCfg = Release|Any CPU
		{8CF427BE-CAA4-4D14-B2E3-F835BA1499EB}.Release-Xml|Any CPU.Build.0 = Release|Any CPU
		{657B9D1D-7D8C-49A7-A5B7-B5967B3E6C5B}.Debug|Any CPU.ActiveCfg = Debug|Any CPU
		{657B9D1D-7D8C-49A7-A5B7-B5967B3E6C5B}.Debug|Any CPU.Build.0 = Debug|Any CPU
		{657B9D1D-7D8C-49A7-A5B7-B5967B3E6C5B}.Debug-Xml|Any CPU.ActiveCfg = Debug|Any CPU
		{657B9D1D-7D8C-49A7-A5B7-B5967B3E6C5B}.Debug-Xml|Any CPU.Build.0 = Debug|Any CPU
		{657B9D1D-7D8C-49A7-A5B7-B5967B3E6C5B}.Release|Any CPU.ActiveCfg = Release|Any CPU
		{657B9D1D-7D8C-49A7-A5B7-B5967B3E6C5B}.Release|Any CPU.Build.0 = Release|Any CPU
		{657B9D1D-7D8C-49A7-A5B7-B5967B3E6C5B}.Release-Xml|Any CPU.ActiveCfg = Release|Any CPU
		{657B9D1D-7D8C-49A7-A5B7-B5967B3E6C5B}.Release-Xml|Any CPU.Build.0 = Release|Any CPU
		{72D25A15-9C23-4710-8656-E1325C41B254}.Debug|Any CPU.ActiveCfg = Debug|Any CPU
		{72D25A15-9C23-4710-8656-E1325C41B254}.Debug|Any CPU.Build.0 = Debug|Any CPU
		{72D25A15-9C23-4710-8656-E1325C41B254}.Debug-Xml|Any CPU.ActiveCfg = Debug|Any CPU
		{72D25A15-9C23-4710-8656-E1325C41B254}.Debug-Xml|Any CPU.Build.0 = Debug|Any CPU
		{72D25A15-9C23-4710-8656-E1325C41B254}.Release|Any CPU.ActiveCfg = Release|Any CPU
		{72D25A15-9C23-4710-8656-E1325C41B254}.Release|Any CPU.Build.0 = Release|Any CPU
		{72D25A15-9C23-4710-8656-E1325C41B254}.Release-Xml|Any CPU.ActiveCfg = Release|Any CPU
		{72D25A15-9C23-4710-8656-E1325C41B254}.Release-Xml|Any CPU.Build.0 = Release|Any CPU
		{B5A0C00B-F34F-4910-85FE-31F302DBB73B}.Debug|Any CPU.ActiveCfg = Debug|Any CPU
		{B5A0C00B-F34F-4910-85FE-31F302DBB73B}.Debug|Any CPU.Build.0 = Debug|Any CPU
		{B5A0C00B-F34F-4910-85FE-31F302DBB73B}.Debug-Xml|Any CPU.ActiveCfg = Debug|Any CPU
		{B5A0C00B-F34F-4910-85FE-31F302DBB73B}.Debug-Xml|Any CPU.Build.0 = Debug|Any CPU
		{B5A0C00B-F34F-4910-85FE-31F302DBB73B}.Release|Any CPU.ActiveCfg = Release|Any CPU
		{B5A0C00B-F34F-4910-85FE-31F302DBB73B}.Release|Any CPU.Build.0 = Release|Any CPU
		{B5A0C00B-F34F-4910-85FE-31F302DBB73B}.Release-Xml|Any CPU.ActiveCfg = Release|Any CPU
		{B5A0C00B-F34F-4910-85FE-31F302DBB73B}.Release-Xml|Any CPU.Build.0 = Release|Any CPU
		{D52206B1-C796-46CC-A7FD-5E3614BA9B3B}.Debug|Any CPU.ActiveCfg = Debug|Any CPU
		{D52206B1-C796-46CC-A7FD-5E3614BA9B3B}.Debug|Any CPU.Build.0 = Debug|Any CPU
		{D52206B1-C796-46CC-A7FD-5E3614BA9B3B}.Debug-Xml|Any CPU.ActiveCfg = Debug|Any CPU
		{D52206B1-C796-46CC-A7FD-5E3614BA9B3B}.Debug-Xml|Any CPU.Build.0 = Debug|Any CPU
		{D52206B1-C796-46CC-A7FD-5E3614BA9B3B}.Release|Any CPU.ActiveCfg = Release|Any CPU
		{D52206B1-C796-46CC-A7FD-5E3614BA9B3B}.Release|Any CPU.Build.0 = Release|Any CPU
		{D52206B1-C796-46CC-A7FD-5E3614BA9B3B}.Release-Xml|Any CPU.ActiveCfg = Release|Any CPU
		{D52206B1-C796-46CC-A7FD-5E3614BA9B3B}.Release-Xml|Any CPU.Build.0 = Release|Any CPU
		{BBE1D635-E894-4477-B6F5-8F1EF1BC7F0B}.Debug|Any CPU.ActiveCfg = Debug|Any CPU
		{BBE1D635-E894-4477-B6F5-8F1EF1BC7F0B}.Debug|Any CPU.Build.0 = Debug|Any CPU
		{BBE1D635-E894-4477-B6F5-8F1EF1BC7F0B}.Debug-Xml|Any CPU.ActiveCfg = Debug|Any CPU
		{BBE1D635-E894-4477-B6F5-8F1EF1BC7F0B}.Debug-Xml|Any CPU.Build.0 = Debug|Any CPU
		{BBE1D635-E894-4477-B6F5-8F1EF1BC7F0B}.Release|Any CPU.ActiveCfg = Release|Any CPU
		{BBE1D635-E894-4477-B6F5-8F1EF1BC7F0B}.Release|Any CPU.Build.0 = Release|Any CPU
		{BBE1D635-E894-4477-B6F5-8F1EF1BC7F0B}.Release-Xml|Any CPU.ActiveCfg = Release|Any CPU
		{BBE1D635-E894-4477-B6F5-8F1EF1BC7F0B}.Release-Xml|Any CPU.Build.0 = Release|Any CPU
		{28D0FD4B-877E-4031-9354-8F8B172A55F4}.Debug|Any CPU.ActiveCfg = Debug|Any CPU
		{28D0FD4B-877E-4031-9354-8F8B172A55F4}.Debug|Any CPU.Build.0 = Debug|Any CPU
		{28D0FD4B-877E-4031-9354-8F8B172A55F4}.Debug-Xml|Any CPU.ActiveCfg = Debug|Any CPU
		{28D0FD4B-877E-4031-9354-8F8B172A55F4}.Debug-Xml|Any CPU.Build.0 = Debug|Any CPU
		{28D0FD4B-877E-4031-9354-8F8B172A55F4}.Release|Any CPU.ActiveCfg = Release|Any CPU
		{28D0FD4B-877E-4031-9354-8F8B172A55F4}.Release|Any CPU.Build.0 = Release|Any CPU
		{28D0FD4B-877E-4031-9354-8F8B172A55F4}.Release-Xml|Any CPU.ActiveCfg = Release|Any CPU
		{28D0FD4B-877E-4031-9354-8F8B172A55F4}.Release-Xml|Any CPU.Build.0 = Release|Any CPU
		{20C1595F-CF88-4963-B811-E283F214B28F}.Debug|Any CPU.ActiveCfg = Debug|Any CPU
		{20C1595F-CF88-4963-B811-E283F214B28F}.Debug|Any CPU.Build.0 = Debug|Any CPU
		{20C1595F-CF88-4963-B811-E283F214B28F}.Debug-Xml|Any CPU.ActiveCfg = Debug|Any CPU
		{20C1595F-CF88-4963-B811-E283F214B28F}.Debug-Xml|Any CPU.Build.0 = Debug|Any CPU
		{20C1595F-CF88-4963-B811-E283F214B28F}.Release|Any CPU.ActiveCfg = Release|Any CPU
		{20C1595F-CF88-4963-B811-E283F214B28F}.Release|Any CPU.Build.0 = Release|Any CPU
		{20C1595F-CF88-4963-B811-E283F214B28F}.Release-Xml|Any CPU.ActiveCfg = Release|Any CPU
		{20C1595F-CF88-4963-B811-E283F214B28F}.Release-Xml|Any CPU.Build.0 = Release|Any CPU
		{69025673-AE7A-4FE2-9FED-3E80048158D2}.Debug|Any CPU.ActiveCfg = Debug|Any CPU
		{69025673-AE7A-4FE2-9FED-3E80048158D2}.Debug|Any CPU.Build.0 = Debug|Any CPU
		{69025673-AE7A-4FE2-9FED-3E80048158D2}.Debug-Xml|Any CPU.ActiveCfg = Debug|Any CPU
		{69025673-AE7A-4FE2-9FED-3E80048158D2}.Debug-Xml|Any CPU.Build.0 = Debug|Any CPU
		{69025673-AE7A-4FE2-9FED-3E80048158D2}.Release|Any CPU.ActiveCfg = Release|Any CPU
		{69025673-AE7A-4FE2-9FED-3E80048158D2}.Release|Any CPU.Build.0 = Release|Any CPU
		{69025673-AE7A-4FE2-9FED-3E80048158D2}.Release-Xml|Any CPU.ActiveCfg = Release|Any CPU
		{69025673-AE7A-4FE2-9FED-3E80048158D2}.Release-Xml|Any CPU.Build.0 = Release|Any CPU
		{6C3D4805-A446-43CE-ADD4-5823B9A7BE78}.Debug|Any CPU.ActiveCfg = Debug|Any CPU
		{6C3D4805-A446-43CE-ADD4-5823B9A7BE78}.Debug|Any CPU.Build.0 = Debug|Any CPU
		{6C3D4805-A446-43CE-ADD4-5823B9A7BE78}.Debug-Xml|Any CPU.ActiveCfg = Debug|Any CPU
		{6C3D4805-A446-43CE-ADD4-5823B9A7BE78}.Debug-Xml|Any CPU.Build.0 = Debug|Any CPU
		{6C3D4805-A446-43CE-ADD4-5823B9A7BE78}.Release|Any CPU.ActiveCfg = Release|Any CPU
		{6C3D4805-A446-43CE-ADD4-5823B9A7BE78}.Release|Any CPU.Build.0 = Release|Any CPU
		{6C3D4805-A446-43CE-ADD4-5823B9A7BE78}.Release-Xml|Any CPU.ActiveCfg = Release|Any CPU
		{6C3D4805-A446-43CE-ADD4-5823B9A7BE78}.Release-Xml|Any CPU.Build.0 = Release|Any CPU
	EndGlobalSection
	GlobalSection(SolutionProperties) = preSolution
		HideSolutionNode = FALSE
	EndGlobalSection
	GlobalSection(NestedProjects) = preSolution
		{657B9D1D-7D8C-49A7-A5B7-B5967B3E6C5B} = {21B3CE86-9026-48CC-BACF-7BADE5834AB6}
		{72D25A15-9C23-4710-8656-E1325C41B254} = {EDA43013-C483-4794-8E87-DE201D2C74BC}
		{B5A0C00B-F34F-4910-85FE-31F302DBB73B} = {EDA43013-C483-4794-8E87-DE201D2C74BC}
		{D52206B1-C796-46CC-A7FD-5E3614BA9B3B} = {EDA43013-C483-4794-8E87-DE201D2C74BC}
		{BBE1D635-E894-4477-B6F5-8F1EF1BC7F0B} = {EDA43013-C483-4794-8E87-DE201D2C74BC}
		{28D0FD4B-877E-4031-9354-8F8B172A55F4} = {EDA43013-C483-4794-8E87-DE201D2C74BC}
		{6C3D4805-A446-43CE-ADD4-5823B9A7BE78} = {EDA43013-C483-4794-8E87-DE201D2C74BC}
		{20C1595F-CF88-4963-B811-E283F214B28F} = {C97265C5-FED6-430D-AFED-C6C689903F6A}
	EndGlobalSection
EndGlobal
