
Microsoft Visual Studio Solution File, Format Version 12.00
# Visual Studio Version 16
VisualStudioVersion = 16.0.29009.5
MinimumVisualStudioVersion = 10.0.40219.1
Project("{9A19103F-16F7-4668-BE54-9A1E7A4F7556}") = "Floor Planner_NETCore", "Floor Planner_NETCore.csproj", "{B67086B9-AD3D-4D18-904A-736F916EEB0A}"
EndProject
Project("{9A19103F-16F7-4668-BE54-9A1E7A4F7556}") = "DiagramFrontPageUtility_NETCore", "..\..\DiagramFrontPageUtility\DiagramFrontPageUtility\DiagramFrontPageUtility_NETCore.csproj", "{C47B01E5-F654-4363-8AF8-780FA910AA66}"
EndProject
Global
	GlobalSection(SolutionConfigurationPlatforms) = preSolution
		Debug|Any CPU = Debug|Any CPU
		Release|Any CPU = Release|Any CPU
	EndGlobalSection
	GlobalSection(ProjectConfigurationPlatforms) = postSolution
		{B67086B9-AD3D-4D18-904A-736F916EEB0A}.Debug|Any CPU.ActiveCfg = Debug|Any CPU
		{B67086B9-AD3D-4D18-904A-736F916EEB0A}.Debug|Any CPU.Build.0 = Debug|Any CPU
		{B67086B9-AD3D-4D18-904A-736F916EEB0A}.Release|Any CPU.ActiveCfg = Release|Any CPU
		{B67086B9-AD3D-4D18-904A-736F916EEB0A}.Release|Any CPU.Build.0 = Release|Any CPU
		{C47B01E5-F654-4363-8AF8-780FA910AA66}.Debug|Any CPU.ActiveCfg = Debug|Any CPU
		{C47B01E5-F654-4363-8AF8-780FA910AA66}.Debug|Any CPU.Build.0 = Debug|Any CPU
		{C47B01E5-F654-4363-8AF8-780FA910AA66}.Release|Any CPU.ActiveCfg = Release|Any CPU
		{C47B01E5-F654-4363-8AF8-780FA910AA66}.Release|Any CPU.Build.0 = Release|Any CPU
	EndGlobalSection
	GlobalSection(SolutionProperties) = preSolution
		HideSolutionNode = FALSE
	EndGlobalSection
	GlobalSection(ExtensibilityGlobals) = postSolution
		SolutionGuid = {E3152795-6392-4FB0-A1A0-9FFE29B33E1B}
	EndGlobalSection
EndGlobal
