
Microsoft Visual Studio Solution File, Format Version 12.00
# Visual Studio 2013
VisualStudioVersion = 12.0.31101.0
MinimumVisualStudioVersion = 10.0.40219.1
Project("{FAE04EC0-301F-11D3-BF4B-00C04F79EFBC}") = "Floor Planner_2013", "Floor Planner_2013.csproj", "{79E512BE-0CFC-4092-A526-964CBD8FEF10}"
EndProject
Project("{FAE04EC0-301F-11D3-BF4B-00C04F79EFBC}") = "DiagramFrontPageUtility_2013", "..\..\DiagramFrontPageUtility\DiagramFrontPageUtility\DiagramFrontPageUtility_2013.csproj", "{467B7A46-E94E-4748-90A3-DC5A8757A711}"
EndProject
Global
	GlobalSection(SolutionConfigurationPlatforms) = preSolution
		Debug|Any CPU = Debug|Any CPU
		Release|Any CPU = Release|Any CPU
	EndGlobalSection
	GlobalSection(ProjectConfigurationPlatforms) = postSolution
		{79E512BE-0CFC-4092-A526-964CBD8FEF10}.Debug|Any CPU.ActiveCfg = Debug|Any CPU
		{79E512BE-0CFC-4092-A526-964CBD8FEF10}.Debug|Any CPU.Build.0 = Debug|Any CPU
		{79E512BE-0CFC-4092-A526-964CBD8FEF10}.Release|Any CPU.ActiveCfg = Release|Any CPU
		{79E512BE-0CFC-4092-A526-964CBD8FEF10}.Release|Any CPU.Build.0 = Release|Any CPU
		{467B7A46-E94E-4748-90A3-DC5A8757A711}.Debug|Any CPU.ActiveCfg = Debug|Any CPU
		{467B7A46-E94E-4748-90A3-DC5A8757A711}.Debug|Any CPU.Build.0 = Debug|Any CPU
		{467B7A46-E94E-4748-90A3-DC5A8757A711}.Release|Any CPU.ActiveCfg = Release|Any CPU
		{467B7A46-E94E-4748-90A3-DC5A8757A711}.Release|Any CPU.Build.0 = Release|Any CPU
	EndGlobalSection
	GlobalSection(SolutionProperties) = preSolution
		HideSolutionNode = FALSE
	EndGlobalSection
EndGlobal
