
Microsoft Visual Studio Solution File, Format Version 13.00
# Visual Studio 2013
Project("{FAE04EC0-301F-11D3-BF4B-00C04F79EFBC}") = "CellFormatting_2013", "CellFormatting_2013.csproj", "{C249E935-B20F-46C1-949B-EB5664229850}"
EndProject
Global
	GlobalSection(SolutionConfigurationPlatforms) = preSolution
		Debug|x86 = Debug|x86
		Release|x86 = Release|x86
	EndGlobalSection
	GlobalSection(ProjectConfigurationPlatforms) = postSolution
		{C249E935-B20F-46C1-949B-EB5664229850}.Debug|x86.ActiveCfg = Debug|x86
		{C249E935-B20F-46C1-949B-EB5664229850}.Debug|x86.Build.0 = Debug|x86
		{C249E935-B20F-46C1-949B-EB5664229850}.Release|x86.ActiveCfg = Release|x86
		{C249E935-B20F-46C1-949B-EB5664229850}.Release|x86.Build.0 = Release|x86
	EndGlobalSection
	GlobalSection(SolutionProperties) = preSolution
		HideSolutionNode = FALSE
	EndGlobalSection
EndGlobal
