Microsoft Visual Studio Solution File, Format Version 12.00
# Visual Studio Version 16
VisualStudioVersion = 16.0.29020.237
MinimumVisualStudioVersion = 10.0.40219.1
Project("{FAE04EC0-301F-11D3-BF4B-00C04F79EFBC}") = "CurrencyTextBox_NETCore", "CurrencyTextBox_NETCore.csproj", "{AEFF6B8F-44D6-49B5-B2B0-A75012413EC0}"
EndProject
Global
	GlobalSection(SolutionConfigurationPlatforms) = preSolution
		Debug|Any CPU = Debug|Any CPU
		Release|Any CPU = Release|Any CPU
	EndGlobalSection
	GlobalSection(ProjectConfigurationPlatforms) = postSolution
		{AEFF6B8F-44D6-49B5-B2B0-A75012413EC0}.Debug|Any CPU.ActiveCfg = Debug|Any CPU
		{AEFF6B8F-44D6-49B5-B2B0-A75012413EC0}.Debug|Any CPU.Build.0 = Debug|Any CPU
		{AEFF6B8F-44D6-49B5-B2B0-A75012413EC0}.Release|Any CPU.ActiveCfg = Release|Any CPU
		{AEFF6B8F-44D6-49B5-B2B0-A75012413EC0}.Release|Any CPU.Build.0 = Release|Any CPU
	EndGlobalSection
	GlobalSection(SolutionProperties) = preSolution
		HideSolutionNode = FALSE
	EndGlobalSection
EndGlobal
