Microsoft Visual Studio Solution File, Format Version 13.00
# Visual Studio 14
Project("{FAE04EC0-301F-11D3-BF4B-00C04F79EFBC}") = "XPS to PDF_2015", "XPS to PDF_2015.csproj", "{DC85CBD0-9886-4448-AB2D-45281B4B7500}"
EndProject
Global
	GlobalSection(SolutionConfigurationPlatforms) = preSolution
		Debug|Any CPU = Debug|Any CPU
		Release|Any CPU = Release|Any CPU
	EndGlobalSection
	GlobalSection(ProjectConfigurationPlatforms) = postSolution
		{DC85CBD0-9886-4448-AB2D-45281B4B7500}.Debug|Any CPU.ActiveCfg = Debug|Any CPU
		{DC85CBD0-9886-4448-AB2D-45281B4B7500}.Debug|Any CPU.Build.0 = Debug|Any CPU
		{DC85CBD0-9886-4448-AB2D-45281B4B7500}.Release|Any CPU.ActiveCfg = Release|Any CPU
		{DC85CBD0-9886-4448-AB2D-45281B4B7500}.Release|Any CPU.Build.0 = Release|Any CPU
	EndGlobalSection
	GlobalSection(SolutionProperties) = preSolution
		HideSolutionNode = FALSE
	EndGlobalSection
EndGlobal
