
Microsoft Visual Studio Solution File, Format Version 12.00
# Visual Studio Version 16
VisualStudioVersion = 16.0.29324.140
MinimumVisualStudioVersion = 10.0.40219.1
Project("{FAE04EC0-301F-11D3-BF4B-00C04F79EFBC}") = "syncfusion.ganttdemos.wpf_47", "syncfusion.ganttdemos.wpf_47.csproj", "{9B74D92A-F42C-4BF1-B0A5-DCDE9BF7E779}"
EndProject
Project("{FAE04EC0-301F-11D3-BF4B-00C04F79EFBC}") = "syncfusion.demoscommon.wpf_lib_47", "..\common\syncfusion.demoscommon.wpf_lib_47.csproj", "{9EF55CDB-ED67-4A06-BC2A-1F811F791191}"
EndProject
Project("{FAE04EC0-301F-11D3-BF4B-00C04F79EFBC}") = "syncfusion.ganttdemos.wpf_lib_47", "syncfusion.ganttdemos.wpf_lib_47.csproj", "{552A5E53-6023-429D-8BDD-28EA74A998CE}"
EndProject
Global
	GlobalSection(SolutionConfigurationPlatforms) = preSolution
		Debug|Any CPU = Debug|Any CPU
		Release|Any CPU = Release|Any CPU
	EndGlobalSection
	GlobalSection(ProjectConfigurationPlatforms) = postSolution
		{9B74D92A-F42C-4BF1-B0A5-DCDE9BF7E779}.Debug|Any CPU.ActiveCfg = Debug|Any CPU
		{9B74D92A-F42C-4BF1-B0A5-DCDE9BF7E779}.Debug|Any CPU.Build.0 = Debug|Any CPU
		{9B74D92A-F42C-4BF1-B0A5-DCDE9BF7E779}.Release|Any CPU.ActiveCfg = Release|Any CPU
		{9B74D92A-F42C-4BF1-B0A5-DCDE9BF7E779}.Release|Any CPU.Build.0 = Release|Any CPU
		{9EF55CDB-ED67-4A06-BC2A-1F811F791191}.Debug|Any CPU.ActiveCfg = Debug|Any CPU
		{9EF55CDB-ED67-4A06-BC2A-1F811F791191}.Debug|Any CPU.Build.0 = Debug|Any CPU
		{9EF55CDB-ED67-4A06-BC2A-1F811F791191}.Release|Any CPU.ActiveCfg = Release|Any CPU
		{9EF55CDB-ED67-4A06-BC2A-1F811F791191}.Release|Any CPU.Build.0 = Release|Any CPU
		{552A5E53-6023-429D-8BDD-28EA74A998CE}.Debug|Any CPU.ActiveCfg = Debug|Any CPU
		{552A5E53-6023-429D-8BDD-28EA74A998CE}.Debug|Any CPU.Build.0 = Debug|Any CPU
		{552A5E53-6023-429D-8BDD-28EA74A998CE}.Release|Any CPU.ActiveCfg = Release|Any CPU
		{552A5E53-6023-429D-8BDD-28EA74A998CE}.Release|Any CPU.Build.0 = Release|Any CPU
	EndGlobalSection
	GlobalSection(SolutionProperties) = preSolution
		HideSolutionNode = FALSE
	EndGlobalSection
	GlobalSection(ExtensibilityGlobals) = postSolution
		SolutionGuid = {F63209FD-3F26-4196-A153-EF3024474E2C}
	EndGlobalSection
EndGlobal
