
Microsoft Visual Studio Solution File, Format Version 12.00
# Visual Studio 2012
Project("{FAE04EC0-301F-11D3-BF4B-00C04F79EFBC}") = "Export_2012", "Export_2012.csproj", "{6EF3ED5D-D9B9-43C1-B98F-5D5F04F531D0}"
EndProject
Global
	GlobalSection(SolutionConfigurationPlatforms) = preSolution
		Debug|Any CPU = Debug|Any CPU
		Release|Any CPU = Release|Any CPU
	EndGlobalSection
	GlobalSection(ProjectConfigurationPlatforms) = postSolution
		{6EF3ED5D-D9B9-43C1-B98F-5D5F04F531D0}.Debug|Any CPU.ActiveCfg = Debug|Any CPU
		{6EF3ED5D-D9B9-43C1-B98F-5D5F04F531D0}.Debug|Any CPU.Build.0 = Debug|Any CPU
		{6EF3ED5D-D9B9-43C1-B98F-5D5F04F531D0}.Release|Any CPU.ActiveCfg = Release|Any CPU
		{6EF3ED5D-D9B9-43C1-B98F-5D5F04F531D0}.Release|Any CPU.Build.0 = Release|Any CPU
	EndGlobalSection
	GlobalSection(SolutionProperties) = preSolution
		HideSolutionNode = FALSE
	EndGlobalSection
	GlobalSection(ExtensibilityGlobals) = postSolution
		SolutionGuid = {01806205-9D50-45C8-A766-967FAB38C272}
	EndGlobalSection
EndGlobal
