Microsoft Visual Studio Solution File, Format Version 12.00
# Visual Studio Version 16
VisualStudioVersion = 16.0.29020.237
MinimumVisualStudioVersion = 10.0.40219.1
Project("{9A19103F-16F7-4668-BE54-9A1E7A4F7556}") = "TreeViewBinding_NETCore", "TreeViewBinding_NETCore.csproj", "{93D67281-1852-437F-9105-5A15204C7DAA}"
EndProject
Global
	GlobalSection(SolutionConfigurationPlatforms) = preSolution
		Debug|x86 = Debug|x86
		Release|x86 = Release|x86
	EndGlobalSection
	GlobalSection(ProjectConfigurationPlatforms) = postSolution
		{93D67281-1852-437F-9105-5A15204C7DAA}.Debug|x86.ActiveCfg = Debug|Any CPU
		{93D67281-1852-437F-9105-5A15204C7DAA}.Debug|x86.Build.0 = Debug|Any CPU
		{93D67281-1852-437F-9105-5A15204C7DAA}.Release|x86.ActiveCfg = Release|Any CPU
		{93D67281-1852-437F-9105-5A15204C7DAA}.Release|x86.Build.0 = Release|Any CPU
	EndGlobalSection
	GlobalSection(SolutionProperties) = preSolution
		HideSolutionNode = FALSE
	EndGlobalSection
	GlobalSection(ExtensibilityGlobals) = postSolution
		SolutionGuid = {069E0DE1-81A8-4E63-BE3B-EB14AA98EB86}
	EndGlobalSection
EndGlobal
