
Microsoft Visual Studio Solution File, Format Version 11.00
# Visual Studio 2010
Project("{FAE04EC0-301F-11D3-BF4B-00C04F79EFBC}") = "DoughnutChartDemo_2010", "DoughnutChartDemo_2010.csproj", "{DFB2A0F8-A145-42D4-9C72-D36BFF0242EB}"
EndProject
Global
	GlobalSection(SolutionConfigurationPlatforms) = preSolution
		Debug|Any CPU = Debug|Any CPU
		Release|Any CPU = Release|Any CPU
	EndGlobalSection
	GlobalSection(ProjectConfigurationPlatforms) = postSolution
		{DFB2A0F8-A145-42D4-9C72-D36BFF0242EB}.Debug|Any CPU.ActiveCfg = Debug|Any CPU
		{DFB2A0F8-A145-42D4-9C72-D36BFF0242EB}.Debug|Any CPU.Build.0 = Debug|Any CPU
		{DFB2A0F8-A145-42D4-9C72-D36BFF0242EB}.Release|Any CPU.ActiveCfg = Release|Any CPU
		{DFB2A0F8-A145-42D4-9C72-D36BFF0242EB}.Release|Any CPU.Build.0 = Release|Any CPU
	EndGlobalSection
	GlobalSection(SolutionProperties) = preSolution
		HideSolutionNode = FALSE
	EndGlobalSection
EndGlobal
