Microsoft Visual Studio Solution File, Format Version 12.00
# Visual Studio Version 16
VisualStudioVersion = 16.0.29020.237
MinimumVisualStudioVersion = 10.0.40219.1
Project("{FAE04EC0-301F-11D3-BF4B-00C04F79EFBC}") = "SplineRangeAreaChartDemo_NETCore", "SplineRangeAreaChartDemo_NETCore.csproj", "{84FB9D42-F7BB-4ABB-AEE6-C5D44BAEC42C}"
EndProject
Global
	GlobalSection(SolutionConfigurationPlatforms) = preSolution
		Debug|Any CPU = Debug|Any CPU
		Release|Any CPU = Release|Any CPU
	EndGlobalSection
	GlobalSection(ProjectConfigurationPlatforms) = postSolution
		{84FB9D42-F7BB-4ABB-AEE6-C5D44BAEC42C}.Debug|Any CPU.ActiveCfg = Debug|Any CPU
		{84FB9D42-F7BB-4ABB-AEE6-C5D44BAEC42C}.Debug|Any CPU.Build.0 = Debug|Any CPU
		{84FB9D42-F7BB-4ABB-AEE6-C5D44BAEC42C}.Release|Any CPU.ActiveCfg = Release|Any CPU
		{84FB9D42-F7BB-4ABB-AEE6-C5D44BAEC42C}.Release|Any CPU.Build.0 = Release|Any CPU
	EndGlobalSection
	GlobalSection(SolutionProperties) = preSolution
		HideSolutionNode = FALSE
	EndGlobalSection
	GlobalSection(ExtensibilityGlobals) = postSolution
		SolutionGuid = {C983E671-8F35-4175-B63B-17BE6BD87C7D}
	EndGlobalSection
EndGlobal
