
Microsoft Visual Studio Solution File, Format Version 12.00
# Visual Studio 2012
Project("{FAE04EC0-301F-11D3-BF4B-00C04F79EFBC}") = "InsertingImage", "InsertingImage_2012.csproj", "{D0A5449F-89C6-40D8-926C-6EB464873765}"
EndProject
Global
	GlobalSection(SolutionConfigurationPlatforms) = preSolution
		Debug|Any CPU = Debug|Any CPU
		Release|Any CPU = Release|Any CPU
	EndGlobalSection
	GlobalSection(ProjectConfigurationPlatforms) = postSolution
		{D0A5449F-89C6-40D8-926C-6EB464873765}.Debug|Any CPU.ActiveCfg = Debug|Any CPU
		{D0A5449F-89C6-40D8-926C-6EB464873765}.Debug|Any CPU.Build.0 = Debug|Any CPU
		{D0A5449F-89C6-40D8-926C-6EB464873765}.Release|Any CPU.ActiveCfg = Release|Any CPU
		{D0A5449F-89C6-40D8-926C-6EB464873765}.Release|Any CPU.Build.0 = Release|Any CPU
	EndGlobalSection
	GlobalSection(SolutionProperties) = preSolution
		HideSolutionNode = FALSE
	EndGlobalSection
EndGlobal
