
Microsoft Visual Studio Solution File, Format Version 12.00
# Visual Studio Version 16
VisualStudioVersion = 16.0.29009.5
MinimumVisualStudioVersion = 10.0.40219.1
Project("{FAE04EC0-301F-11D3-BF4B-00C04F79EFBC}") = "SuccinitySeries_NETCore", "SuccinitySeries_NETCore.csproj", "{59348E13-3601-4F3A-B913-EC14CD966F52}"
EndProject
Global
	GlobalSection(SolutionConfigurationPlatforms) = preSolution
		Debug|x86 = Debug|x86
		Release|x86 = Release|x86
	EndGlobalSection
	GlobalSection(ProjectConfigurationPlatforms) = postSolution
		{59348E13-3601-4F3A-B913-EC14CD966F52}.Debug|x86.ActiveCfg = Debug|Any CPU
		{59348E13-3601-4F3A-B913-EC14CD966F52}.Debug|x86.Build.0 = Debug|Any CPU
		{59348E13-3601-4F3A-B913-EC14CD966F52}.Release|x86.ActiveCfg = Release|Any CPU
		{59348E13-3601-4F3A-B913-EC14CD966F52}.Release|x86.Build.0 = Release|Any CPU
	EndGlobalSection
	GlobalSection(SolutionProperties) = preSolution
		HideSolutionNode = FALSE
	EndGlobalSection
	GlobalSection(ExtensibilityGlobals) = postSolution
		SolutionGuid = {3DB93D8D-5349-4CBB-ABB4-66870D2333E6}
	EndGlobalSection
EndGlobal
