
Microsoft Visual Studio Solution File, Format Version 12.00
# Visual Studio 2013
Project("{FAE04EC0-301F-11D3-BF4B-00C04F79EFBC}") = "Scatter Chart Demo_2013", "ScatterChartDemo_2013.csproj", "{C155149F-D513-499E-887A-8F3FA7DE5F47}"
EndProject
Global
	GlobalSection(SolutionConfigurationPlatforms) = preSolution
		Debug|Any CPU = Debug|Any CPU
		Release|Any CPU = Release|Any CPU
	EndGlobalSection
	GlobalSection(ProjectConfigurationPlatforms) = postSolution
		{C155149F-D513-499E-887A-8F3FA7DE5F47}.Debug|Any CPU.ActiveCfg = Debug|Any CPU
		{C155149F-D513-499E-887A-8F3FA7DE5F47}.Debug|Any CPU.Build.0 = Debug|Any CPU
		{C155149F-D513-499E-887A-8F3FA7DE5F47}.Release|Any CPU.ActiveCfg = Release|Any CPU
		{C155149F-D513-499E-887A-8F3FA7DE5F47}.Release|Any CPU.Build.0 = Release|Any CPU
	EndGlobalSection
	GlobalSection(SolutionProperties) = preSolution
		HideSolutionNode = FALSE
	EndGlobalSection
EndGlobal
