
Microsoft Visual Studio Solution File, Format Version 12.00
# Visual Studio 14
VisualStudioVersion = 14.0.23103.0
MinimumVisualStudioVersion = 10.0.40219.1
Project("{FAE04EC0-301F-11D3-BF4B-00C04F79EFBC}") = "StylingDemo_2015", "StylingDemo_2015.csproj", "{F3A28D74-F193-449B-962C-027D2D07203F}"
EndProject
Global
	GlobalSection(SolutionConfigurationPlatforms) = preSolution
		Debug|Any CPU = Debug|Any CPU
		Release|Any CPU = Release|Any CPU
	EndGlobalSection
	GlobalSection(ProjectConfigurationPlatforms) = postSolution
		{F3A28D74-F193-449B-962C-027D2D07203F}.Debug|Any CPU.ActiveCfg = Debug|Any CPU
		{F3A28D74-F193-449B-962C-027D2D07203F}.Debug|Any CPU.Build.0 = Debug|Any CPU
		{F3A28D74-F193-449B-962C-027D2D07203F}.Release|Any CPU.ActiveCfg = Release|Any CPU
		{F3A28D74-F193-449B-962C-027D2D07203F}.Release|Any CPU.Build.0 = Release|Any CPU
	EndGlobalSection
	GlobalSection(SolutionProperties) = preSolution
		HideSolutionNode = FALSE
	EndGlobalSection
EndGlobal
